
Microsoft Visual Studio Solution File, Format Version 12.00
# Visual Studio Version 17
VisualStudioVersion = 17.5.33424.131
MinimumVisualStudioVersion = 10.0.40219.1
Project("{8BC9CEB8-8B4A-11D0-8D11-00A0C91BC942}") = "001_AR47Start", "001_AR47Start\001_AR47Start.vcxproj", "{9E1C9C73-18C2-4070-92F5-1EE928D90765}"
EndProject
Project("{8BC9CEB8-8B4A-11D0-8D11-00A0C91BC942}") = "002_compaile", "002_compaile\002_compaile.vcxproj", "{67DC1219-C8D5-4C06-8DE3-ADA0CD4CB6E9}"
EndProject
Project("{8BC9CEB8-8B4A-11D0-8D11-00A0C91BC942}") = "004_Var", "004_Var\004_Var.vcxproj", "{23CA4D57-D1AD-403C-95B5-79AD45304E1A}"
EndProject
Project("{8BC9CEB8-8B4A-11D0-8D11-00A0C91BC942}") = "005_Operator000", "005_Operator000\005_Operator000.vcxproj", "{96780344-FF6B-49FA-A98F-056CAEA8271E}"
EndProject
Project("{8BC9CEB8-8B4A-11D0-8D11-00A0C91BC942}") = "006_InitOrCapy", "006_InitOrCapy\006_InitOrCapy.vcxproj", "{47745374-34CB-4804-845E-6F807907938A}"
EndProject
Project("{8BC9CEB8-8B4A-11D0-8D11-00A0C91BC942}") = "007_Operator001", "007_Operator001\007_Operator001.vcxproj", "{27AF4A63-DEC5-49CA-86A6-91FFFCB7D6F5}"
EndProject
Project("{8BC9CEB8-8B4A-11D0-8D11-00A0C91BC942}") = "003_MainFunction", "003_MainFunction\003_MainFunction.vcxproj", "{96A423D5-D15F-4EB8-972C-B633498DABF3}"
EndProject
Project("{8BC9CEB8-8B4A-11D0-8D11-00A0C91BC942}") = "008_bit", "008_bit\008_bit.vcxproj", "{9C142676-4224-44C4-BC32-5FF1ED3BBAAF}"
EndProject
Project("{8BC9CEB8-8B4A-11D0-8D11-00A0C91BC942}") = "009_Semicolon", "009_Semicolon\009_Semicolon.vcxproj", "{9018D7DB-2DF8-409A-88BB-8B3139B62349}"
EndProject
Project("{8BC9CEB8-8B4A-11D0-8D11-00A0C91BC942}") = "010_Operator002", "010_Operator002\010_Operator002.vcxproj", "{1F54CB8F-19F6-4AE3-A2E2-0ECE634631C5}"
EndProject
Project("{8BC9CEB8-8B4A-11D0-8D11-00A0C91BC942}") = "011_Operator004", "011_Operator004\011_Operator004.vcxproj", "{8A69FFD9-072D-4A50-99DC-0153591DDD37}"
EndProject
Project("{8BC9CEB8-8B4A-11D0-8D11-00A0C91BC942}") = "012_FunctionAndMemory", "012_FunctionAndMemory\012_FunctionAndMemory.vcxproj", "{78D9B971-66D7-4C35-A099-DCEA933361EE}"
EndProject
Project("{8BC9CEB8-8B4A-11D0-8D11-00A0C91BC942}") = "013_Function", "013_Function\013_Function.vcxproj", "{BA821C6A-30A9-4B86-8767-C95D6084735D}"
EndProject
Project("{8BC9CEB8-8B4A-11D0-8D11-00A0C91BC942}") = "014_Unsigned", "014_Unsigned\014_Unsigned.vcxproj", "{4387384D-FD55-4486-A403-F2A3A14A65BE}"
EndProject
Project("{8BC9CEB8-8B4A-11D0-8D11-00A0C91BC942}") = "015_Charactor", "015_Charactor\015_Charactor.vcxproj", "{C16F1ABB-3C84-421F-A376-F957BCD1373B}"
EndProject
Project("{8BC9CEB8-8B4A-11D0-8D11-00A0C91BC942}") = "016_ArrayToString", "016_ArrayToString\016_ArrayToString.vcxproj", "{77BB987C-E193-44AB-BBC9-B990247866CF}"
EndProject
Project("{8BC9CEB8-8B4A-11D0-8D11-00A0C91BC942}") = "017_Printf", "017_Printf\017_Printf.vcxproj", "{3AEC73AA-C8E1-48A4-82DA-0F7B630E0E7F}"
EndProject
Project("{8BC9CEB8-8B4A-11D0-8D11-00A0C91BC942}") = "018_const", "018_const\018_const.vcxproj", "{12F46F0A-A827-4AE5-BD4E-FA17AD7F9DE1}"
EndProject
Project("{8BC9CEB8-8B4A-11D0-8D11-00A0C91BC942}") = "019_inline", "019_inline\019_inline.vcxproj", "{483DF315-6006-4238-A1D3-58AA9388E5D2}"
EndProject
Project("{8BC9CEB8-8B4A-11D0-8D11-00A0C91BC942}") = "000_CodeTestField", "000_CodeTestField\000_CodeTestField.vcxproj", "{29C76298-427A-46F7-A94B-754DB7EE91C5}"
EndProject
Project("{8BC9CEB8-8B4A-11D0-8D11-00A0C91BC942}") = "029_Variableargument", "029_Variableargument\029_Variableargument.vcxproj", "{C96521C8-A480-4124-BA29-FDC50089D8DA}"
EndProject
Project("{8BC9CEB8-8B4A-11D0-8D11-00A0C91BC942}") = "030_PointerOperator000", "030_PointerOperator000\030_PointerOperator000.vcxproj", "{B7C50D96-36CB-4623-864F-172278AEDEB7}"
EndProject
Project("{8BC9CEB8-8B4A-11D0-8D11-00A0C91BC942}") = "031_If", "031_If\031_If.vcxproj", "{67CAAEFC-2038-483D-8DC0-091608E9C749}"
EndProject
Project("{8BC9CEB8-8B4A-11D0-8D11-00A0C91BC942}") = "032_Switch", "032_Switch\032_Switch.vcxproj", "{7CE1B01A-5A07-4923-BC46-BEA7FD85C2DB}"
EndProject
Project("{8BC9CEB8-8B4A-11D0-8D11-00A0C91BC942}") = "HomeWork0317", "HomeWork0317\HomeWork0317.vcxproj", "{D34BDAF3-4A88-47F0-ABB5-DB88197B8F80}"
EndProject
Project("{8BC9CEB8-8B4A-11D0-8D11-00A0C91BC942}") = "034_Random", "034_Random\034_Random.vcxproj", "{351B0115-A458-498A-BC2D-B945ADD1F2EF}"
EndProject
Project("{2150E333-8FDC-42A3-9474-1A3956D46DE8}") = "HomeWork", "HomeWork", "{1325C870-DF20-4B5F-B99B-5F2C50A24407}"
EndProject
Project("{8BC9CEB8-8B4A-11D0-8D11-00A0C91BC942}") = "033_MyPrintf", "033_MyPrintf\033_MyPrintf.vcxproj", "{24FD1436-AE67-4C6F-AB7C-94BFF1D2C183}"
EndProject
Project("{8BC9CEB8-8B4A-11D0-8D11-00A0C91BC942}") = "035_For", "035_For\035_For.vcxproj", "{69B2B504-789A-4F7A-9A39-F129DCCFF3BE}"
EndProject
Project("{8BC9CEB8-8B4A-11D0-8D11-00A0C91BC942}") = "036_Global", "036_Global\036_Global.vcxproj", "{D116DB1B-2F02-471B-A750-932739335582}"
EndProject
Project("{8BC9CEB8-8B4A-11D0-8D11-00A0C91BC942}") = "037_typedef", "037_typedef\037_typedef.vcxproj", "{A6F69577-F039-4FC8-8C03-2EAC2311649A}"
EndProject
Project("{8BC9CEB8-8B4A-11D0-8D11-00A0C91BC942}") = "038_Class", "038_Class\038_Class.vcxproj", "{0CD0EE06-FEF1-4183-A961-1B4D504F94A0}"
EndProject
Project("{8BC9CEB8-8B4A-11D0-8D11-00A0C91BC942}") = "039_BreakAndContinue", "039_BreakAndContinue\039_BreakAndContinue.vcxproj", "{EED95ECF-9F12-48F0-89D2-14CBA184CFF9}"
EndProject
Project("{8BC9CEB8-8B4A-11D0-8D11-00A0C91BC942}") = "041_Class002", "041_Class002\041_Class002.vcxproj", "{D71C535E-3D3C-4E1B-BE62-89724BDD00E1}"
EndProject
Project("{8BC9CEB8-8B4A-11D0-8D11-00A0C91BC942}") = "041_Class003_Struct", "041_Class003_Struct\041_Class003_Struct.vcxproj", "{DBFDFE04-7D6F-4F85-96EC-E3E84ACB4B10}"
EndProject
Project("{8BC9CEB8-8B4A-11D0-8D11-00A0C91BC942}") = "HomeWork0321", "HomeWork0321\HomeWork0321.vcxproj", "{3D4C9C72-6862-4340-8621-3D63BA15D76F}"
EndProject
Project("{2150E333-8FDC-42A3-9474-1A3956D46DE8}") = "ETC", "ETC", "{6D03BDBF-8106-4282-8A0C-2C30C4299E64}"
EndProject
Project("{8BC9CEB8-8B4A-11D0-8D11-00A0C91BC942}") = "RandomHomeWork", "RandomHomeWork\RandomHomeWork.vcxproj", "{0DFEBB3B-CC7A-4087-96AC-4F680BCB0C8B}"
EndProject
Project("{8BC9CEB8-8B4A-11D0-8D11-00A0C91BC942}") = "043_Arr2d", "043_Arr2d\043_Arr2d.vcxproj", "{7772E96E-045F-4452-928E-F30A67B90BDE}"
EndProject
Project("{8BC9CEB8-8B4A-11D0-8D11-00A0C91BC942}") = "042_Class003_Struct", "042_Class003_Struct\042_Class003_Struct.vcxproj", "{47A5E681-2F01-4163-93B2-AFFF2B372C09}"
EndProject
Project("{8BC9CEB8-8B4A-11D0-8D11-00A0C91BC942}") = "044_Member", "044_Member\044_Member.vcxproj", "{5B09F69E-DF0A-4DD2-ABD7-946AF265780F}"
EndProject
Project("{8BC9CEB8-8B4A-11D0-8D11-00A0C91BC942}") = "045_NameSpace", "045_NameSpace\045_NameSpace.vcxproj", "{F4AAF196-0C95-49E1-966A-060A7AEA9145}"
EndProject
Project("{8BC9CEB8-8B4A-11D0-8D11-00A0C91BC942}") = "046_BytePadding", "046_BytePadding\046_BytePadding.vcxproj", "{8F490274-C0A1-4B22-AE7A-14B499FA03A2}"
EndProject
Project("{8BC9CEB8-8B4A-11D0-8D11-00A0C91BC942}") = "047_ClassConstructer", "047_ClassConstructer\047_ClassConstructer.vcxproj", "{2635CEA8-0ECA-490D-B223-6BCB47131027}"
EndProject
Project("{8BC9CEB8-8B4A-11D0-8D11-00A0C91BC942}") = "048_This", "048_This\048_This.vcxproj", "{F98A7579-238A-4263-B711-C8C4A141967C}"
EndProject
Project("{8BC9CEB8-8B4A-11D0-8D11-00A0C91BC942}") = "050_ClassOperation", "050_ClassOperation\050_ClassOperation.vcxproj", "{7EBAC6AA-D4D4-465F-A1F1-CA833151BC28}"
EndProject
Project("{8BC9CEB8-8B4A-11D0-8D11-00A0C91BC942}") = "HomeWork0323", "HomeWork0323\HomeWork0323.vcxproj", "{E58C51F5-F554-414B-94FA-D527404A43BA}"
EndProject
Project("{8BC9CEB8-8B4A-11D0-8D11-00A0C91BC942}") = "051_ClassParameter", "051_ClassParameter\051_ClassParameter.vcxproj", "{B62C2D69-9946-4774-887A-FA8AC1477E46}"
EndProject
Project("{8BC9CEB8-8B4A-11D0-8D11-00A0C91BC942}") = "HomeWork0324", "HomeWork0324\HomeWork0324.vcxproj", "{0E5F6B52-7A8D-4E3C-8959-1CFF5313ECE0}"
EndProject
Project("{8BC9CEB8-8B4A-11D0-8D11-00A0C91BC942}") = "051_ClassConst", "051_ClassConst\051_ClassConst.vcxproj", "{02293939-678A-4C8E-B4B2-659502C911D7}"
EndProject
Project("{8BC9CEB8-8B4A-11D0-8D11-00A0C91BC942}") = "052_GlobalValue", "052_GlobalValue\052_GlobalValue.vcxproj", "{697BDEB8-E9E4-4D81-B0E0-8A36E621EAE0}"
EndProject
Project("{8BC9CEB8-8B4A-11D0-8D11-00A0C91BC942}") = "HomeWork0327", "HomeWork0327\HomeWork0327.vcxproj", "{4D098DD4-D80F-4D50-AA06-35DCAD330F70}"
EndProject
Project("{8BC9CEB8-8B4A-11D0-8D11-00A0C91BC942}") = "053_FunctionOverloading", "053_FunctionOverloading\053_FunctionOverloading.vcxproj", "{95E40490-16A6-4A74-B308-38A44E34DB47}"
EndProject
Project("{8BC9CEB8-8B4A-11D0-8D11-00A0C91BC942}") = "054_declaration", "054_declaration\054_declaration.vcxproj", "{05E0C8E8-48E4-49C1-B711-8E97733526C0}"
EndProject
Project("{8BC9CEB8-8B4A-11D0-8D11-00A0C91BC942}") = "055_ClassDeclaration", "055_ClassDeclaration\055_ClassDeclaration.vcxproj", "{6C259306-D4A1-4E15-AC2B-DCAB1FE76484}"
EndProject
Project("{8BC9CEB8-8B4A-11D0-8D11-00A0C91BC942}") = "056_HeaderAndCpp", "056_HeaderAndCpp\056_HeaderAndCpp.vcxproj", "{D5BC4824-E46B-4B3A-9561-522BEDD3DF80}"
EndProject
Project("{8BC9CEB8-8B4A-11D0-8D11-00A0C91BC942}") = "HomeWork0329", "HomeWork0329\HomeWork0329.vcxproj", "{043F5F20-56DE-4B23-B490-081A12593433}"
EndProject
Project("{8BC9CEB8-8B4A-11D0-8D11-00A0C91BC942}") = "HomeWork0330", "HomeWork0330\HomeWork0330.vcxproj", "{9ABE26BF-ABB3-49AF-B029-483B78025549}"
EndProject
Project("{8BC9CEB8-8B4A-11D0-8D11-00A0C91BC942}") = "057_inheritance", "057_inheritance\057_inheritance.vcxproj", "{2BA6CE58-C648-408A-92C7-C827586495A8}"
EndProject
Project("{8BC9CEB8-8B4A-11D0-8D11-00A0C91BC942}") = "HomeWork0331", "HomeWork0331\HomeWork0331.vcxproj", "{21890A64-2EF8-4528-B454-CA1AA9A373A6}"
EndProject
Global
	GlobalSection(SolutionConfigurationPlatforms) = preSolution
		Debug|x64 = Debug|x64
		Debug|x86 = Debug|x86
		Release|x64 = Release|x64
		Release|x86 = Release|x86
	EndGlobalSection
	GlobalSection(ProjectConfigurationPlatforms) = postSolution
		{9E1C9C73-18C2-4070-92F5-1EE928D90765}.Debug|x64.ActiveCfg = Debug|x64
		{9E1C9C73-18C2-4070-92F5-1EE928D90765}.Debug|x64.Build.0 = Debug|x64
		{9E1C9C73-18C2-4070-92F5-1EE928D90765}.Debug|x86.ActiveCfg = Debug|Win32
		{9E1C9C73-18C2-4070-92F5-1EE928D90765}.Debug|x86.Build.0 = Debug|Win32
		{9E1C9C73-18C2-4070-92F5-1EE928D90765}.Release|x64.ActiveCfg = Release|x64
		{9E1C9C73-18C2-4070-92F5-1EE928D90765}.Release|x64.Build.0 = Release|x64
		{9E1C9C73-18C2-4070-92F5-1EE928D90765}.Release|x86.ActiveCfg = Release|Win32
		{9E1C9C73-18C2-4070-92F5-1EE928D90765}.Release|x86.Build.0 = Release|Win32
		{67DC1219-C8D5-4C06-8DE3-ADA0CD4CB6E9}.Debug|x64.ActiveCfg = Debug|x64
		{67DC1219-C8D5-4C06-8DE3-ADA0CD4CB6E9}.Debug|x64.Build.0 = Debug|x64
		{67DC1219-C8D5-4C06-8DE3-ADA0CD4CB6E9}.Debug|x86.ActiveCfg = Debug|Win32
		{67DC1219-C8D5-4C06-8DE3-ADA0CD4CB6E9}.Debug|x86.Build.0 = Debug|Win32
		{67DC1219-C8D5-4C06-8DE3-ADA0CD4CB6E9}.Release|x64.ActiveCfg = Release|x64
		{67DC1219-C8D5-4C06-8DE3-ADA0CD4CB6E9}.Release|x64.Build.0 = Release|x64
		{67DC1219-C8D5-4C06-8DE3-ADA0CD4CB6E9}.Release|x86.ActiveCfg = Release|Win32
		{67DC1219-C8D5-4C06-8DE3-ADA0CD4CB6E9}.Release|x86.Build.0 = Release|Win32
		{23CA4D57-D1AD-403C-95B5-79AD45304E1A}.Debug|x64.ActiveCfg = Debug|x64
		{23CA4D57-D1AD-403C-95B5-79AD45304E1A}.Debug|x64.Build.0 = Debug|x64
		{23CA4D57-D1AD-403C-95B5-79AD45304E1A}.Debug|x86.ActiveCfg = Debug|Win32
		{23CA4D57-D1AD-403C-95B5-79AD45304E1A}.Debug|x86.Build.0 = Debug|Win32
		{23CA4D57-D1AD-403C-95B5-79AD45304E1A}.Release|x64.ActiveCfg = Release|x64
		{23CA4D57-D1AD-403C-95B5-79AD45304E1A}.Release|x64.Build.0 = Release|x64
		{23CA4D57-D1AD-403C-95B5-79AD45304E1A}.Release|x86.ActiveCfg = Release|Win32
		{23CA4D57-D1AD-403C-95B5-79AD45304E1A}.Release|x86.Build.0 = Release|Win32
		{96780344-FF6B-49FA-A98F-056CAEA8271E}.Debug|x64.ActiveCfg = Debug|x64
		{96780344-FF6B-49FA-A98F-056CAEA8271E}.Debug|x64.Build.0 = Debug|x64
		{96780344-FF6B-49FA-A98F-056CAEA8271E}.Debug|x86.ActiveCfg = Debug|Win32
		{96780344-FF6B-49FA-A98F-056CAEA8271E}.Debug|x86.Build.0 = Debug|Win32
		{96780344-FF6B-49FA-A98F-056CAEA8271E}.Release|x64.ActiveCfg = Release|x64
		{96780344-FF6B-49FA-A98F-056CAEA8271E}.Release|x64.Build.0 = Release|x64
		{96780344-FF6B-49FA-A98F-056CAEA8271E}.Release|x86.ActiveCfg = Release|Win32
		{96780344-FF6B-49FA-A98F-056CAEA8271E}.Release|x86.Build.0 = Release|Win32
		{47745374-34CB-4804-845E-6F807907938A}.Debug|x64.ActiveCfg = Debug|x64
		{47745374-34CB-4804-845E-6F807907938A}.Debug|x64.Build.0 = Debug|x64
		{47745374-34CB-4804-845E-6F807907938A}.Debug|x86.ActiveCfg = Debug|Win32
		{47745374-34CB-4804-845E-6F807907938A}.Debug|x86.Build.0 = Debug|Win32
		{47745374-34CB-4804-845E-6F807907938A}.Release|x64.ActiveCfg = Release|x64
		{47745374-34CB-4804-845E-6F807907938A}.Release|x64.Build.0 = Release|x64
		{47745374-34CB-4804-845E-6F807907938A}.Release|x86.ActiveCfg = Release|Win32
		{47745374-34CB-4804-845E-6F807907938A}.Release|x86.Build.0 = Release|Win32
		{27AF4A63-DEC5-49CA-86A6-91FFFCB7D6F5}.Debug|x64.ActiveCfg = Debug|x64
		{27AF4A63-DEC5-49CA-86A6-91FFFCB7D6F5}.Debug|x64.Build.0 = Debug|x64
		{27AF4A63-DEC5-49CA-86A6-91FFFCB7D6F5}.Debug|x86.ActiveCfg = Debug|Win32
		{27AF4A63-DEC5-49CA-86A6-91FFFCB7D6F5}.Debug|x86.Build.0 = Debug|Win32
		{27AF4A63-DEC5-49CA-86A6-91FFFCB7D6F5}.Release|x64.ActiveCfg = Release|x64
		{27AF4A63-DEC5-49CA-86A6-91FFFCB7D6F5}.Release|x64.Build.0 = Release|x64
		{27AF4A63-DEC5-49CA-86A6-91FFFCB7D6F5}.Release|x86.ActiveCfg = Release|Win32
		{27AF4A63-DEC5-49CA-86A6-91FFFCB7D6F5}.Release|x86.Build.0 = Release|Win32
		{96A423D5-D15F-4EB8-972C-B633498DABF3}.Debug|x64.ActiveCfg = Debug|x64
		{96A423D5-D15F-4EB8-972C-B633498DABF3}.Debug|x64.Build.0 = Debug|x64
		{96A423D5-D15F-4EB8-972C-B633498DABF3}.Debug|x86.ActiveCfg = Debug|Win32
		{96A423D5-D15F-4EB8-972C-B633498DABF3}.Debug|x86.Build.0 = Debug|Win32
		{96A423D5-D15F-4EB8-972C-B633498DABF3}.Release|x64.ActiveCfg = Release|x64
		{96A423D5-D15F-4EB8-972C-B633498DABF3}.Release|x64.Build.0 = Release|x64
		{96A423D5-D15F-4EB8-972C-B633498DABF3}.Release|x86.ActiveCfg = Release|Win32
		{96A423D5-D15F-4EB8-972C-B633498DABF3}.Release|x86.Build.0 = Release|Win32
		{9C142676-4224-44C4-BC32-5FF1ED3BBAAF}.Debug|x64.ActiveCfg = Debug|x64
		{9C142676-4224-44C4-BC32-5FF1ED3BBAAF}.Debug|x64.Build.0 = Debug|x64
		{9C142676-4224-44C4-BC32-5FF1ED3BBAAF}.Debug|x86.ActiveCfg = Debug|Win32
		{9C142676-4224-44C4-BC32-5FF1ED3BBAAF}.Debug|x86.Build.0 = Debug|Win32
		{9C142676-4224-44C4-BC32-5FF1ED3BBAAF}.Release|x64.ActiveCfg = Release|x64
		{9C142676-4224-44C4-BC32-5FF1ED3BBAAF}.Release|x64.Build.0 = Release|x64
		{9C142676-4224-44C4-BC32-5FF1ED3BBAAF}.Release|x86.ActiveCfg = Release|Win32
		{9C142676-4224-44C4-BC32-5FF1ED3BBAAF}.Release|x86.Build.0 = Release|Win32
		{9018D7DB-2DF8-409A-88BB-8B3139B62349}.Debug|x64.ActiveCfg = Debug|x64
		{9018D7DB-2DF8-409A-88BB-8B3139B62349}.Debug|x64.Build.0 = Debug|x64
		{9018D7DB-2DF8-409A-88BB-8B3139B62349}.Debug|x86.ActiveCfg = Debug|Win32
		{9018D7DB-2DF8-409A-88BB-8B3139B62349}.Debug|x86.Build.0 = Debug|Win32
		{9018D7DB-2DF8-409A-88BB-8B3139B62349}.Release|x64.ActiveCfg = Release|x64
		{9018D7DB-2DF8-409A-88BB-8B3139B62349}.Release|x64.Build.0 = Release|x64
		{9018D7DB-2DF8-409A-88BB-8B3139B62349}.Release|x86.ActiveCfg = Release|Win32
		{9018D7DB-2DF8-409A-88BB-8B3139B62349}.Release|x86.Build.0 = Release|Win32
		{1F54CB8F-19F6-4AE3-A2E2-0ECE634631C5}.Debug|x64.ActiveCfg = Debug|x64
		{1F54CB8F-19F6-4AE3-A2E2-0ECE634631C5}.Debug|x64.Build.0 = Debug|x64
		{1F54CB8F-19F6-4AE3-A2E2-0ECE634631C5}.Debug|x86.ActiveCfg = Debug|Win32
		{1F54CB8F-19F6-4AE3-A2E2-0ECE634631C5}.Debug|x86.Build.0 = Debug|Win32
		{1F54CB8F-19F6-4AE3-A2E2-0ECE634631C5}.Release|x64.ActiveCfg = Release|x64
		{1F54CB8F-19F6-4AE3-A2E2-0ECE634631C5}.Release|x64.Build.0 = Release|x64
		{1F54CB8F-19F6-4AE3-A2E2-0ECE634631C5}.Release|x86.ActiveCfg = Release|Win32
		{1F54CB8F-19F6-4AE3-A2E2-0ECE634631C5}.Release|x86.Build.0 = Release|Win32
		{8A69FFD9-072D-4A50-99DC-0153591DDD37}.Debug|x64.ActiveCfg = Debug|x64
		{8A69FFD9-072D-4A50-99DC-0153591DDD37}.Debug|x64.Build.0 = Debug|x64
		{8A69FFD9-072D-4A50-99DC-0153591DDD37}.Debug|x86.ActiveCfg = Debug|Win32
		{8A69FFD9-072D-4A50-99DC-0153591DDD37}.Debug|x86.Build.0 = Debug|Win32
		{8A69FFD9-072D-4A50-99DC-0153591DDD37}.Release|x64.ActiveCfg = Release|x64
		{8A69FFD9-072D-4A50-99DC-0153591DDD37}.Release|x64.Build.0 = Release|x64
		{8A69FFD9-072D-4A50-99DC-0153591DDD37}.Release|x86.ActiveCfg = Release|Win32
		{8A69FFD9-072D-4A50-99DC-0153591DDD37}.Release|x86.Build.0 = Release|Win32
		{78D9B971-66D7-4C35-A099-DCEA933361EE}.Debug|x64.ActiveCfg = Debug|x64
		{78D9B971-66D7-4C35-A099-DCEA933361EE}.Debug|x64.Build.0 = Debug|x64
		{78D9B971-66D7-4C35-A099-DCEA933361EE}.Debug|x86.ActiveCfg = Debug|Win32
		{78D9B971-66D7-4C35-A099-DCEA933361EE}.Debug|x86.Build.0 = Debug|Win32
		{78D9B971-66D7-4C35-A099-DCEA933361EE}.Release|x64.ActiveCfg = Release|x64
		{78D9B971-66D7-4C35-A099-DCEA933361EE}.Release|x64.Build.0 = Release|x64
		{78D9B971-66D7-4C35-A099-DCEA933361EE}.Release|x86.ActiveCfg = Release|Win32
		{78D9B971-66D7-4C35-A099-DCEA933361EE}.Release|x86.Build.0 = Release|Win32
		{BA821C6A-30A9-4B86-8767-C95D6084735D}.Debug|x64.ActiveCfg = Debug|x64
		{BA821C6A-30A9-4B86-8767-C95D6084735D}.Debug|x64.Build.0 = Debug|x64
		{BA821C6A-30A9-4B86-8767-C95D6084735D}.Debug|x86.ActiveCfg = Debug|Win32
		{BA821C6A-30A9-4B86-8767-C95D6084735D}.Debug|x86.Build.0 = Debug|Win32
		{BA821C6A-30A9-4B86-8767-C95D6084735D}.Release|x64.ActiveCfg = Release|x64
		{BA821C6A-30A9-4B86-8767-C95D6084735D}.Release|x64.Build.0 = Release|x64
		{BA821C6A-30A9-4B86-8767-C95D6084735D}.Release|x86.ActiveCfg = Release|Win32
		{BA821C6A-30A9-4B86-8767-C95D6084735D}.Release|x86.Build.0 = Release|Win32
		{4387384D-FD55-4486-A403-F2A3A14A65BE}.Debug|x64.ActiveCfg = Debug|x64
		{4387384D-FD55-4486-A403-F2A3A14A65BE}.Debug|x64.Build.0 = Debug|x64
		{4387384D-FD55-4486-A403-F2A3A14A65BE}.Debug|x86.ActiveCfg = Debug|Win32
		{4387384D-FD55-4486-A403-F2A3A14A65BE}.Debug|x86.Build.0 = Debug|Win32
		{4387384D-FD55-4486-A403-F2A3A14A65BE}.Release|x64.ActiveCfg = Release|x64
		{4387384D-FD55-4486-A403-F2A3A14A65BE}.Release|x64.Build.0 = Release|x64
		{4387384D-FD55-4486-A403-F2A3A14A65BE}.Release|x86.ActiveCfg = Release|Win32
		{4387384D-FD55-4486-A403-F2A3A14A65BE}.Release|x86.Build.0 = Release|Win32
		{C16F1ABB-3C84-421F-A376-F957BCD1373B}.Debug|x64.ActiveCfg = Debug|x64
		{C16F1ABB-3C84-421F-A376-F957BCD1373B}.Debug|x64.Build.0 = Debug|x64
		{C16F1ABB-3C84-421F-A376-F957BCD1373B}.Debug|x86.ActiveCfg = Debug|Win32
		{C16F1ABB-3C84-421F-A376-F957BCD1373B}.Debug|x86.Build.0 = Debug|Win32
		{C16F1ABB-3C84-421F-A376-F957BCD1373B}.Release|x64.ActiveCfg = Release|x64
		{C16F1ABB-3C84-421F-A376-F957BCD1373B}.Release|x64.Build.0 = Release|x64
		{C16F1ABB-3C84-421F-A376-F957BCD1373B}.Release|x86.ActiveCfg = Release|Win32
		{C16F1ABB-3C84-421F-A376-F957BCD1373B}.Release|x86.Build.0 = Release|Win32
		{77BB987C-E193-44AB-BBC9-B990247866CF}.Debug|x64.ActiveCfg = Debug|x64
		{77BB987C-E193-44AB-BBC9-B990247866CF}.Debug|x64.Build.0 = Debug|x64
		{77BB987C-E193-44AB-BBC9-B990247866CF}.Debug|x86.ActiveCfg = Debug|Win32
		{77BB987C-E193-44AB-BBC9-B990247866CF}.Debug|x86.Build.0 = Debug|Win32
		{77BB987C-E193-44AB-BBC9-B990247866CF}.Release|x64.ActiveCfg = Release|x64
		{77BB987C-E193-44AB-BBC9-B990247866CF}.Release|x64.Build.0 = Release|x64
		{77BB987C-E193-44AB-BBC9-B990247866CF}.Release|x86.ActiveCfg = Release|Win32
		{77BB987C-E193-44AB-BBC9-B990247866CF}.Release|x86.Build.0 = Release|Win32
		{3AEC73AA-C8E1-48A4-82DA-0F7B630E0E7F}.Debug|x64.ActiveCfg = Debug|x64
		{3AEC73AA-C8E1-48A4-82DA-0F7B630E0E7F}.Debug|x64.Build.0 = Debug|x64
		{3AEC73AA-C8E1-48A4-82DA-0F7B630E0E7F}.Debug|x86.ActiveCfg = Debug|Win32
		{3AEC73AA-C8E1-48A4-82DA-0F7B630E0E7F}.Debug|x86.Build.0 = Debug|Win32
		{3AEC73AA-C8E1-48A4-82DA-0F7B630E0E7F}.Release|x64.ActiveCfg = Release|x64
		{3AEC73AA-C8E1-48A4-82DA-0F7B630E0E7F}.Release|x64.Build.0 = Release|x64
		{3AEC73AA-C8E1-48A4-82DA-0F7B630E0E7F}.Release|x86.ActiveCfg = Release|Win32
		{3AEC73AA-C8E1-48A4-82DA-0F7B630E0E7F}.Release|x86.Build.0 = Release|Win32
		{12F46F0A-A827-4AE5-BD4E-FA17AD7F9DE1}.Debug|x64.ActiveCfg = Debug|x64
		{12F46F0A-A827-4AE5-BD4E-FA17AD7F9DE1}.Debug|x64.Build.0 = Debug|x64
		{12F46F0A-A827-4AE5-BD4E-FA17AD7F9DE1}.Debug|x86.ActiveCfg = Debug|Win32
		{12F46F0A-A827-4AE5-BD4E-FA17AD7F9DE1}.Debug|x86.Build.0 = Debug|Win32
		{12F46F0A-A827-4AE5-BD4E-FA17AD7F9DE1}.Release|x64.ActiveCfg = Release|x64
		{12F46F0A-A827-4AE5-BD4E-FA17AD7F9DE1}.Release|x64.Build.0 = Release|x64
		{12F46F0A-A827-4AE5-BD4E-FA17AD7F9DE1}.Release|x86.ActiveCfg = Release|Win32
		{12F46F0A-A827-4AE5-BD4E-FA17AD7F9DE1}.Release|x86.Build.0 = Release|Win32
		{483DF315-6006-4238-A1D3-58AA9388E5D2}.Debug|x64.ActiveCfg = Debug|x64
		{483DF315-6006-4238-A1D3-58AA9388E5D2}.Debug|x64.Build.0 = Debug|x64
		{483DF315-6006-4238-A1D3-58AA9388E5D2}.Debug|x86.ActiveCfg = Debug|Win32
		{483DF315-6006-4238-A1D3-58AA9388E5D2}.Debug|x86.Build.0 = Debug|Win32
		{483DF315-6006-4238-A1D3-58AA9388E5D2}.Release|x64.ActiveCfg = Release|x64
		{483DF315-6006-4238-A1D3-58AA9388E5D2}.Release|x64.Build.0 = Release|x64
		{483DF315-6006-4238-A1D3-58AA9388E5D2}.Release|x86.ActiveCfg = Release|Win32
		{483DF315-6006-4238-A1D3-58AA9388E5D2}.Release|x86.Build.0 = Release|Win32
		{29C76298-427A-46F7-A94B-754DB7EE91C5}.Debug|x64.ActiveCfg = Debug|x64
		{29C76298-427A-46F7-A94B-754DB7EE91C5}.Debug|x64.Build.0 = Debug|x64
		{29C76298-427A-46F7-A94B-754DB7EE91C5}.Debug|x86.ActiveCfg = Debug|Win32
		{29C76298-427A-46F7-A94B-754DB7EE91C5}.Debug|x86.Build.0 = Debug|Win32
		{29C76298-427A-46F7-A94B-754DB7EE91C5}.Release|x64.ActiveCfg = Release|x64
		{29C76298-427A-46F7-A94B-754DB7EE91C5}.Release|x64.Build.0 = Release|x64
		{29C76298-427A-46F7-A94B-754DB7EE91C5}.Release|x86.ActiveCfg = Release|Win32
		{29C76298-427A-46F7-A94B-754DB7EE91C5}.Release|x86.Build.0 = Release|Win32
		{C96521C8-A480-4124-BA29-FDC50089D8DA}.Debug|x64.ActiveCfg = Debug|x64
		{C96521C8-A480-4124-BA29-FDC50089D8DA}.Debug|x64.Build.0 = Debug|x64
		{C96521C8-A480-4124-BA29-FDC50089D8DA}.Debug|x86.ActiveCfg = Debug|Win32
		{C96521C8-A480-4124-BA29-FDC50089D8DA}.Debug|x86.Build.0 = Debug|Win32
		{C96521C8-A480-4124-BA29-FDC50089D8DA}.Release|x64.ActiveCfg = Release|x64
		{C96521C8-A480-4124-BA29-FDC50089D8DA}.Release|x64.Build.0 = Release|x64
		{C96521C8-A480-4124-BA29-FDC50089D8DA}.Release|x86.ActiveCfg = Release|Win32
		{C96521C8-A480-4124-BA29-FDC50089D8DA}.Release|x86.Build.0 = Release|Win32
		{B7C50D96-36CB-4623-864F-172278AEDEB7}.Debug|x64.ActiveCfg = Debug|x64
		{B7C50D96-36CB-4623-864F-172278AEDEB7}.Debug|x64.Build.0 = Debug|x64
		{B7C50D96-36CB-4623-864F-172278AEDEB7}.Debug|x86.ActiveCfg = Debug|Win32
		{B7C50D96-36CB-4623-864F-172278AEDEB7}.Debug|x86.Build.0 = Debug|Win32
		{B7C50D96-36CB-4623-864F-172278AEDEB7}.Release|x64.ActiveCfg = Release|x64
		{B7C50D96-36CB-4623-864F-172278AEDEB7}.Release|x64.Build.0 = Release|x64
		{B7C50D96-36CB-4623-864F-172278AEDEB7}.Release|x86.ActiveCfg = Release|Win32
		{B7C50D96-36CB-4623-864F-172278AEDEB7}.Release|x86.Build.0 = Release|Win32
		{67CAAEFC-2038-483D-8DC0-091608E9C749}.Debug|x64.ActiveCfg = Debug|x64
		{67CAAEFC-2038-483D-8DC0-091608E9C749}.Debug|x64.Build.0 = Debug|x64
		{67CAAEFC-2038-483D-8DC0-091608E9C749}.Debug|x86.ActiveCfg = Debug|Win32
		{67CAAEFC-2038-483D-8DC0-091608E9C749}.Debug|x86.Build.0 = Debug|Win32
		{67CAAEFC-2038-483D-8DC0-091608E9C749}.Release|x64.ActiveCfg = Release|x64
		{67CAAEFC-2038-483D-8DC0-091608E9C749}.Release|x64.Build.0 = Release|x64
		{67CAAEFC-2038-483D-8DC0-091608E9C749}.Release|x86.ActiveCfg = Release|Win32
		{67CAAEFC-2038-483D-8DC0-091608E9C749}.Release|x86.Build.0 = Release|Win32
		{7CE1B01A-5A07-4923-BC46-BEA7FD85C2DB}.Debug|x64.ActiveCfg = Debug|x64
		{7CE1B01A-5A07-4923-BC46-BEA7FD85C2DB}.Debug|x64.Build.0 = Debug|x64
		{7CE1B01A-5A07-4923-BC46-BEA7FD85C2DB}.Debug|x86.ActiveCfg = Debug|Win32
		{7CE1B01A-5A07-4923-BC46-BEA7FD85C2DB}.Debug|x86.Build.0 = Debug|Win32
		{7CE1B01A-5A07-4923-BC46-BEA7FD85C2DB}.Release|x64.ActiveCfg = Release|x64
		{7CE1B01A-5A07-4923-BC46-BEA7FD85C2DB}.Release|x64.Build.0 = Release|x64
		{7CE1B01A-5A07-4923-BC46-BEA7FD85C2DB}.Release|x86.ActiveCfg = Release|Win32
		{7CE1B01A-5A07-4923-BC46-BEA7FD85C2DB}.Release|x86.Build.0 = Release|Win32
		{D34BDAF3-4A88-47F0-ABB5-DB88197B8F80}.Debug|x64.ActiveCfg = Debug|x64
		{D34BDAF3-4A88-47F0-ABB5-DB88197B8F80}.Debug|x64.Build.0 = Debug|x64
		{D34BDAF3-4A88-47F0-ABB5-DB88197B8F80}.Debug|x86.ActiveCfg = Debug|Win32
		{D34BDAF3-4A88-47F0-ABB5-DB88197B8F80}.Debug|x86.Build.0 = Debug|Win32
		{D34BDAF3-4A88-47F0-ABB5-DB88197B8F80}.Release|x64.ActiveCfg = Release|x64
		{D34BDAF3-4A88-47F0-ABB5-DB88197B8F80}.Release|x64.Build.0 = Release|x64
		{D34BDAF3-4A88-47F0-ABB5-DB88197B8F80}.Release|x86.ActiveCfg = Release|Win32
		{D34BDAF3-4A88-47F0-ABB5-DB88197B8F80}.Release|x86.Build.0 = Release|Win32
		{351B0115-A458-498A-BC2D-B945ADD1F2EF}.Debug|x64.ActiveCfg = Debug|x64
		{351B0115-A458-498A-BC2D-B945ADD1F2EF}.Debug|x64.Build.0 = Debug|x64
		{351B0115-A458-498A-BC2D-B945ADD1F2EF}.Debug|x86.ActiveCfg = Debug|Win32
		{351B0115-A458-498A-BC2D-B945ADD1F2EF}.Debug|x86.Build.0 = Debug|Win32
		{351B0115-A458-498A-BC2D-B945ADD1F2EF}.Release|x64.ActiveCfg = Release|x64
		{351B0115-A458-498A-BC2D-B945ADD1F2EF}.Release|x64.Build.0 = Release|x64
		{351B0115-A458-498A-BC2D-B945ADD1F2EF}.Release|x86.ActiveCfg = Release|Win32
		{351B0115-A458-498A-BC2D-B945ADD1F2EF}.Release|x86.Build.0 = Release|Win32
		{24FD1436-AE67-4C6F-AB7C-94BFF1D2C183}.Debug|x64.ActiveCfg = Debug|x64
		{24FD1436-AE67-4C6F-AB7C-94BFF1D2C183}.Debug|x64.Build.0 = Debug|x64
		{24FD1436-AE67-4C6F-AB7C-94BFF1D2C183}.Debug|x86.ActiveCfg = Debug|Win32
		{24FD1436-AE67-4C6F-AB7C-94BFF1D2C183}.Debug|x86.Build.0 = Debug|Win32
		{24FD1436-AE67-4C6F-AB7C-94BFF1D2C183}.Release|x64.ActiveCfg = Release|x64
		{24FD1436-AE67-4C6F-AB7C-94BFF1D2C183}.Release|x64.Build.0 = Release|x64
		{24FD1436-AE67-4C6F-AB7C-94BFF1D2C183}.Release|x86.ActiveCfg = Release|Win32
		{24FD1436-AE67-4C6F-AB7C-94BFF1D2C183}.Release|x86.Build.0 = Release|Win32
		{69B2B504-789A-4F7A-9A39-F129DCCFF3BE}.Debug|x64.ActiveCfg = Debug|x64
		{69B2B504-789A-4F7A-9A39-F129DCCFF3BE}.Debug|x64.Build.0 = Debug|x64
		{69B2B504-789A-4F7A-9A39-F129DCCFF3BE}.Debug|x86.ActiveCfg = Debug|Win32
		{69B2B504-789A-4F7A-9A39-F129DCCFF3BE}.Debug|x86.Build.0 = Debug|Win32
		{69B2B504-789A-4F7A-9A39-F129DCCFF3BE}.Release|x64.ActiveCfg = Release|x64
		{69B2B504-789A-4F7A-9A39-F129DCCFF3BE}.Release|x64.Build.0 = Release|x64
		{69B2B504-789A-4F7A-9A39-F129DCCFF3BE}.Release|x86.ActiveCfg = Release|Win32
		{69B2B504-789A-4F7A-9A39-F129DCCFF3BE}.Release|x86.Build.0 = Release|Win32
		{D116DB1B-2F02-471B-A750-932739335582}.Debug|x64.ActiveCfg = Debug|x64
		{D116DB1B-2F02-471B-A750-932739335582}.Debug|x64.Build.0 = Debug|x64
		{D116DB1B-2F02-471B-A750-932739335582}.Debug|x86.ActiveCfg = Debug|Win32
		{D116DB1B-2F02-471B-A750-932739335582}.Debug|x86.Build.0 = Debug|Win32
		{D116DB1B-2F02-471B-A750-932739335582}.Release|x64.ActiveCfg = Release|x64
		{D116DB1B-2F02-471B-A750-932739335582}.Release|x64.Build.0 = Release|x64
		{D116DB1B-2F02-471B-A750-932739335582}.Release|x86.ActiveCfg = Release|Win32
		{D116DB1B-2F02-471B-A750-932739335582}.Release|x86.Build.0 = Release|Win32
		{A6F69577-F039-4FC8-8C03-2EAC2311649A}.Debug|x64.ActiveCfg = Debug|x64
		{A6F69577-F039-4FC8-8C03-2EAC2311649A}.Debug|x64.Build.0 = Debug|x64
		{A6F69577-F039-4FC8-8C03-2EAC2311649A}.Debug|x86.ActiveCfg = Debug|Win32
		{A6F69577-F039-4FC8-8C03-2EAC2311649A}.Debug|x86.Build.0 = Debug|Win32
		{A6F69577-F039-4FC8-8C03-2EAC2311649A}.Release|x64.ActiveCfg = Release|x64
		{A6F69577-F039-4FC8-8C03-2EAC2311649A}.Release|x64.Build.0 = Release|x64
		{A6F69577-F039-4FC8-8C03-2EAC2311649A}.Release|x86.ActiveCfg = Release|Win32
		{A6F69577-F039-4FC8-8C03-2EAC2311649A}.Release|x86.Build.0 = Release|Win32
		{0CD0EE06-FEF1-4183-A961-1B4D504F94A0}.Debug|x64.ActiveCfg = Debug|x64
		{0CD0EE06-FEF1-4183-A961-1B4D504F94A0}.Debug|x64.Build.0 = Debug|x64
		{0CD0EE06-FEF1-4183-A961-1B4D504F94A0}.Debug|x86.ActiveCfg = Debug|Win32
		{0CD0EE06-FEF1-4183-A961-1B4D504F94A0}.Debug|x86.Build.0 = Debug|Win32
		{0CD0EE06-FEF1-4183-A961-1B4D504F94A0}.Release|x64.ActiveCfg = Release|x64
		{0CD0EE06-FEF1-4183-A961-1B4D504F94A0}.Release|x64.Build.0 = Release|x64
		{0CD0EE06-FEF1-4183-A961-1B4D504F94A0}.Release|x86.ActiveCfg = Release|Win32
		{0CD0EE06-FEF1-4183-A961-1B4D504F94A0}.Release|x86.Build.0 = Release|Win32
		{EED95ECF-9F12-48F0-89D2-14CBA184CFF9}.Debug|x64.ActiveCfg = Debug|x64
		{EED95ECF-9F12-48F0-89D2-14CBA184CFF9}.Debug|x64.Build.0 = Debug|x64
		{EED95ECF-9F12-48F0-89D2-14CBA184CFF9}.Debug|x86.ActiveCfg = Debug|Win32
		{EED95ECF-9F12-48F0-89D2-14CBA184CFF9}.Debug|x86.Build.0 = Debug|Win32
		{EED95ECF-9F12-48F0-89D2-14CBA184CFF9}.Release|x64.ActiveCfg = Release|x64
		{EED95ECF-9F12-48F0-89D2-14CBA184CFF9}.Release|x64.Build.0 = Release|x64
		{EED95ECF-9F12-48F0-89D2-14CBA184CFF9}.Release|x86.ActiveCfg = Release|Win32
		{EED95ECF-9F12-48F0-89D2-14CBA184CFF9}.Release|x86.Build.0 = Release|Win32
		{D71C535E-3D3C-4E1B-BE62-89724BDD00E1}.Debug|x64.ActiveCfg = Debug|x64
		{D71C535E-3D3C-4E1B-BE62-89724BDD00E1}.Debug|x64.Build.0 = Debug|x64
		{D71C535E-3D3C-4E1B-BE62-89724BDD00E1}.Debug|x86.ActiveCfg = Debug|Win32
		{D71C535E-3D3C-4E1B-BE62-89724BDD00E1}.Debug|x86.Build.0 = Debug|Win32
		{D71C535E-3D3C-4E1B-BE62-89724BDD00E1}.Release|x64.ActiveCfg = Release|x64
		{D71C535E-3D3C-4E1B-BE62-89724BDD00E1}.Release|x64.Build.0 = Release|x64
		{D71C535E-3D3C-4E1B-BE62-89724BDD00E1}.Release|x86.ActiveCfg = Release|Win32
		{D71C535E-3D3C-4E1B-BE62-89724BDD00E1}.Release|x86.Build.0 = Release|Win32
		{DBFDFE04-7D6F-4F85-96EC-E3E84ACB4B10}.Debug|x64.ActiveCfg = Debug|x64
		{DBFDFE04-7D6F-4F85-96EC-E3E84ACB4B10}.Debug|x64.Build.0 = Debug|x64
		{DBFDFE04-7D6F-4F85-96EC-E3E84ACB4B10}.Debug|x86.ActiveCfg = Debug|Win32
		{DBFDFE04-7D6F-4F85-96EC-E3E84ACB4B10}.Debug|x86.Build.0 = Debug|Win32
		{DBFDFE04-7D6F-4F85-96EC-E3E84ACB4B10}.Release|x64.ActiveCfg = Release|x64
		{DBFDFE04-7D6F-4F85-96EC-E3E84ACB4B10}.Release|x64.Build.0 = Release|x64
		{DBFDFE04-7D6F-4F85-96EC-E3E84ACB4B10}.Release|x86.ActiveCfg = Release|Win32
		{DBFDFE04-7D6F-4F85-96EC-E3E84ACB4B10}.Release|x86.Build.0 = Release|Win32
		{3D4C9C72-6862-4340-8621-3D63BA15D76F}.Debug|x64.ActiveCfg = Debug|x64
		{3D4C9C72-6862-4340-8621-3D63BA15D76F}.Debug|x64.Build.0 = Debug|x64
		{3D4C9C72-6862-4340-8621-3D63BA15D76F}.Debug|x86.ActiveCfg = Debug|Win32
		{3D4C9C72-6862-4340-8621-3D63BA15D76F}.Debug|x86.Build.0 = Debug|Win32
		{3D4C9C72-6862-4340-8621-3D63BA15D76F}.Release|x64.ActiveCfg = Release|x64
		{3D4C9C72-6862-4340-8621-3D63BA15D76F}.Release|x64.Build.0 = Release|x64
		{3D4C9C72-6862-4340-8621-3D63BA15D76F}.Release|x86.ActiveCfg = Release|Win32
		{3D4C9C72-6862-4340-8621-3D63BA15D76F}.Release|x86.Build.0 = Release|Win32
		{0DFEBB3B-CC7A-4087-96AC-4F680BCB0C8B}.Debug|x64.ActiveCfg = Debug|x64
		{0DFEBB3B-CC7A-4087-96AC-4F680BCB0C8B}.Debug|x64.Build.0 = Debug|x64
		{0DFEBB3B-CC7A-4087-96AC-4F680BCB0C8B}.Debug|x86.ActiveCfg = Debug|Win32
		{0DFEBB3B-CC7A-4087-96AC-4F680BCB0C8B}.Debug|x86.Build.0 = Debug|Win32
		{0DFEBB3B-CC7A-4087-96AC-4F680BCB0C8B}.Release|x64.ActiveCfg = Release|x64
		{0DFEBB3B-CC7A-4087-96AC-4F680BCB0C8B}.Release|x64.Build.0 = Release|x64
		{0DFEBB3B-CC7A-4087-96AC-4F680BCB0C8B}.Release|x86.ActiveCfg = Release|Win32
		{0DFEBB3B-CC7A-4087-96AC-4F680BCB0C8B}.Release|x86.Build.0 = Release|Win32
		{7772E96E-045F-4452-928E-F30A67B90BDE}.Debug|x64.ActiveCfg = Debug|x64
		{7772E96E-045F-4452-928E-F30A67B90BDE}.Debug|x64.Build.0 = Debug|x64
		{7772E96E-045F-4452-928E-F30A67B90BDE}.Debug|x86.ActiveCfg = Debug|Win32
		{7772E96E-045F-4452-928E-F30A67B90BDE}.Debug|x86.Build.0 = Debug|Win32
		{7772E96E-045F-4452-928E-F30A67B90BDE}.Release|x64.ActiveCfg = Release|x64
		{7772E96E-045F-4452-928E-F30A67B90BDE}.Release|x64.Build.0 = Release|x64
		{7772E96E-045F-4452-928E-F30A67B90BDE}.Release|x86.ActiveCfg = Release|Win32
		{7772E96E-045F-4452-928E-F30A67B90BDE}.Release|x86.Build.0 = Release|Win32
		{47A5E681-2F01-4163-93B2-AFFF2B372C09}.Debug|x64.ActiveCfg = Debug|x64
		{47A5E681-2F01-4163-93B2-AFFF2B372C09}.Debug|x64.Build.0 = Debug|x64
		{47A5E681-2F01-4163-93B2-AFFF2B372C09}.Debug|x86.ActiveCfg = Debug|Win32
		{47A5E681-2F01-4163-93B2-AFFF2B372C09}.Debug|x86.Build.0 = Debug|Win32
		{47A5E681-2F01-4163-93B2-AFFF2B372C09}.Release|x64.ActiveCfg = Release|x64
		{47A5E681-2F01-4163-93B2-AFFF2B372C09}.Release|x64.Build.0 = Release|x64
		{47A5E681-2F01-4163-93B2-AFFF2B372C09}.Release|x86.ActiveCfg = Release|Win32
		{47A5E681-2F01-4163-93B2-AFFF2B372C09}.Release|x86.Build.0 = Release|Win32
		{5B09F69E-DF0A-4DD2-ABD7-946AF265780F}.Debug|x64.ActiveCfg = Debug|x64
		{5B09F69E-DF0A-4DD2-ABD7-946AF265780F}.Debug|x64.Build.0 = Debug|x64
		{5B09F69E-DF0A-4DD2-ABD7-946AF265780F}.Debug|x86.ActiveCfg = Debug|Win32
		{5B09F69E-DF0A-4DD2-ABD7-946AF265780F}.Debug|x86.Build.0 = Debug|Win32
		{5B09F69E-DF0A-4DD2-ABD7-946AF265780F}.Release|x64.ActiveCfg = Release|x64
		{5B09F69E-DF0A-4DD2-ABD7-946AF265780F}.Release|x64.Build.0 = Release|x64
		{5B09F69E-DF0A-4DD2-ABD7-946AF265780F}.Release|x86.ActiveCfg = Release|Win32
		{5B09F69E-DF0A-4DD2-ABD7-946AF265780F}.Release|x86.Build.0 = Release|Win32
		{F4AAF196-0C95-49E1-966A-060A7AEA9145}.Debug|x64.ActiveCfg = Debug|x64
		{F4AAF196-0C95-49E1-966A-060A7AEA9145}.Debug|x64.Build.0 = Debug|x64
		{F4AAF196-0C95-49E1-966A-060A7AEA9145}.Debug|x86.ActiveCfg = Debug|Win32
		{F4AAF196-0C95-49E1-966A-060A7AEA9145}.Debug|x86.Build.0 = Debug|Win32
		{F4AAF196-0C95-49E1-966A-060A7AEA9145}.Release|x64.ActiveCfg = Release|x64
		{F4AAF196-0C95-49E1-966A-060A7AEA9145}.Release|x64.Build.0 = Release|x64
		{F4AAF196-0C95-49E1-966A-060A7AEA9145}.Release|x86.ActiveCfg = Release|Win32
		{F4AAF196-0C95-49E1-966A-060A7AEA9145}.Release|x86.Build.0 = Release|Win32
		{8F490274-C0A1-4B22-AE7A-14B499FA03A2}.Debug|x64.ActiveCfg = Debug|x64
		{8F490274-C0A1-4B22-AE7A-14B499FA03A2}.Debug|x64.Build.0 = Debug|x64
		{8F490274-C0A1-4B22-AE7A-14B499FA03A2}.Debug|x86.ActiveCfg = Debug|Win32
		{8F490274-C0A1-4B22-AE7A-14B499FA03A2}.Debug|x86.Build.0 = Debug|Win32
		{8F490274-C0A1-4B22-AE7A-14B499FA03A2}.Release|x64.ActiveCfg = Release|x64
		{8F490274-C0A1-4B22-AE7A-14B499FA03A2}.Release|x64.Build.0 = Release|x64
		{8F490274-C0A1-4B22-AE7A-14B499FA03A2}.Release|x86.ActiveCfg = Release|Win32
		{8F490274-C0A1-4B22-AE7A-14B499FA03A2}.Release|x86.Build.0 = Release|Win32
		{2635CEA8-0ECA-490D-B223-6BCB47131027}.Debug|x64.ActiveCfg = Debug|x64
		{2635CEA8-0ECA-490D-B223-6BCB47131027}.Debug|x64.Build.0 = Debug|x64
		{2635CEA8-0ECA-490D-B223-6BCB47131027}.Debug|x86.ActiveCfg = Debug|Win32
		{2635CEA8-0ECA-490D-B223-6BCB47131027}.Debug|x86.Build.0 = Debug|Win32
		{2635CEA8-0ECA-490D-B223-6BCB47131027}.Release|x64.ActiveCfg = Release|x64
		{2635CEA8-0ECA-490D-B223-6BCB47131027}.Release|x64.Build.0 = Release|x64
		{2635CEA8-0ECA-490D-B223-6BCB47131027}.Release|x86.ActiveCfg = Release|Win32
		{2635CEA8-0ECA-490D-B223-6BCB47131027}.Release|x86.Build.0 = Release|Win32
		{F98A7579-238A-4263-B711-C8C4A141967C}.Debug|x64.ActiveCfg = Debug|x64
		{F98A7579-238A-4263-B711-C8C4A141967C}.Debug|x64.Build.0 = Debug|x64
		{F98A7579-238A-4263-B711-C8C4A141967C}.Debug|x86.ActiveCfg = Debug|Win32
		{F98A7579-238A-4263-B711-C8C4A141967C}.Debug|x86.Build.0 = Debug|Win32
		{F98A7579-238A-4263-B711-C8C4A141967C}.Release|x64.ActiveCfg = Release|x64
		{F98A7579-238A-4263-B711-C8C4A141967C}.Release|x64.Build.0 = Release|x64
		{F98A7579-238A-4263-B711-C8C4A141967C}.Release|x86.ActiveCfg = Release|Win32
		{F98A7579-238A-4263-B711-C8C4A141967C}.Release|x86.Build.0 = Release|Win32
		{7EBAC6AA-D4D4-465F-A1F1-CA833151BC28}.Debug|x64.ActiveCfg = Debug|x64
		{7EBAC6AA-D4D4-465F-A1F1-CA833151BC28}.Debug|x64.Build.0 = Debug|x64
		{7EBAC6AA-D4D4-465F-A1F1-CA833151BC28}.Debug|x86.ActiveCfg = Debug|Win32
		{7EBAC6AA-D4D4-465F-A1F1-CA833151BC28}.Debug|x86.Build.0 = Debug|Win32
		{7EBAC6AA-D4D4-465F-A1F1-CA833151BC28}.Release|x64.ActiveCfg = Release|x64
		{7EBAC6AA-D4D4-465F-A1F1-CA833151BC28}.Release|x64.Build.0 = Release|x64
		{7EBAC6AA-D4D4-465F-A1F1-CA833151BC28}.Release|x86.ActiveCfg = Release|Win32
		{7EBAC6AA-D4D4-465F-A1F1-CA833151BC28}.Release|x86.Build.0 = Release|Win32
		{E58C51F5-F554-414B-94FA-D527404A43BA}.Debug|x64.ActiveCfg = Debug|x64
		{E58C51F5-F554-414B-94FA-D527404A43BA}.Debug|x64.Build.0 = Debug|x64
		{E58C51F5-F554-414B-94FA-D527404A43BA}.Debug|x86.ActiveCfg = Debug|Win32
		{E58C51F5-F554-414B-94FA-D527404A43BA}.Debug|x86.Build.0 = Debug|Win32
		{E58C51F5-F554-414B-94FA-D527404A43BA}.Release|x64.ActiveCfg = Release|x64
		{E58C51F5-F554-414B-94FA-D527404A43BA}.Release|x64.Build.0 = Release|x64
		{E58C51F5-F554-414B-94FA-D527404A43BA}.Release|x86.ActiveCfg = Release|Win32
		{E58C51F5-F554-414B-94FA-D527404A43BA}.Release|x86.Build.0 = Release|Win32
		{B62C2D69-9946-4774-887A-FA8AC1477E46}.Debug|x64.ActiveCfg = Debug|x64
		{B62C2D69-9946-4774-887A-FA8AC1477E46}.Debug|x64.Build.0 = Debug|x64
		{B62C2D69-9946-4774-887A-FA8AC1477E46}.Debug|x86.ActiveCfg = Debug|Win32
		{B62C2D69-9946-4774-887A-FA8AC1477E46}.Debug|x86.Build.0 = Debug|Win32
		{B62C2D69-9946-4774-887A-FA8AC1477E46}.Release|x64.ActiveCfg = Release|x64
		{B62C2D69-9946-4774-887A-FA8AC1477E46}.Release|x64.Build.0 = Release|x64
		{B62C2D69-9946-4774-887A-FA8AC1477E46}.Release|x86.ActiveCfg = Release|Win32
		{B62C2D69-9946-4774-887A-FA8AC1477E46}.Release|x86.Build.0 = Release|Win32
		{0E5F6B52-7A8D-4E3C-8959-1CFF5313ECE0}.Debug|x64.ActiveCfg = Debug|x64
		{0E5F6B52-7A8D-4E3C-8959-1CFF5313ECE0}.Debug|x64.Build.0 = Debug|x64
		{0E5F6B52-7A8D-4E3C-8959-1CFF5313ECE0}.Debug|x86.ActiveCfg = Debug|Win32
		{0E5F6B52-7A8D-4E3C-8959-1CFF5313ECE0}.Debug|x86.Build.0 = Debug|Win32
		{0E5F6B52-7A8D-4E3C-8959-1CFF5313ECE0}.Release|x64.ActiveCfg = Release|x64
		{0E5F6B52-7A8D-4E3C-8959-1CFF5313ECE0}.Release|x64.Build.0 = Release|x64
		{0E5F6B52-7A8D-4E3C-8959-1CFF5313ECE0}.Release|x86.ActiveCfg = Release|Win32
		{0E5F6B52-7A8D-4E3C-8959-1CFF5313ECE0}.Release|x86.Build.0 = Release|Win32
		{02293939-678A-4C8E-B4B2-659502C911D7}.Debug|x64.ActiveCfg = Debug|x64
		{02293939-678A-4C8E-B4B2-659502C911D7}.Debug|x64.Build.0 = Debug|x64
		{02293939-678A-4C8E-B4B2-659502C911D7}.Debug|x86.ActiveCfg = Debug|Win32
		{02293939-678A-4C8E-B4B2-659502C911D7}.Debug|x86.Build.0 = Debug|Win32
		{02293939-678A-4C8E-B4B2-659502C911D7}.Release|x64.ActiveCfg = Release|x64
		{02293939-678A-4C8E-B4B2-659502C911D7}.Release|x64.Build.0 = Release|x64
		{02293939-678A-4C8E-B4B2-659502C911D7}.Release|x86.ActiveCfg = Release|Win32
		{02293939-678A-4C8E-B4B2-659502C911D7}.Release|x86.Build.0 = Release|Win32
		{697BDEB8-E9E4-4D81-B0E0-8A36E621EAE0}.Debug|x64.ActiveCfg = Debug|x64
		{697BDEB8-E9E4-4D81-B0E0-8A36E621EAE0}.Debug|x64.Build.0 = Debug|x64
		{697BDEB8-E9E4-4D81-B0E0-8A36E621EAE0}.Debug|x86.ActiveCfg = Debug|Win32
		{697BDEB8-E9E4-4D81-B0E0-8A36E621EAE0}.Debug|x86.Build.0 = Debug|Win32
		{697BDEB8-E9E4-4D81-B0E0-8A36E621EAE0}.Release|x64.ActiveCfg = Release|x64
		{697BDEB8-E9E4-4D81-B0E0-8A36E621EAE0}.Release|x64.Build.0 = Release|x64
		{697BDEB8-E9E4-4D81-B0E0-8A36E621EAE0}.Release|x86.ActiveCfg = Release|Win32
		{697BDEB8-E9E4-4D81-B0E0-8A36E621EAE0}.Release|x86.Build.0 = Release|Win32
		{4D098DD4-D80F-4D50-AA06-35DCAD330F70}.Debug|x64.ActiveCfg = Debug|x64
		{4D098DD4-D80F-4D50-AA06-35DCAD330F70}.Debug|x64.Build.0 = Debug|x64
		{4D098DD4-D80F-4D50-AA06-35DCAD330F70}.Debug|x86.ActiveCfg = Debug|Win32
		{4D098DD4-D80F-4D50-AA06-35DCAD330F70}.Debug|x86.Build.0 = Debug|Win32
		{4D098DD4-D80F-4D50-AA06-35DCAD330F70}.Release|x64.ActiveCfg = Release|x64
		{4D098DD4-D80F-4D50-AA06-35DCAD330F70}.Release|x64.Build.0 = Release|x64
		{4D098DD4-D80F-4D50-AA06-35DCAD330F70}.Release|x86.ActiveCfg = Release|Win32
		{4D098DD4-D80F-4D50-AA06-35DCAD330F70}.Release|x86.Build.0 = Release|Win32
		{95E40490-16A6-4A74-B308-38A44E34DB47}.Debug|x64.ActiveCfg = Debug|x64
		{95E40490-16A6-4A74-B308-38A44E34DB47}.Debug|x64.Build.0 = Debug|x64
		{95E40490-16A6-4A74-B308-38A44E34DB47}.Debug|x86.ActiveCfg = Debug|Win32
		{95E40490-16A6-4A74-B308-38A44E34DB47}.Debug|x86.Build.0 = Debug|Win32
		{95E40490-16A6-4A74-B308-38A44E34DB47}.Release|x64.ActiveCfg = Release|x64
		{95E40490-16A6-4A74-B308-38A44E34DB47}.Release|x64.Build.0 = Release|x64
		{95E40490-16A6-4A74-B308-38A44E34DB47}.Release|x86.ActiveCfg = Release|Win32
		{95E40490-16A6-4A74-B308-38A44E34DB47}.Release|x86.Build.0 = Release|Win32
		{05E0C8E8-48E4-49C1-B711-8E97733526C0}.Debug|x64.ActiveCfg = Debug|x64
		{05E0C8E8-48E4-49C1-B711-8E97733526C0}.Debug|x64.Build.0 = Debug|x64
		{05E0C8E8-48E4-49C1-B711-8E97733526C0}.Debug|x86.ActiveCfg = Debug|Win32
		{05E0C8E8-48E4-49C1-B711-8E97733526C0}.Debug|x86.Build.0 = Debug|Win32
		{05E0C8E8-48E4-49C1-B711-8E97733526C0}.Release|x64.ActiveCfg = Release|x64
		{05E0C8E8-48E4-49C1-B711-8E97733526C0}.Release|x64.Build.0 = Release|x64
		{05E0C8E8-48E4-49C1-B711-8E97733526C0}.Release|x86.ActiveCfg = Release|Win32
		{05E0C8E8-48E4-49C1-B711-8E97733526C0}.Release|x86.Build.0 = Release|Win32
		{6C259306-D4A1-4E15-AC2B-DCAB1FE76484}.Debug|x64.ActiveCfg = Debug|x64
		{6C259306-D4A1-4E15-AC2B-DCAB1FE76484}.Debug|x64.Build.0 = Debug|x64
		{6C259306-D4A1-4E15-AC2B-DCAB1FE76484}.Debug|x86.ActiveCfg = Debug|Win32
		{6C259306-D4A1-4E15-AC2B-DCAB1FE76484}.Debug|x86.Build.0 = Debug|Win32
		{6C259306-D4A1-4E15-AC2B-DCAB1FE76484}.Release|x64.ActiveCfg = Release|x64
		{6C259306-D4A1-4E15-AC2B-DCAB1FE76484}.Release|x64.Build.0 = Release|x64
		{6C259306-D4A1-4E15-AC2B-DCAB1FE76484}.Release|x86.ActiveCfg = Release|Win32
		{6C259306-D4A1-4E15-AC2B-DCAB1FE76484}.Release|x86.Build.0 = Release|Win32
		{D5BC4824-E46B-4B3A-9561-522BEDD3DF80}.Debug|x64.ActiveCfg = Debug|x64
		{D5BC4824-E46B-4B3A-9561-522BEDD3DF80}.Debug|x64.Build.0 = Debug|x64
		{D5BC4824-E46B-4B3A-9561-522BEDD3DF80}.Debug|x86.ActiveCfg = Debug|Win32
		{D5BC4824-E46B-4B3A-9561-522BEDD3DF80}.Debug|x86.Build.0 = Debug|Win32
		{D5BC4824-E46B-4B3A-9561-522BEDD3DF80}.Release|x64.ActiveCfg = Release|x64
		{D5BC4824-E46B-4B3A-9561-522BEDD3DF80}.Release|x64.Build.0 = Release|x64
		{D5BC4824-E46B-4B3A-9561-522BEDD3DF80}.Release|x86.ActiveCfg = Release|Win32
		{D5BC4824-E46B-4B3A-9561-522BEDD3DF80}.Release|x86.Build.0 = Release|Win32
		{043F5F20-56DE-4B23-B490-081A12593433}.Debug|x64.ActiveCfg = Debug|x64
		{043F5F20-56DE-4B23-B490-081A12593433}.Debug|x64.Build.0 = Debug|x64
		{043F5F20-56DE-4B23-B490-081A12593433}.Debug|x86.ActiveCfg = Debug|Win32
		{043F5F20-56DE-4B23-B490-081A12593433}.Debug|x86.Build.0 = Debug|Win32
		{043F5F20-56DE-4B23-B490-081A12593433}.Release|x64.ActiveCfg = Release|x64
		{043F5F20-56DE-4B23-B490-081A12593433}.Release|x64.Build.0 = Release|x64
		{043F5F20-56DE-4B23-B490-081A12593433}.Release|x86.ActiveCfg = Release|Win32
		{043F5F20-56DE-4B23-B490-081A12593433}.Release|x86.Build.0 = Release|Win32
		{9ABE26BF-ABB3-49AF-B029-483B78025549}.Debug|x64.ActiveCfg = Debug|x64
		{9ABE26BF-ABB3-49AF-B029-483B78025549}.Debug|x64.Build.0 = Debug|x64
		{9ABE26BF-ABB3-49AF-B029-483B78025549}.Debug|x86.ActiveCfg = Debug|Win32
		{9ABE26BF-ABB3-49AF-B029-483B78025549}.Debug|x86.Build.0 = Debug|Win32
		{9ABE26BF-ABB3-49AF-B029-483B78025549}.Release|x64.ActiveCfg = Release|x64
		{9ABE26BF-ABB3-49AF-B029-483B78025549}.Release|x64.Build.0 = Release|x64
		{9ABE26BF-ABB3-49AF-B029-483B78025549}.Release|x86.ActiveCfg = Release|Win32
		{9ABE26BF-ABB3-49AF-B029-483B78025549}.Release|x86.Build.0 = Release|Win32
		{2BA6CE58-C648-408A-92C7-C827586495A8}.Debug|x64.ActiveCfg = Debug|x64
		{2BA6CE58-C648-408A-92C7-C827586495A8}.Debug|x64.Build.0 = Debug|x64
		{2BA6CE58-C648-408A-92C7-C827586495A8}.Debug|x86.ActiveCfg = Debug|Win32
		{2BA6CE58-C648-408A-92C7-C827586495A8}.Debug|x86.Build.0 = Debug|Win32
		{2BA6CE58-C648-408A-92C7-C827586495A8}.Release|x64.ActiveCfg = Release|x64
		{2BA6CE58-C648-408A-92C7-C827586495A8}.Release|x64.Build.0 = Release|x64
		{2BA6CE58-C648-408A-92C7-C827586495A8}.Release|x86.ActiveCfg = Release|Win32
		{2BA6CE58-C648-408A-92C7-C827586495A8}.Release|x86.Build.0 = Release|Win32
		{21890A64-2EF8-4528-B454-CA1AA9A373A6}.Debug|x64.ActiveCfg = Debug|x64
		{21890A64-2EF8-4528-B454-CA1AA9A373A6}.Debug|x64.Build.0 = Debug|x64
		{21890A64-2EF8-4528-B454-CA1AA9A373A6}.Debug|x86.ActiveCfg = Debug|Win32
		{21890A64-2EF8-4528-B454-CA1AA9A373A6}.Debug|x86.Build.0 = Debug|Win32
		{21890A64-2EF8-4528-B454-CA1AA9A373A6}.Release|x64.ActiveCfg = Release|x64
		{21890A64-2EF8-4528-B454-CA1AA9A373A6}.Release|x64.Build.0 = Release|x64
		{21890A64-2EF8-4528-B454-CA1AA9A373A6}.Release|x86.ActiveCfg = Release|Win32
		{21890A64-2EF8-4528-B454-CA1AA9A373A6}.Release|x86.Build.0 = Release|Win32
	EndGlobalSection
	GlobalSection(SolutionProperties) = preSolution
		HideSolutionNode = FALSE
	EndGlobalSection
	GlobalSection(NestedProjects) = preSolution
		{D34BDAF3-4A88-47F0-ABB5-DB88197B8F80} = {1325C870-DF20-4B5F-B99B-5F2C50A24407}
		{3D4C9C72-6862-4340-8621-3D63BA15D76F} = {1325C870-DF20-4B5F-B99B-5F2C50A24407}
		{0DFEBB3B-CC7A-4087-96AC-4F680BCB0C8B} = {6D03BDBF-8106-4282-8A0C-2C30C4299E64}
		{E58C51F5-F554-414B-94FA-D527404A43BA} = {1325C870-DF20-4B5F-B99B-5F2C50A24407}
		{0E5F6B52-7A8D-4E3C-8959-1CFF5313ECE0} = {1325C870-DF20-4B5F-B99B-5F2C50A24407}
		{4D098DD4-D80F-4D50-AA06-35DCAD330F70} = {1325C870-DF20-4B5F-B99B-5F2C50A24407}
		{043F5F20-56DE-4B23-B490-081A12593433} = {1325C870-DF20-4B5F-B99B-5F2C50A24407}
		{9ABE26BF-ABB3-49AF-B029-483B78025549} = {1325C870-DF20-4B5F-B99B-5F2C50A24407}
		{21890A64-2EF8-4528-B454-CA1AA9A373A6} = {1325C870-DF20-4B5F-B99B-5F2C50A24407}
	EndGlobalSection
	GlobalSection(ExtensibilityGlobals) = postSolution
		SolutionGuid = {8B01FD9A-9FAE-420E-B4C3-112FD02D47C2}
	EndGlobalSection
EndGlobal
