
Microsoft Visual Studio Solution File, Format Version 12.00
# Visual Studio Version 17
VisualStudioVersion = 17.5.33424.131
MinimumVisualStudioVersion = 10.0.40219.1
Project("{8BC9CEB8-8B4A-11D0-8D11-00A0C91BC942}") = "001_AR47Start", "001_AR47Start\001_AR47Start.vcxproj", "{9E1C9C73-18C2-4070-92F5-1EE928D90765}"
EndProject
Project("{8BC9CEB8-8B4A-11D0-8D11-00A0C91BC942}") = "002_compaile", "002_compaile\002_compaile.vcxproj", "{67DC1219-C8D5-4C06-8DE3-ADA0CD4CB6E9}"
EndProject
Project("{8BC9CEB8-8B4A-11D0-8D11-00A0C91BC942}") = "004_Var", "004_Var\004_Var.vcxproj", "{23CA4D57-D1AD-403C-95B5-79AD45304E1A}"
EndProject
Project("{8BC9CEB8-8B4A-11D0-8D11-00A0C91BC942}") = "005_Operator000", "005_Operator000\005_Operator000.vcxproj", "{96780344-FF6B-49FA-A98F-056CAEA8271E}"
EndProject
Project("{8BC9CEB8-8B4A-11D0-8D11-00A0C91BC942}") = "006_InitOrCapy", "006_InitOrCapy\006_InitOrCapy.vcxproj", "{47745374-34CB-4804-845E-6F807907938A}"
EndProject
Project("{8BC9CEB8-8B4A-11D0-8D11-00A0C91BC942}") = "007_Operator001", "007_Operator001\007_Operator001.vcxproj", "{27AF4A63-DEC5-49CA-86A6-91FFFCB7D6F5}"
EndProject
Project("{8BC9CEB8-8B4A-11D0-8D11-00A0C91BC942}") = "003_MainFunction", "003_MainFunction\003_MainFunction.vcxproj", "{96A423D5-D15F-4EB8-972C-B633498DABF3}"
EndProject
Project("{8BC9CEB8-8B4A-11D0-8D11-00A0C91BC942}") = "008_bit", "008_bit\008_bit.vcxproj", "{9C142676-4224-44C4-BC32-5FF1ED3BBAAF}"
EndProject
Project("{8BC9CEB8-8B4A-11D0-8D11-00A0C91BC942}") = "009_Semicolon", "009_Semicolon\009_Semicolon.vcxproj", "{9018D7DB-2DF8-409A-88BB-8B3139B62349}"
EndProject
Project("{8BC9CEB8-8B4A-11D0-8D11-00A0C91BC942}") = "010_Operator002", "010_Operator002\010_Operator002.vcxproj", "{1F54CB8F-19F6-4AE3-A2E2-0ECE634631C5}"
EndProject
Project("{8BC9CEB8-8B4A-11D0-8D11-00A0C91BC942}") = "011_Operator004", "011_Operator004\011_Operator004.vcxproj", "{8A69FFD9-072D-4A50-99DC-0153591DDD37}"
EndProject
Project("{8BC9CEB8-8B4A-11D0-8D11-00A0C91BC942}") = "012_FunctionAndMemory", "012_FunctionAndMemory\012_FunctionAndMemory.vcxproj", "{78D9B971-66D7-4C35-A099-DCEA933361EE}"
EndProject
Project("{8BC9CEB8-8B4A-11D0-8D11-00A0C91BC942}") = "013_Function", "013_Function\013_Function.vcxproj", "{BA821C6A-30A9-4B86-8767-C95D6084735D}"
EndProject
Project("{8BC9CEB8-8B4A-11D0-8D11-00A0C91BC942}") = "014_Unsigned", "014_Unsigned\014_Unsigned.vcxproj", "{4387384D-FD55-4486-A403-F2A3A14A65BE}"
EndProject
Project("{8BC9CEB8-8B4A-11D0-8D11-00A0C91BC942}") = "015_Charactor", "015_Charactor\015_Charactor.vcxproj", "{C16F1ABB-3C84-421F-A376-F957BCD1373B}"
EndProject
Project("{8BC9CEB8-8B4A-11D0-8D11-00A0C91BC942}") = "016_ArrayToString", "016_ArrayToString\016_ArrayToString.vcxproj", "{77BB987C-E193-44AB-BBC9-B990247866CF}"
EndProject
Project("{8BC9CEB8-8B4A-11D0-8D11-00A0C91BC942}") = "017_Printf", "017_Printf\017_Printf.vcxproj", "{3AEC73AA-C8E1-48A4-82DA-0F7B630E0E7F}"
EndProject
Project("{8BC9CEB8-8B4A-11D0-8D11-00A0C91BC942}") = "018_const", "018_const\018_const.vcxproj", "{12F46F0A-A827-4AE5-BD4E-FA17AD7F9DE1}"
EndProject
Project("{8BC9CEB8-8B4A-11D0-8D11-00A0C91BC942}") = "019_inline", "019_inline\019_inline.vcxproj", "{483DF315-6006-4238-A1D3-58AA9388E5D2}"
EndProject
Project("{8BC9CEB8-8B4A-11D0-8D11-00A0C91BC942}") = "000_CodeTestField", "000_CodeTestField\000_CodeTestField.vcxproj", "{29C76298-427A-46F7-A94B-754DB7EE91C5}"
EndProject
Project("{8BC9CEB8-8B4A-11D0-8D11-00A0C91BC942}") = "029_Variableargument", "029_Variableargument\029_Variableargument.vcxproj", "{C96521C8-A480-4124-BA29-FDC50089D8DA}"
EndProject
Project("{8BC9CEB8-8B4A-11D0-8D11-00A0C91BC942}") = "030_PointerOperator000", "030_PointerOperator000\030_PointerOperator000.vcxproj", "{B7C50D96-36CB-4623-864F-172278AEDEB7}"
EndProject
Project("{8BC9CEB8-8B4A-11D0-8D11-00A0C91BC942}") = "031_If", "031_If\031_If.vcxproj", "{67CAAEFC-2038-483D-8DC0-091608E9C749}"
EndProject
Project("{8BC9CEB8-8B4A-11D0-8D11-00A0C91BC942}") = "032_Switch", "032_Switch\032_Switch.vcxproj", "{7CE1B01A-5A07-4923-BC46-BEA7FD85C2DB}"
EndProject
Project("{8BC9CEB8-8B4A-11D0-8D11-00A0C91BC942}") = "HomeWork0317", "HomeWork0317\HomeWork0317.vcxproj", "{D34BDAF3-4A88-47F0-ABB5-DB88197B8F80}"
EndProject
Project("{8BC9CEB8-8B4A-11D0-8D11-00A0C91BC942}") = "034_Random", "034_Random\034_Random.vcxproj", "{351B0115-A458-498A-BC2D-B945ADD1F2EF}"
EndProject
Project("{2150E333-8FDC-42A3-9474-1A3956D46DE8}") = "HomeWork", "HomeWork", "{1325C870-DF20-4B5F-B99B-5F2C50A24407}"
EndProject
Project("{8BC9CEB8-8B4A-11D0-8D11-00A0C91BC942}") = "033_MyPrintf", "033_MyPrintf\033_MyPrintf.vcxproj", "{24FD1436-AE67-4C6F-AB7C-94BFF1D2C183}"
EndProject
Project("{8BC9CEB8-8B4A-11D0-8D11-00A0C91BC942}") = "035_For", "035_For\035_For.vcxproj", "{69B2B504-789A-4F7A-9A39-F129DCCFF3BE}"
EndProject
Project("{8BC9CEB8-8B4A-11D0-8D11-00A0C91BC942}") = "036_Global", "036_Global\036_Global.vcxproj", "{D116DB1B-2F02-471B-A750-932739335582}"
EndProject
Project("{8BC9CEB8-8B4A-11D0-8D11-00A0C91BC942}") = "037_typedef", "037_typedef\037_typedef.vcxproj", "{A6F69577-F039-4FC8-8C03-2EAC2311649A}"
EndProject
Project("{8BC9CEB8-8B4A-11D0-8D11-00A0C91BC942}") = "038_Class", "038_Class\038_Class.vcxproj", "{0CD0EE06-FEF1-4183-A961-1B4D504F94A0}"
EndProject
Project("{8BC9CEB8-8B4A-11D0-8D11-00A0C91BC942}") = "039_BreakAndContinue", "039_BreakAndContinue\039_BreakAndContinue.vcxproj", "{EED95ECF-9F12-48F0-89D2-14CBA184CFF9}"
EndProject
Project("{8BC9CEB8-8B4A-11D0-8D11-00A0C91BC942}") = "041_Class002", "041_Class002\041_Class002.vcxproj", "{D71C535E-3D3C-4E1B-BE62-89724BDD00E1}"
EndProject
Project("{8BC9CEB8-8B4A-11D0-8D11-00A0C91BC942}") = "041_Class003_Struct", "041_Class003_Struct\041_Class003_Struct.vcxproj", "{DBFDFE04-7D6F-4F85-96EC-E3E84ACB4B10}"
EndProject
Project("{8BC9CEB8-8B4A-11D0-8D11-00A0C91BC942}") = "HomeWork0321", "HomeWork0321\HomeWork0321.vcxproj", "{3D4C9C72-6862-4340-8621-3D63BA15D76F}"
EndProject
Project("{2150E333-8FDC-42A3-9474-1A3956D46DE8}") = "ETC", "ETC", "{6D03BDBF-8106-4282-8A0C-2C30C4299E64}"
EndProject
Project("{8BC9CEB8-8B4A-11D0-8D11-00A0C91BC942}") = "RandomHomeWork", "RandomHomeWork\RandomHomeWork.vcxproj", "{0DFEBB3B-CC7A-4087-96AC-4F680BCB0C8B}"
EndProject
Project("{8BC9CEB8-8B4A-11D0-8D11-00A0C91BC942}") = "043_Arr2d", "043_Arr2d\043_Arr2d.vcxproj", "{7772E96E-045F-4452-928E-F30A67B90BDE}"
EndProject
Project("{8BC9CEB8-8B4A-11D0-8D11-00A0C91BC942}") = "042_Class003_Struct", "042_Class003_Struct\042_Class003_Struct.vcxproj", "{47A5E681-2F01-4163-93B2-AFFF2B372C09}"
EndProject
Project("{8BC9CEB8-8B4A-11D0-8D11-00A0C91BC942}") = "044_Member", "044_Member\044_Member.vcxproj", "{5B09F69E-DF0A-4DD2-ABD7-946AF265780F}"
EndProject
Project("{8BC9CEB8-8B4A-11D0-8D11-00A0C91BC942}") = "045_NameSpace", "045_NameSpace\045_NameSpace.vcxproj", "{F4AAF196-0C95-49E1-966A-060A7AEA9145}"
EndProject
Project("{8BC9CEB8-8B4A-11D0-8D11-00A0C91BC942}") = "046_BytePadding", "046_BytePadding\046_BytePadding.vcxproj", "{8F490274-C0A1-4B22-AE7A-14B499FA03A2}"
EndProject
Project("{8BC9CEB8-8B4A-11D0-8D11-00A0C91BC942}") = "047_ClassConstructer", "047_ClassConstructer\047_ClassConstructer.vcxproj", "{2635CEA8-0ECA-490D-B223-6BCB47131027}"
EndProject
Project("{8BC9CEB8-8B4A-11D0-8D11-00A0C91BC942}") = "048_This", "048_This\048_This.vcxproj", "{F98A7579-238A-4263-B711-C8C4A141967C}"
EndProject
Project("{8BC9CEB8-8B4A-11D0-8D11-00A0C91BC942}") = "050_ClassOperation", "050_ClassOperation\050_ClassOperation.vcxproj", "{7EBAC6AA-D4D4-465F-A1F1-CA833151BC28}"
EndProject
Project("{8BC9CEB8-8B4A-11D0-8D11-00A0C91BC942}") = "HomeWork0323", "HomeWork0323\HomeWork0323.vcxproj", "{E58C51F5-F554-414B-94FA-D527404A43BA}"
EndProject
Project("{8BC9CEB8-8B4A-11D0-8D11-00A0C91BC942}") = "051_ClassParameter", "051_ClassParameter\051_ClassParameter.vcxproj", "{B62C2D69-9946-4774-887A-FA8AC1477E46}"
EndProject
Project("{8BC9CEB8-8B4A-11D0-8D11-00A0C91BC942}") = "HomeWork0324", "HomeWork0324\HomeWork0324.vcxproj", "{0E5F6B52-7A8D-4E3C-8959-1CFF5313ECE0}"
EndProject
Project("{8BC9CEB8-8B4A-11D0-8D11-00A0C91BC942}") = "051_ClassConst", "051_ClassConst\051_ClassConst.vcxproj", "{02293939-678A-4C8E-B4B2-659502C911D7}"
EndProject
Project("{8BC9CEB8-8B4A-11D0-8D11-00A0C91BC942}") = "052_GlobalValue", "052_GlobalValue\052_GlobalValue.vcxproj", "{697BDEB8-E9E4-4D81-B0E0-8A36E621EAE0}"
EndProject
Project("{8BC9CEB8-8B4A-11D0-8D11-00A0C91BC942}") = "HomeWork0327", "HomeWork0327\HomeWork0327.vcxproj", "{4D098DD4-D80F-4D50-AA06-35DCAD330F70}"
EndProject
Project("{8BC9CEB8-8B4A-11D0-8D11-00A0C91BC942}") = "053_FunctionOverloading", "053_FunctionOverloading\053_FunctionOverloading.vcxproj", "{95E40490-16A6-4A74-B308-38A44E34DB47}"
EndProject
Project("{8BC9CEB8-8B4A-11D0-8D11-00A0C91BC942}") = "054_declaration", "054_declaration\054_declaration.vcxproj", "{05E0C8E8-48E4-49C1-B711-8E97733526C0}"
EndProject
Project("{8BC9CEB8-8B4A-11D0-8D11-00A0C91BC942}") = "055_ClassDeclaration", "055_ClassDeclaration\055_ClassDeclaration.vcxproj", "{6C259306-D4A1-4E15-AC2B-DCAB1FE76484}"
EndProject
Project("{8BC9CEB8-8B4A-11D0-8D11-00A0C91BC942}") = "056_HeaderAndCpp", "056_HeaderAndCpp\056_HeaderAndCpp.vcxproj", "{D5BC4824-E46B-4B3A-9561-522BEDD3DF80}"
EndProject
Project("{8BC9CEB8-8B4A-11D0-8D11-00A0C91BC942}") = "HomeWork0329", "HomeWork0329\HomeWork0329.vcxproj", "{043F5F20-56DE-4B23-B490-081A12593433}"
EndProject
Project("{8BC9CEB8-8B4A-11D0-8D11-00A0C91BC942}") = "HomeWork0330", "HomeWork0330\HomeWork0330.vcxproj", "{9ABE26BF-ABB3-49AF-B029-483B78025549}"
EndProject
Project("{8BC9CEB8-8B4A-11D0-8D11-00A0C91BC942}") = "057_inheritance", "057_inheritance\057_inheritance.vcxproj", "{2BA6CE58-C648-408A-92C7-C827586495A8}"
EndProject
Project("{8BC9CEB8-8B4A-11D0-8D11-00A0C91BC942}") = "HomeWork0331", "HomeWork0331\HomeWork0331.vcxproj", "{21890A64-2EF8-4528-B454-CA1AA9A373A6}"
EndProject
Project("{8BC9CEB8-8B4A-11D0-8D11-00A0C91BC942}") = "058_inheritanceMemory", "058_inheritanceMemory\058_inheritanceMemory.vcxproj", "{4ABCABAD-414A-4B49-848D-DF5FE60EF481}"
EndProject
Project("{8BC9CEB8-8B4A-11D0-8D11-00A0C91BC942}") = "059_ClassDefault", "059_ClassDefault\059_ClassDefault.vcxproj", "{D7258643-A438-494A-888A-9B2311E2D1CF}"
EndProject
Project("{8BC9CEB8-8B4A-11D0-8D11-00A0C91BC942}") = "060_FunctionPointer", "060_FunctionPointer\060_FunctionPointer.vcxproj", "{C1F70053-0814-4905-AA54-088846AE3E5D}"
EndProject
Project("{8BC9CEB8-8B4A-11D0-8D11-00A0C91BC942}") = "061_VirtualSize", "061_VirtualSize\061_VirtualSize.vcxproj", "{58255612-97FA-45E2-84B8-8482356D2FA0}"
EndProject
Project("{8BC9CEB8-8B4A-11D0-8D11-00A0C91BC942}") = "CreateTemplate", "CreateTemplate\CreateTemplate.vcxproj", "{FFCB5F40-145E-42AF-910D-1687C49548F4}"
EndProject
Project("{8BC9CEB8-8B4A-11D0-8D11-00A0C91BC942}") = "063_Vptr", "063_Vptr\063_Vptr.vcxproj", "{F245B601-2147-4F7D-8FF2-D9D5875A65E1}"
EndProject
Project("{8BC9CEB8-8B4A-11D0-8D11-00A0C91BC942}") = "063_Heap", "063_Heap\063_Heap.vcxproj", "{B64AC2CC-168E-4FEE-ADE5-79B3179ABF9E}"
EndProject
Project("{8BC9CEB8-8B4A-11D0-8D11-00A0C91BC942}") = "062_UpAndDownCasting", "062_UpAndDownCasting\062_UpAndDownCasting.vcxproj", "{43E4114D-8CF8-41FD-8697-8D6F30F19761}"
EndProject
Project("{8BC9CEB8-8B4A-11D0-8D11-00A0C91BC942}") = "064_Heap", "064_Heap\064_Heap.vcxproj", "{3E6DA8C9-5CC3-4938-B192-DA9C5E9D2250}"
EndProject
Project("{8BC9CEB8-8B4A-11D0-8D11-00A0C91BC942}") = "065_DeleteHeap", "065_DeleteHeap\065_DeleteHeap.vcxproj", "{FF747082-2043-4692-8465-8A230F6E4786}"
EndProject
Project("{8BC9CEB8-8B4A-11D0-8D11-00A0C91BC942}") = "066_ArrayHeap", "066_ArrayHeap\066_ArrayHeap.vcxproj", "{6873F359-F649-4BC6-AA32-E0B09F128916}"
EndProject
Project("{2150E333-8FDC-42A3-9474-1A3956D46DE8}") = "DataStruct", "DataStruct", "{65B2A3B6-661C-4877-8D8C-7D2A7B60E352}"
EndProject
Project("{8BC9CEB8-8B4A-11D0-8D11-00A0C91BC942}") = "HomeWork0405", "HomeWork0405\HomeWork0405.vcxproj", "{093BCF35-F392-4230-909E-4BA8CEDFCBE9}"
EndProject
Project("{8BC9CEB8-8B4A-11D0-8D11-00A0C91BC942}") = "067_Template", "067_Template\067_Template.vcxproj", "{C7A414C5-D8C9-4E82-B889-E712867F8648}"
EndProject
Project("{8BC9CEB8-8B4A-11D0-8D11-00A0C91BC942}") = "068_DeepCopyAndShallow", "068_DeepCopyAndShallow\068_DeepCopyAndShallow.vcxproj", "{191CA4AC-3E8B-4A28-87E1-2665082CEA11}"
EndProject
Project("{8BC9CEB8-8B4A-11D0-8D11-00A0C91BC942}") = "069_Assert", "069_Assert\069_Assert.vcxproj", "{BC6FD1F2-2A7A-480C-9801-EDFB74F3909C}"
EndProject
Project("{8BC9CEB8-8B4A-11D0-8D11-00A0C91BC942}") = "070_Define", "070_Define\070_Define.vcxproj", "{1FF8EFA1-9B46-45EB-AECA-1433EE12029A}"
EndProject
Project("{2150E333-8FDC-42A3-9474-1A3956D46DE8}") = "Base", "Base", "{DA45CE62-5EEF-47B7-B32F-AD8F9BEF9F90}"
EndProject
Project("{8BC9CEB8-8B4A-11D0-8D11-00A0C91BC942}") = "GameEngineBase", "GameEngineBase\GameEngineBase.vcxproj", "{09BE58AC-3DDA-445E-B25A-9A96965B0157}"
EndProject
Project("{8BC9CEB8-8B4A-11D0-8D11-00A0C91BC942}") = "GameEngineConsole", "GameEngineConsole\GameEngineConsole.vcxproj", "{BAC86528-1CA4-4DED-A11D-9EC17FF206DB}"
EndProject
Project("{8BC9CEB8-8B4A-11D0-8D11-00A0C91BC942}") = "GameEngineArray", "GameEngineArray\GameEngineArray.vcxproj", "{FB43C43E-8684-4C31-848C-0D1A29579693}"
EndProject
Project("{8BC9CEB8-8B4A-11D0-8D11-00A0C91BC942}") = "072_Enum", "072_Enum\072_Enum.vcxproj", "{8BE35D2E-9C21-4B29-9D40-94112E366677}"
EndProject
Project("{8BC9CEB8-8B4A-11D0-8D11-00A0C91BC942}") = "HomeWork0410", "HomeWork0410\HomeWork0410.vcxproj", "{A05416B7-2409-4974-985F-8FB368A51799}"
EndProject
Project("{2150E333-8FDC-42A3-9474-1A3956D46DE8}") = "Doc", "Doc", "{25D60723-B3FD-4A19-9494-286F2A021DEA}"
	ProjectSection(SolutionItems) = preProject
		visual studio 프로젝트 설정하는 법.txt = visual studio 프로젝트 설정하는 법.txt
		Template 파일 만드는 법.txt = Template 파일 만드는 법.txt
		헤더파일 환경설정하는법.txt = 헤더파일 환경설정하는법.txt
	EndProjectSection
EndProject
Project("{8BC9CEB8-8B4A-11D0-8D11-00A0C91BC942}") = "GameEngineNode", "GameEngineNode\GameEngineNode.vcxproj", "{78546686-3FC8-4244-B034-347474BA6AA9}"
EndProject
Project("{8BC9CEB8-8B4A-11D0-8D11-00A0C91BC942}") = "HomeWork0411", "HomeWork0411\HomeWork0411.vcxproj", "{C5F0A169-46B9-426E-B48C-BEEFC5D1F0C4}"
EndProject
Project("{2150E333-8FDC-42A3-9474-1A3956D46DE8}") = "_01234", "_01234", "{D1CBB596-C77F-43E9-86BC-292C6A060032}"
EndProject
Project("{8BC9CEB8-8B4A-11D0-8D11-00A0C91BC942}") = "GameEngineVector", "GameEngineVector\GameEngineVector.vcxproj", "{D462F5E7-A8FE-405A-A764-EDEC42623269}"
EndProject
Project("{8BC9CEB8-8B4A-11D0-8D11-00A0C91BC942}") = "GameEngineList", "GameEngineList\GameEngineList.vcxproj", "{4C43FBDF-755D-4D00-A86B-BCBA8DD1CEF2}"
EndProject
Project("{8BC9CEB8-8B4A-11D0-8D11-00A0C91BC942}") = "073_InnerClass", "073_InnerClass\073_InnerClass.vcxproj", "{756B2A8F-27AB-4AAE-9A62-2E1E33693A74}"
EndProject
Project("{8BC9CEB8-8B4A-11D0-8D11-00A0C91BC942}") = "074_Friend", "074_Friend\074_Friend.vcxproj", "{32CF5857-27F8-42EB-BD2B-FF7E58B3BB1C}"
EndProject
Project("{8BC9CEB8-8B4A-11D0-8D11-00A0C91BC942}") = "HomeWork0413", "HomeWork0413\HomeWork0413.vcxproj", "{957B397D-B85B-40A1-ADDE-4074DDC7E12F}"
EndProject
Project("{8BC9CEB8-8B4A-11D0-8D11-00A0C91BC942}") = "076_MyCout", "076_MyCout\076_MyCout.vcxproj", "{2FE5FC37-AD6E-441D-93E0-DBDAAF1C23CF}"
EndProject
Project("{8BC9CEB8-8B4A-11D0-8D11-00A0C91BC942}") = "HomeWork0414_RamdomBomb", "HomeWork0414\HomeWork0414.vcxproj", "{4D5A0E42-A7F2-4B9C-86A0-22A8214480A7}"
EndProject
Project("{8BC9CEB8-8B4A-11D0-8D11-00A0C91BC942}") = "HomeWork0414_Snake", "HomeWork0414_Snake\HomeWork0414_Snake.vcxproj", "{5055CF63-E145-44AF-8BBA-F1E35E8B521A}"
EndProject
Project("{8BC9CEB8-8B4A-11D0-8D11-00A0C91BC942}") = "StdString", "StdString\StdString.vcxproj", "{350A5C18-57EF-4AB1-AD18-15F088B92424}"
EndProject
Project("{8BC9CEB8-8B4A-11D0-8D11-00A0C91BC942}") = "HomeWork0418", "HomeWork0418\HomeWork0418.vcxproj", "{4E198BDF-F360-4F30-8626-57656FD78C10}"
EndProject
Project("{8BC9CEB8-8B4A-11D0-8D11-00A0C91BC942}") = "RValueRef", "RValueRef\RValueRef.vcxproj", "{627C2DA3-F07E-461A-A0C8-9D86578C1F13}"
EndProject
Project("{8BC9CEB8-8B4A-11D0-8D11-00A0C91BC942}") = "GameEngineMap", "GameEngineMap\GameEngineMap.vcxproj", "{57CB9738-95CF-4C7B-AD7D-5701EE1EDAA6}"
EndProject
Project("{8BC9CEB8-8B4A-11D0-8D11-00A0C91BC942}") = "HomeWork0420", "HomeWork0420\HomeWork0420.vcxproj", "{CB52A64E-D82D-4BE5-9CAC-C55EBBB5283E}"
EndProject
Project("{8BC9CEB8-8B4A-11D0-8D11-00A0C91BC942}") = "HomeWork0421", "HomeWork0421\HomeWork0421.vcxproj", "{F1A9247D-A5B8-4295-ADB2-11B584E9B7AE}"
EndProject
Project("{8BC9CEB8-8B4A-11D0-8D11-00A0C91BC942}") = "079_MainParameter", "079_MainParameter\079_MainParameter.vcxproj", "{935DE1D8-E78A-4FD0-9877-03AE83171FBD}"
EndProject
Project("{8BC9CEB8-8B4A-11D0-8D11-00A0C91BC942}") = "080_TypeDefEx", "080_TypeDefEx\080_TypeDefEx.vcxproj", "{37E7D1F8-4B4F-4FC1-B919-59077D4A3CC1}"
EndProject
Project("{8BC9CEB8-8B4A-11D0-8D11-00A0C91BC942}") = "081_FunctionCallType", "081_FunctionCallType\081_FunctionCallType.vcxproj", "{E69E634D-D0E8-499B-B88D-349A0D997BAA}"
EndProject
Project("{8BC9CEB8-8B4A-11D0-8D11-00A0C91BC942}") = "082_LocalStaticValue", "082_LocalStaticValue\082_LocalStaticValue.vcxproj", "{3D75B278-F184-44BC-8E15-E60BF71EE318}"
EndProject
Project("{8BC9CEB8-8B4A-11D0-8D11-00A0C91BC942}") = "083_TemplateEx", "083_TemplateEx\083_TemplateEx.vcxproj", "{6EB28784-4A44-4498-8108-431C086B629E}"
EndProject
Project("{8BC9CEB8-8B4A-11D0-8D11-00A0C91BC942}") = "084_DefaultParameter", "084_DefaultParameter\084_DefaultParameter.vcxproj", "{38961075-9E33-4474-9E49-32C684962A75}"
EndProject
Global
	GlobalSection(SolutionConfigurationPlatforms) = preSolution
		Debug|x64 = Debug|x64
		Debug|x86 = Debug|x86
		Release|x64 = Release|x64
		Release|x86 = Release|x86
	EndGlobalSection
	GlobalSection(ProjectConfigurationPlatforms) = postSolution
		{9E1C9C73-18C2-4070-92F5-1EE928D90765}.Debug|x64.ActiveCfg = Debug|x64
		{9E1C9C73-18C2-4070-92F5-1EE928D90765}.Debug|x64.Build.0 = Debug|x64
		{9E1C9C73-18C2-4070-92F5-1EE928D90765}.Debug|x86.ActiveCfg = Debug|Win32
		{9E1C9C73-18C2-4070-92F5-1EE928D90765}.Debug|x86.Build.0 = Debug|Win32
		{9E1C9C73-18C2-4070-92F5-1EE928D90765}.Release|x64.ActiveCfg = Release|x64
		{9E1C9C73-18C2-4070-92F5-1EE928D90765}.Release|x64.Build.0 = Release|x64
		{9E1C9C73-18C2-4070-92F5-1EE928D90765}.Release|x86.ActiveCfg = Release|Win32
		{9E1C9C73-18C2-4070-92F5-1EE928D90765}.Release|x86.Build.0 = Release|Win32
		{67DC1219-C8D5-4C06-8DE3-ADA0CD4CB6E9}.Debug|x64.ActiveCfg = Debug|x64
		{67DC1219-C8D5-4C06-8DE3-ADA0CD4CB6E9}.Debug|x64.Build.0 = Debug|x64
		{67DC1219-C8D5-4C06-8DE3-ADA0CD4CB6E9}.Debug|x86.ActiveCfg = Debug|Win32
		{67DC1219-C8D5-4C06-8DE3-ADA0CD4CB6E9}.Debug|x86.Build.0 = Debug|Win32
		{67DC1219-C8D5-4C06-8DE3-ADA0CD4CB6E9}.Release|x64.ActiveCfg = Release|x64
		{67DC1219-C8D5-4C06-8DE3-ADA0CD4CB6E9}.Release|x64.Build.0 = Release|x64
		{67DC1219-C8D5-4C06-8DE3-ADA0CD4CB6E9}.Release|x86.ActiveCfg = Release|Win32
		{67DC1219-C8D5-4C06-8DE3-ADA0CD4CB6E9}.Release|x86.Build.0 = Release|Win32
		{23CA4D57-D1AD-403C-95B5-79AD45304E1A}.Debug|x64.ActiveCfg = Debug|x64
		{23CA4D57-D1AD-403C-95B5-79AD45304E1A}.Debug|x64.Build.0 = Debug|x64
		{23CA4D57-D1AD-403C-95B5-79AD45304E1A}.Debug|x86.ActiveCfg = Debug|Win32
		{23CA4D57-D1AD-403C-95B5-79AD45304E1A}.Debug|x86.Build.0 = Debug|Win32
		{23CA4D57-D1AD-403C-95B5-79AD45304E1A}.Release|x64.ActiveCfg = Release|x64
		{23CA4D57-D1AD-403C-95B5-79AD45304E1A}.Release|x64.Build.0 = Release|x64
		{23CA4D57-D1AD-403C-95B5-79AD45304E1A}.Release|x86.ActiveCfg = Release|Win32
		{23CA4D57-D1AD-403C-95B5-79AD45304E1A}.Release|x86.Build.0 = Release|Win32
		{96780344-FF6B-49FA-A98F-056CAEA8271E}.Debug|x64.ActiveCfg = Debug|x64
		{96780344-FF6B-49FA-A98F-056CAEA8271E}.Debug|x64.Build.0 = Debug|x64
		{96780344-FF6B-49FA-A98F-056CAEA8271E}.Debug|x86.ActiveCfg = Debug|Win32
		{96780344-FF6B-49FA-A98F-056CAEA8271E}.Debug|x86.Build.0 = Debug|Win32
		{96780344-FF6B-49FA-A98F-056CAEA8271E}.Release|x64.ActiveCfg = Release|x64
		{96780344-FF6B-49FA-A98F-056CAEA8271E}.Release|x64.Build.0 = Release|x64
		{96780344-FF6B-49FA-A98F-056CAEA8271E}.Release|x86.ActiveCfg = Release|Win32
		{96780344-FF6B-49FA-A98F-056CAEA8271E}.Release|x86.Build.0 = Release|Win32
		{47745374-34CB-4804-845E-6F807907938A}.Debug|x64.ActiveCfg = Debug|x64
		{47745374-34CB-4804-845E-6F807907938A}.Debug|x64.Build.0 = Debug|x64
		{47745374-34CB-4804-845E-6F807907938A}.Debug|x86.ActiveCfg = Debug|Win32
		{47745374-34CB-4804-845E-6F807907938A}.Debug|x86.Build.0 = Debug|Win32
		{47745374-34CB-4804-845E-6F807907938A}.Release|x64.ActiveCfg = Release|x64
		{47745374-34CB-4804-845E-6F807907938A}.Release|x64.Build.0 = Release|x64
		{47745374-34CB-4804-845E-6F807907938A}.Release|x86.ActiveCfg = Release|Win32
		{47745374-34CB-4804-845E-6F807907938A}.Release|x86.Build.0 = Release|Win32
		{27AF4A63-DEC5-49CA-86A6-91FFFCB7D6F5}.Debug|x64.ActiveCfg = Debug|x64
		{27AF4A63-DEC5-49CA-86A6-91FFFCB7D6F5}.Debug|x64.Build.0 = Debug|x64
		{27AF4A63-DEC5-49CA-86A6-91FFFCB7D6F5}.Debug|x86.ActiveCfg = Debug|Win32
		{27AF4A63-DEC5-49CA-86A6-91FFFCB7D6F5}.Debug|x86.Build.0 = Debug|Win32
		{27AF4A63-DEC5-49CA-86A6-91FFFCB7D6F5}.Release|x64.ActiveCfg = Release|x64
		{27AF4A63-DEC5-49CA-86A6-91FFFCB7D6F5}.Release|x64.Build.0 = Release|x64
		{27AF4A63-DEC5-49CA-86A6-91FFFCB7D6F5}.Release|x86.ActiveCfg = Release|Win32
		{27AF4A63-DEC5-49CA-86A6-91FFFCB7D6F5}.Release|x86.Build.0 = Release|Win32
		{96A423D5-D15F-4EB8-972C-B633498DABF3}.Debug|x64.ActiveCfg = Debug|x64
		{96A423D5-D15F-4EB8-972C-B633498DABF3}.Debug|x64.Build.0 = Debug|x64
		{96A423D5-D15F-4EB8-972C-B633498DABF3}.Debug|x86.ActiveCfg = Debug|Win32
		{96A423D5-D15F-4EB8-972C-B633498DABF3}.Debug|x86.Build.0 = Debug|Win32
		{96A423D5-D15F-4EB8-972C-B633498DABF3}.Release|x64.ActiveCfg = Release|x64
		{96A423D5-D15F-4EB8-972C-B633498DABF3}.Release|x64.Build.0 = Release|x64
		{96A423D5-D15F-4EB8-972C-B633498DABF3}.Release|x86.ActiveCfg = Release|Win32
		{96A423D5-D15F-4EB8-972C-B633498DABF3}.Release|x86.Build.0 = Release|Win32
		{9C142676-4224-44C4-BC32-5FF1ED3BBAAF}.Debug|x64.ActiveCfg = Debug|x64
		{9C142676-4224-44C4-BC32-5FF1ED3BBAAF}.Debug|x64.Build.0 = Debug|x64
		{9C142676-4224-44C4-BC32-5FF1ED3BBAAF}.Debug|x86.ActiveCfg = Debug|Win32
		{9C142676-4224-44C4-BC32-5FF1ED3BBAAF}.Debug|x86.Build.0 = Debug|Win32
		{9C142676-4224-44C4-BC32-5FF1ED3BBAAF}.Release|x64.ActiveCfg = Release|x64
		{9C142676-4224-44C4-BC32-5FF1ED3BBAAF}.Release|x64.Build.0 = Release|x64
		{9C142676-4224-44C4-BC32-5FF1ED3BBAAF}.Release|x86.ActiveCfg = Release|Win32
		{9C142676-4224-44C4-BC32-5FF1ED3BBAAF}.Release|x86.Build.0 = Release|Win32
		{9018D7DB-2DF8-409A-88BB-8B3139B62349}.Debug|x64.ActiveCfg = Debug|x64
		{9018D7DB-2DF8-409A-88BB-8B3139B62349}.Debug|x64.Build.0 = Debug|x64
		{9018D7DB-2DF8-409A-88BB-8B3139B62349}.Debug|x86.ActiveCfg = Debug|Win32
		{9018D7DB-2DF8-409A-88BB-8B3139B62349}.Debug|x86.Build.0 = Debug|Win32
		{9018D7DB-2DF8-409A-88BB-8B3139B62349}.Release|x64.ActiveCfg = Release|x64
		{9018D7DB-2DF8-409A-88BB-8B3139B62349}.Release|x64.Build.0 = Release|x64
		{9018D7DB-2DF8-409A-88BB-8B3139B62349}.Release|x86.ActiveCfg = Release|Win32
		{9018D7DB-2DF8-409A-88BB-8B3139B62349}.Release|x86.Build.0 = Release|Win32
		{1F54CB8F-19F6-4AE3-A2E2-0ECE634631C5}.Debug|x64.ActiveCfg = Debug|x64
		{1F54CB8F-19F6-4AE3-A2E2-0ECE634631C5}.Debug|x64.Build.0 = Debug|x64
		{1F54CB8F-19F6-4AE3-A2E2-0ECE634631C5}.Debug|x86.ActiveCfg = Debug|Win32
		{1F54CB8F-19F6-4AE3-A2E2-0ECE634631C5}.Debug|x86.Build.0 = Debug|Win32
		{1F54CB8F-19F6-4AE3-A2E2-0ECE634631C5}.Release|x64.ActiveCfg = Release|x64
		{1F54CB8F-19F6-4AE3-A2E2-0ECE634631C5}.Release|x64.Build.0 = Release|x64
		{1F54CB8F-19F6-4AE3-A2E2-0ECE634631C5}.Release|x86.ActiveCfg = Release|Win32
		{1F54CB8F-19F6-4AE3-A2E2-0ECE634631C5}.Release|x86.Build.0 = Release|Win32
		{8A69FFD9-072D-4A50-99DC-0153591DDD37}.Debug|x64.ActiveCfg = Debug|x64
		{8A69FFD9-072D-4A50-99DC-0153591DDD37}.Debug|x64.Build.0 = Debug|x64
		{8A69FFD9-072D-4A50-99DC-0153591DDD37}.Debug|x86.ActiveCfg = Debug|Win32
		{8A69FFD9-072D-4A50-99DC-0153591DDD37}.Debug|x86.Build.0 = Debug|Win32
		{8A69FFD9-072D-4A50-99DC-0153591DDD37}.Release|x64.ActiveCfg = Release|x64
		{8A69FFD9-072D-4A50-99DC-0153591DDD37}.Release|x64.Build.0 = Release|x64
		{8A69FFD9-072D-4A50-99DC-0153591DDD37}.Release|x86.ActiveCfg = Release|Win32
		{8A69FFD9-072D-4A50-99DC-0153591DDD37}.Release|x86.Build.0 = Release|Win32
		{78D9B971-66D7-4C35-A099-DCEA933361EE}.Debug|x64.ActiveCfg = Debug|x64
		{78D9B971-66D7-4C35-A099-DCEA933361EE}.Debug|x64.Build.0 = Debug|x64
		{78D9B971-66D7-4C35-A099-DCEA933361EE}.Debug|x86.ActiveCfg = Debug|Win32
		{78D9B971-66D7-4C35-A099-DCEA933361EE}.Debug|x86.Build.0 = Debug|Win32
		{78D9B971-66D7-4C35-A099-DCEA933361EE}.Release|x64.ActiveCfg = Release|x64
		{78D9B971-66D7-4C35-A099-DCEA933361EE}.Release|x64.Build.0 = Release|x64
		{78D9B971-66D7-4C35-A099-DCEA933361EE}.Release|x86.ActiveCfg = Release|Win32
		{78D9B971-66D7-4C35-A099-DCEA933361EE}.Release|x86.Build.0 = Release|Win32
		{BA821C6A-30A9-4B86-8767-C95D6084735D}.Debug|x64.ActiveCfg = Debug|x64
		{BA821C6A-30A9-4B86-8767-C95D6084735D}.Debug|x64.Build.0 = Debug|x64
		{BA821C6A-30A9-4B86-8767-C95D6084735D}.Debug|x86.ActiveCfg = Debug|Win32
		{BA821C6A-30A9-4B86-8767-C95D6084735D}.Debug|x86.Build.0 = Debug|Win32
		{BA821C6A-30A9-4B86-8767-C95D6084735D}.Release|x64.ActiveCfg = Release|x64
		{BA821C6A-30A9-4B86-8767-C95D6084735D}.Release|x64.Build.0 = Release|x64
		{BA821C6A-30A9-4B86-8767-C95D6084735D}.Release|x86.ActiveCfg = Release|Win32
		{BA821C6A-30A9-4B86-8767-C95D6084735D}.Release|x86.Build.0 = Release|Win32
		{4387384D-FD55-4486-A403-F2A3A14A65BE}.Debug|x64.ActiveCfg = Debug|x64
		{4387384D-FD55-4486-A403-F2A3A14A65BE}.Debug|x64.Build.0 = Debug|x64
		{4387384D-FD55-4486-A403-F2A3A14A65BE}.Debug|x86.ActiveCfg = Debug|Win32
		{4387384D-FD55-4486-A403-F2A3A14A65BE}.Debug|x86.Build.0 = Debug|Win32
		{4387384D-FD55-4486-A403-F2A3A14A65BE}.Release|x64.ActiveCfg = Release|x64
		{4387384D-FD55-4486-A403-F2A3A14A65BE}.Release|x64.Build.0 = Release|x64
		{4387384D-FD55-4486-A403-F2A3A14A65BE}.Release|x86.ActiveCfg = Release|Win32
		{4387384D-FD55-4486-A403-F2A3A14A65BE}.Release|x86.Build.0 = Release|Win32
		{C16F1ABB-3C84-421F-A376-F957BCD1373B}.Debug|x64.ActiveCfg = Debug|x64
		{C16F1ABB-3C84-421F-A376-F957BCD1373B}.Debug|x64.Build.0 = Debug|x64
		{C16F1ABB-3C84-421F-A376-F957BCD1373B}.Debug|x86.ActiveCfg = Debug|Win32
		{C16F1ABB-3C84-421F-A376-F957BCD1373B}.Debug|x86.Build.0 = Debug|Win32
		{C16F1ABB-3C84-421F-A376-F957BCD1373B}.Release|x64.ActiveCfg = Release|x64
		{C16F1ABB-3C84-421F-A376-F957BCD1373B}.Release|x64.Build.0 = Release|x64
		{C16F1ABB-3C84-421F-A376-F957BCD1373B}.Release|x86.ActiveCfg = Release|Win32
		{C16F1ABB-3C84-421F-A376-F957BCD1373B}.Release|x86.Build.0 = Release|Win32
		{77BB987C-E193-44AB-BBC9-B990247866CF}.Debug|x64.ActiveCfg = Debug|x64
		{77BB987C-E193-44AB-BBC9-B990247866CF}.Debug|x64.Build.0 = Debug|x64
		{77BB987C-E193-44AB-BBC9-B990247866CF}.Debug|x86.ActiveCfg = Debug|Win32
		{77BB987C-E193-44AB-BBC9-B990247866CF}.Debug|x86.Build.0 = Debug|Win32
		{77BB987C-E193-44AB-BBC9-B990247866CF}.Release|x64.ActiveCfg = Release|x64
		{77BB987C-E193-44AB-BBC9-B990247866CF}.Release|x64.Build.0 = Release|x64
		{77BB987C-E193-44AB-BBC9-B990247866CF}.Release|x86.ActiveCfg = Release|Win32
		{77BB987C-E193-44AB-BBC9-B990247866CF}.Release|x86.Build.0 = Release|Win32
		{3AEC73AA-C8E1-48A4-82DA-0F7B630E0E7F}.Debug|x64.ActiveCfg = Debug|x64
		{3AEC73AA-C8E1-48A4-82DA-0F7B630E0E7F}.Debug|x64.Build.0 = Debug|x64
		{3AEC73AA-C8E1-48A4-82DA-0F7B630E0E7F}.Debug|x86.ActiveCfg = Debug|Win32
		{3AEC73AA-C8E1-48A4-82DA-0F7B630E0E7F}.Debug|x86.Build.0 = Debug|Win32
		{3AEC73AA-C8E1-48A4-82DA-0F7B630E0E7F}.Release|x64.ActiveCfg = Release|x64
		{3AEC73AA-C8E1-48A4-82DA-0F7B630E0E7F}.Release|x64.Build.0 = Release|x64
		{3AEC73AA-C8E1-48A4-82DA-0F7B630E0E7F}.Release|x86.ActiveCfg = Release|Win32
		{3AEC73AA-C8E1-48A4-82DA-0F7B630E0E7F}.Release|x86.Build.0 = Release|Win32
		{12F46F0A-A827-4AE5-BD4E-FA17AD7F9DE1}.Debug|x64.ActiveCfg = Debug|x64
		{12F46F0A-A827-4AE5-BD4E-FA17AD7F9DE1}.Debug|x64.Build.0 = Debug|x64
		{12F46F0A-A827-4AE5-BD4E-FA17AD7F9DE1}.Debug|x86.ActiveCfg = Debug|Win32
		{12F46F0A-A827-4AE5-BD4E-FA17AD7F9DE1}.Debug|x86.Build.0 = Debug|Win32
		{12F46F0A-A827-4AE5-BD4E-FA17AD7F9DE1}.Release|x64.ActiveCfg = Release|x64
		{12F46F0A-A827-4AE5-BD4E-FA17AD7F9DE1}.Release|x64.Build.0 = Release|x64
		{12F46F0A-A827-4AE5-BD4E-FA17AD7F9DE1}.Release|x86.ActiveCfg = Release|Win32
		{12F46F0A-A827-4AE5-BD4E-FA17AD7F9DE1}.Release|x86.Build.0 = Release|Win32
		{483DF315-6006-4238-A1D3-58AA9388E5D2}.Debug|x64.ActiveCfg = Debug|x64
		{483DF315-6006-4238-A1D3-58AA9388E5D2}.Debug|x64.Build.0 = Debug|x64
		{483DF315-6006-4238-A1D3-58AA9388E5D2}.Debug|x86.ActiveCfg = Debug|Win32
		{483DF315-6006-4238-A1D3-58AA9388E5D2}.Debug|x86.Build.0 = Debug|Win32
		{483DF315-6006-4238-A1D3-58AA9388E5D2}.Release|x64.ActiveCfg = Release|x64
		{483DF315-6006-4238-A1D3-58AA9388E5D2}.Release|x64.Build.0 = Release|x64
		{483DF315-6006-4238-A1D3-58AA9388E5D2}.Release|x86.ActiveCfg = Release|Win32
		{483DF315-6006-4238-A1D3-58AA9388E5D2}.Release|x86.Build.0 = Release|Win32
		{29C76298-427A-46F7-A94B-754DB7EE91C5}.Debug|x64.ActiveCfg = Debug|x64
		{29C76298-427A-46F7-A94B-754DB7EE91C5}.Debug|x64.Build.0 = Debug|x64
		{29C76298-427A-46F7-A94B-754DB7EE91C5}.Debug|x86.ActiveCfg = Debug|Win32
		{29C76298-427A-46F7-A94B-754DB7EE91C5}.Debug|x86.Build.0 = Debug|Win32
		{29C76298-427A-46F7-A94B-754DB7EE91C5}.Release|x64.ActiveCfg = Release|x64
		{29C76298-427A-46F7-A94B-754DB7EE91C5}.Release|x64.Build.0 = Release|x64
		{29C76298-427A-46F7-A94B-754DB7EE91C5}.Release|x86.ActiveCfg = Release|Win32
		{29C76298-427A-46F7-A94B-754DB7EE91C5}.Release|x86.Build.0 = Release|Win32
		{C96521C8-A480-4124-BA29-FDC50089D8DA}.Debug|x64.ActiveCfg = Debug|x64
		{C96521C8-A480-4124-BA29-FDC50089D8DA}.Debug|x64.Build.0 = Debug|x64
		{C96521C8-A480-4124-BA29-FDC50089D8DA}.Debug|x86.ActiveCfg = Debug|Win32
		{C96521C8-A480-4124-BA29-FDC50089D8DA}.Debug|x86.Build.0 = Debug|Win32
		{C96521C8-A480-4124-BA29-FDC50089D8DA}.Release|x64.ActiveCfg = Release|x64
		{C96521C8-A480-4124-BA29-FDC50089D8DA}.Release|x64.Build.0 = Release|x64
		{C96521C8-A480-4124-BA29-FDC50089D8DA}.Release|x86.ActiveCfg = Release|Win32
		{C96521C8-A480-4124-BA29-FDC50089D8DA}.Release|x86.Build.0 = Release|Win32
		{B7C50D96-36CB-4623-864F-172278AEDEB7}.Debug|x64.ActiveCfg = Debug|x64
		{B7C50D96-36CB-4623-864F-172278AEDEB7}.Debug|x64.Build.0 = Debug|x64
		{B7C50D96-36CB-4623-864F-172278AEDEB7}.Debug|x86.ActiveCfg = Debug|Win32
		{B7C50D96-36CB-4623-864F-172278AEDEB7}.Debug|x86.Build.0 = Debug|Win32
		{B7C50D96-36CB-4623-864F-172278AEDEB7}.Release|x64.ActiveCfg = Release|x64
		{B7C50D96-36CB-4623-864F-172278AEDEB7}.Release|x64.Build.0 = Release|x64
		{B7C50D96-36CB-4623-864F-172278AEDEB7}.Release|x86.ActiveCfg = Release|Win32
		{B7C50D96-36CB-4623-864F-172278AEDEB7}.Release|x86.Build.0 = Release|Win32
		{67CAAEFC-2038-483D-8DC0-091608E9C749}.Debug|x64.ActiveCfg = Debug|x64
		{67CAAEFC-2038-483D-8DC0-091608E9C749}.Debug|x64.Build.0 = Debug|x64
		{67CAAEFC-2038-483D-8DC0-091608E9C749}.Debug|x86.ActiveCfg = Debug|Win32
		{67CAAEFC-2038-483D-8DC0-091608E9C749}.Debug|x86.Build.0 = Debug|Win32
		{67CAAEFC-2038-483D-8DC0-091608E9C749}.Release|x64.ActiveCfg = Release|x64
		{67CAAEFC-2038-483D-8DC0-091608E9C749}.Release|x64.Build.0 = Release|x64
		{67CAAEFC-2038-483D-8DC0-091608E9C749}.Release|x86.ActiveCfg = Release|Win32
		{67CAAEFC-2038-483D-8DC0-091608E9C749}.Release|x86.Build.0 = Release|Win32
		{7CE1B01A-5A07-4923-BC46-BEA7FD85C2DB}.Debug|x64.ActiveCfg = Debug|x64
		{7CE1B01A-5A07-4923-BC46-BEA7FD85C2DB}.Debug|x64.Build.0 = Debug|x64
		{7CE1B01A-5A07-4923-BC46-BEA7FD85C2DB}.Debug|x86.ActiveCfg = Debug|Win32
		{7CE1B01A-5A07-4923-BC46-BEA7FD85C2DB}.Debug|x86.Build.0 = Debug|Win32
		{7CE1B01A-5A07-4923-BC46-BEA7FD85C2DB}.Release|x64.ActiveCfg = Release|x64
		{7CE1B01A-5A07-4923-BC46-BEA7FD85C2DB}.Release|x64.Build.0 = Release|x64
		{7CE1B01A-5A07-4923-BC46-BEA7FD85C2DB}.Release|x86.ActiveCfg = Release|Win32
		{7CE1B01A-5A07-4923-BC46-BEA7FD85C2DB}.Release|x86.Build.0 = Release|Win32
		{D34BDAF3-4A88-47F0-ABB5-DB88197B8F80}.Debug|x64.ActiveCfg = Debug|x64
		{D34BDAF3-4A88-47F0-ABB5-DB88197B8F80}.Debug|x64.Build.0 = Debug|x64
		{D34BDAF3-4A88-47F0-ABB5-DB88197B8F80}.Debug|x86.ActiveCfg = Debug|Win32
		{D34BDAF3-4A88-47F0-ABB5-DB88197B8F80}.Debug|x86.Build.0 = Debug|Win32
		{D34BDAF3-4A88-47F0-ABB5-DB88197B8F80}.Release|x64.ActiveCfg = Release|x64
		{D34BDAF3-4A88-47F0-ABB5-DB88197B8F80}.Release|x64.Build.0 = Release|x64
		{D34BDAF3-4A88-47F0-ABB5-DB88197B8F80}.Release|x86.ActiveCfg = Release|Win32
		{D34BDAF3-4A88-47F0-ABB5-DB88197B8F80}.Release|x86.Build.0 = Release|Win32
		{351B0115-A458-498A-BC2D-B945ADD1F2EF}.Debug|x64.ActiveCfg = Debug|x64
		{351B0115-A458-498A-BC2D-B945ADD1F2EF}.Debug|x64.Build.0 = Debug|x64
		{351B0115-A458-498A-BC2D-B945ADD1F2EF}.Debug|x86.ActiveCfg = Debug|Win32
		{351B0115-A458-498A-BC2D-B945ADD1F2EF}.Debug|x86.Build.0 = Debug|Win32
		{351B0115-A458-498A-BC2D-B945ADD1F2EF}.Release|x64.ActiveCfg = Release|x64
		{351B0115-A458-498A-BC2D-B945ADD1F2EF}.Release|x64.Build.0 = Release|x64
		{351B0115-A458-498A-BC2D-B945ADD1F2EF}.Release|x86.ActiveCfg = Release|Win32
		{351B0115-A458-498A-BC2D-B945ADD1F2EF}.Release|x86.Build.0 = Release|Win32
		{24FD1436-AE67-4C6F-AB7C-94BFF1D2C183}.Debug|x64.ActiveCfg = Debug|x64
		{24FD1436-AE67-4C6F-AB7C-94BFF1D2C183}.Debug|x64.Build.0 = Debug|x64
		{24FD1436-AE67-4C6F-AB7C-94BFF1D2C183}.Debug|x86.ActiveCfg = Debug|Win32
		{24FD1436-AE67-4C6F-AB7C-94BFF1D2C183}.Debug|x86.Build.0 = Debug|Win32
		{24FD1436-AE67-4C6F-AB7C-94BFF1D2C183}.Release|x64.ActiveCfg = Release|x64
		{24FD1436-AE67-4C6F-AB7C-94BFF1D2C183}.Release|x64.Build.0 = Release|x64
		{24FD1436-AE67-4C6F-AB7C-94BFF1D2C183}.Release|x86.ActiveCfg = Release|Win32
		{24FD1436-AE67-4C6F-AB7C-94BFF1D2C183}.Release|x86.Build.0 = Release|Win32
		{69B2B504-789A-4F7A-9A39-F129DCCFF3BE}.Debug|x64.ActiveCfg = Debug|x64
		{69B2B504-789A-4F7A-9A39-F129DCCFF3BE}.Debug|x64.Build.0 = Debug|x64
		{69B2B504-789A-4F7A-9A39-F129DCCFF3BE}.Debug|x86.ActiveCfg = Debug|Win32
		{69B2B504-789A-4F7A-9A39-F129DCCFF3BE}.Debug|x86.Build.0 = Debug|Win32
		{69B2B504-789A-4F7A-9A39-F129DCCFF3BE}.Release|x64.ActiveCfg = Release|x64
		{69B2B504-789A-4F7A-9A39-F129DCCFF3BE}.Release|x64.Build.0 = Release|x64
		{69B2B504-789A-4F7A-9A39-F129DCCFF3BE}.Release|x86.ActiveCfg = Release|Win32
		{69B2B504-789A-4F7A-9A39-F129DCCFF3BE}.Release|x86.Build.0 = Release|Win32
		{D116DB1B-2F02-471B-A750-932739335582}.Debug|x64.ActiveCfg = Debug|x64
		{D116DB1B-2F02-471B-A750-932739335582}.Debug|x64.Build.0 = Debug|x64
		{D116DB1B-2F02-471B-A750-932739335582}.Debug|x86.ActiveCfg = Debug|Win32
		{D116DB1B-2F02-471B-A750-932739335582}.Debug|x86.Build.0 = Debug|Win32
		{D116DB1B-2F02-471B-A750-932739335582}.Release|x64.ActiveCfg = Release|x64
		{D116DB1B-2F02-471B-A750-932739335582}.Release|x64.Build.0 = Release|x64
		{D116DB1B-2F02-471B-A750-932739335582}.Release|x86.ActiveCfg = Release|Win32
		{D116DB1B-2F02-471B-A750-932739335582}.Release|x86.Build.0 = Release|Win32
		{A6F69577-F039-4FC8-8C03-2EAC2311649A}.Debug|x64.ActiveCfg = Debug|x64
		{A6F69577-F039-4FC8-8C03-2EAC2311649A}.Debug|x64.Build.0 = Debug|x64
		{A6F69577-F039-4FC8-8C03-2EAC2311649A}.Debug|x86.ActiveCfg = Debug|Win32
		{A6F69577-F039-4FC8-8C03-2EAC2311649A}.Debug|x86.Build.0 = Debug|Win32
		{A6F69577-F039-4FC8-8C03-2EAC2311649A}.Release|x64.ActiveCfg = Release|x64
		{A6F69577-F039-4FC8-8C03-2EAC2311649A}.Release|x64.Build.0 = Release|x64
		{A6F69577-F039-4FC8-8C03-2EAC2311649A}.Release|x86.ActiveCfg = Release|Win32
		{A6F69577-F039-4FC8-8C03-2EAC2311649A}.Release|x86.Build.0 = Release|Win32
		{0CD0EE06-FEF1-4183-A961-1B4D504F94A0}.Debug|x64.ActiveCfg = Debug|x64
		{0CD0EE06-FEF1-4183-A961-1B4D504F94A0}.Debug|x64.Build.0 = Debug|x64
		{0CD0EE06-FEF1-4183-A961-1B4D504F94A0}.Debug|x86.ActiveCfg = Debug|Win32
		{0CD0EE06-FEF1-4183-A961-1B4D504F94A0}.Debug|x86.Build.0 = Debug|Win32
		{0CD0EE06-FEF1-4183-A961-1B4D504F94A0}.Release|x64.ActiveCfg = Release|x64
		{0CD0EE06-FEF1-4183-A961-1B4D504F94A0}.Release|x64.Build.0 = Release|x64
		{0CD0EE06-FEF1-4183-A961-1B4D504F94A0}.Release|x86.ActiveCfg = Release|Win32
		{0CD0EE06-FEF1-4183-A961-1B4D504F94A0}.Release|x86.Build.0 = Release|Win32
		{EED95ECF-9F12-48F0-89D2-14CBA184CFF9}.Debug|x64.ActiveCfg = Debug|x64
		{EED95ECF-9F12-48F0-89D2-14CBA184CFF9}.Debug|x64.Build.0 = Debug|x64
		{EED95ECF-9F12-48F0-89D2-14CBA184CFF9}.Debug|x86.ActiveCfg = Debug|Win32
		{EED95ECF-9F12-48F0-89D2-14CBA184CFF9}.Debug|x86.Build.0 = Debug|Win32
		{EED95ECF-9F12-48F0-89D2-14CBA184CFF9}.Release|x64.ActiveCfg = Release|x64
		{EED95ECF-9F12-48F0-89D2-14CBA184CFF9}.Release|x64.Build.0 = Release|x64
		{EED95ECF-9F12-48F0-89D2-14CBA184CFF9}.Release|x86.ActiveCfg = Release|Win32
		{EED95ECF-9F12-48F0-89D2-14CBA184CFF9}.Release|x86.Build.0 = Release|Win32
		{D71C535E-3D3C-4E1B-BE62-89724BDD00E1}.Debug|x64.ActiveCfg = Debug|x64
		{D71C535E-3D3C-4E1B-BE62-89724BDD00E1}.Debug|x64.Build.0 = Debug|x64
		{D71C535E-3D3C-4E1B-BE62-89724BDD00E1}.Debug|x86.ActiveCfg = Debug|Win32
		{D71C535E-3D3C-4E1B-BE62-89724BDD00E1}.Debug|x86.Build.0 = Debug|Win32
		{D71C535E-3D3C-4E1B-BE62-89724BDD00E1}.Release|x64.ActiveCfg = Release|x64
		{D71C535E-3D3C-4E1B-BE62-89724BDD00E1}.Release|x64.Build.0 = Release|x64
		{D71C535E-3D3C-4E1B-BE62-89724BDD00E1}.Release|x86.ActiveCfg = Release|Win32
		{D71C535E-3D3C-4E1B-BE62-89724BDD00E1}.Release|x86.Build.0 = Release|Win32
		{DBFDFE04-7D6F-4F85-96EC-E3E84ACB4B10}.Debug|x64.ActiveCfg = Debug|x64
		{DBFDFE04-7D6F-4F85-96EC-E3E84ACB4B10}.Debug|x64.Build.0 = Debug|x64
		{DBFDFE04-7D6F-4F85-96EC-E3E84ACB4B10}.Debug|x86.ActiveCfg = Debug|Win32
		{DBFDFE04-7D6F-4F85-96EC-E3E84ACB4B10}.Debug|x86.Build.0 = Debug|Win32
		{DBFDFE04-7D6F-4F85-96EC-E3E84ACB4B10}.Release|x64.ActiveCfg = Release|x64
		{DBFDFE04-7D6F-4F85-96EC-E3E84ACB4B10}.Release|x64.Build.0 = Release|x64
		{DBFDFE04-7D6F-4F85-96EC-E3E84ACB4B10}.Release|x86.ActiveCfg = Release|Win32
		{DBFDFE04-7D6F-4F85-96EC-E3E84ACB4B10}.Release|x86.Build.0 = Release|Win32
		{3D4C9C72-6862-4340-8621-3D63BA15D76F}.Debug|x64.ActiveCfg = Debug|x64
		{3D4C9C72-6862-4340-8621-3D63BA15D76F}.Debug|x64.Build.0 = Debug|x64
		{3D4C9C72-6862-4340-8621-3D63BA15D76F}.Debug|x86.ActiveCfg = Debug|Win32
		{3D4C9C72-6862-4340-8621-3D63BA15D76F}.Debug|x86.Build.0 = Debug|Win32
		{3D4C9C72-6862-4340-8621-3D63BA15D76F}.Release|x64.ActiveCfg = Release|x64
		{3D4C9C72-6862-4340-8621-3D63BA15D76F}.Release|x64.Build.0 = Release|x64
		{3D4C9C72-6862-4340-8621-3D63BA15D76F}.Release|x86.ActiveCfg = Release|Win32
		{3D4C9C72-6862-4340-8621-3D63BA15D76F}.Release|x86.Build.0 = Release|Win32
		{0DFEBB3B-CC7A-4087-96AC-4F680BCB0C8B}.Debug|x64.ActiveCfg = Debug|x64
		{0DFEBB3B-CC7A-4087-96AC-4F680BCB0C8B}.Debug|x64.Build.0 = Debug|x64
		{0DFEBB3B-CC7A-4087-96AC-4F680BCB0C8B}.Debug|x86.ActiveCfg = Debug|Win32
		{0DFEBB3B-CC7A-4087-96AC-4F680BCB0C8B}.Debug|x86.Build.0 = Debug|Win32
		{0DFEBB3B-CC7A-4087-96AC-4F680BCB0C8B}.Release|x64.ActiveCfg = Release|x64
		{0DFEBB3B-CC7A-4087-96AC-4F680BCB0C8B}.Release|x64.Build.0 = Release|x64
		{0DFEBB3B-CC7A-4087-96AC-4F680BCB0C8B}.Release|x86.ActiveCfg = Release|Win32
		{0DFEBB3B-CC7A-4087-96AC-4F680BCB0C8B}.Release|x86.Build.0 = Release|Win32
		{7772E96E-045F-4452-928E-F30A67B90BDE}.Debug|x64.ActiveCfg = Debug|x64
		{7772E96E-045F-4452-928E-F30A67B90BDE}.Debug|x64.Build.0 = Debug|x64
		{7772E96E-045F-4452-928E-F30A67B90BDE}.Debug|x86.ActiveCfg = Debug|Win32
		{7772E96E-045F-4452-928E-F30A67B90BDE}.Debug|x86.Build.0 = Debug|Win32
		{7772E96E-045F-4452-928E-F30A67B90BDE}.Release|x64.ActiveCfg = Release|x64
		{7772E96E-045F-4452-928E-F30A67B90BDE}.Release|x64.Build.0 = Release|x64
		{7772E96E-045F-4452-928E-F30A67B90BDE}.Release|x86.ActiveCfg = Release|Win32
		{7772E96E-045F-4452-928E-F30A67B90BDE}.Release|x86.Build.0 = Release|Win32
		{47A5E681-2F01-4163-93B2-AFFF2B372C09}.Debug|x64.ActiveCfg = Debug|x64
		{47A5E681-2F01-4163-93B2-AFFF2B372C09}.Debug|x64.Build.0 = Debug|x64
		{47A5E681-2F01-4163-93B2-AFFF2B372C09}.Debug|x86.ActiveCfg = Debug|Win32
		{47A5E681-2F01-4163-93B2-AFFF2B372C09}.Debug|x86.Build.0 = Debug|Win32
		{47A5E681-2F01-4163-93B2-AFFF2B372C09}.Release|x64.ActiveCfg = Release|x64
		{47A5E681-2F01-4163-93B2-AFFF2B372C09}.Release|x64.Build.0 = Release|x64
		{47A5E681-2F01-4163-93B2-AFFF2B372C09}.Release|x86.ActiveCfg = Release|Win32
		{47A5E681-2F01-4163-93B2-AFFF2B372C09}.Release|x86.Build.0 = Release|Win32
		{5B09F69E-DF0A-4DD2-ABD7-946AF265780F}.Debug|x64.ActiveCfg = Debug|x64
		{5B09F69E-DF0A-4DD2-ABD7-946AF265780F}.Debug|x64.Build.0 = Debug|x64
		{5B09F69E-DF0A-4DD2-ABD7-946AF265780F}.Debug|x86.ActiveCfg = Debug|Win32
		{5B09F69E-DF0A-4DD2-ABD7-946AF265780F}.Debug|x86.Build.0 = Debug|Win32
		{5B09F69E-DF0A-4DD2-ABD7-946AF265780F}.Release|x64.ActiveCfg = Release|x64
		{5B09F69E-DF0A-4DD2-ABD7-946AF265780F}.Release|x64.Build.0 = Release|x64
		{5B09F69E-DF0A-4DD2-ABD7-946AF265780F}.Release|x86.ActiveCfg = Release|Win32
		{5B09F69E-DF0A-4DD2-ABD7-946AF265780F}.Release|x86.Build.0 = Release|Win32
		{F4AAF196-0C95-49E1-966A-060A7AEA9145}.Debug|x64.ActiveCfg = Debug|x64
		{F4AAF196-0C95-49E1-966A-060A7AEA9145}.Debug|x64.Build.0 = Debug|x64
		{F4AAF196-0C95-49E1-966A-060A7AEA9145}.Debug|x86.ActiveCfg = Debug|Win32
		{F4AAF196-0C95-49E1-966A-060A7AEA9145}.Debug|x86.Build.0 = Debug|Win32
		{F4AAF196-0C95-49E1-966A-060A7AEA9145}.Release|x64.ActiveCfg = Release|x64
		{F4AAF196-0C95-49E1-966A-060A7AEA9145}.Release|x64.Build.0 = Release|x64
		{F4AAF196-0C95-49E1-966A-060A7AEA9145}.Release|x86.ActiveCfg = Release|Win32
		{F4AAF196-0C95-49E1-966A-060A7AEA9145}.Release|x86.Build.0 = Release|Win32
		{8F490274-C0A1-4B22-AE7A-14B499FA03A2}.Debug|x64.ActiveCfg = Debug|x64
		{8F490274-C0A1-4B22-AE7A-14B499FA03A2}.Debug|x64.Build.0 = Debug|x64
		{8F490274-C0A1-4B22-AE7A-14B499FA03A2}.Debug|x86.ActiveCfg = Debug|Win32
		{8F490274-C0A1-4B22-AE7A-14B499FA03A2}.Debug|x86.Build.0 = Debug|Win32
		{8F490274-C0A1-4B22-AE7A-14B499FA03A2}.Release|x64.ActiveCfg = Release|x64
		{8F490274-C0A1-4B22-AE7A-14B499FA03A2}.Release|x64.Build.0 = Release|x64
		{8F490274-C0A1-4B22-AE7A-14B499FA03A2}.Release|x86.ActiveCfg = Release|Win32
		{8F490274-C0A1-4B22-AE7A-14B499FA03A2}.Release|x86.Build.0 = Release|Win32
		{2635CEA8-0ECA-490D-B223-6BCB47131027}.Debug|x64.ActiveCfg = Debug|x64
		{2635CEA8-0ECA-490D-B223-6BCB47131027}.Debug|x64.Build.0 = Debug|x64
		{2635CEA8-0ECA-490D-B223-6BCB47131027}.Debug|x86.ActiveCfg = Debug|Win32
		{2635CEA8-0ECA-490D-B223-6BCB47131027}.Debug|x86.Build.0 = Debug|Win32
		{2635CEA8-0ECA-490D-B223-6BCB47131027}.Release|x64.ActiveCfg = Release|x64
		{2635CEA8-0ECA-490D-B223-6BCB47131027}.Release|x64.Build.0 = Release|x64
		{2635CEA8-0ECA-490D-B223-6BCB47131027}.Release|x86.ActiveCfg = Release|Win32
		{2635CEA8-0ECA-490D-B223-6BCB47131027}.Release|x86.Build.0 = Release|Win32
		{F98A7579-238A-4263-B711-C8C4A141967C}.Debug|x64.ActiveCfg = Debug|x64
		{F98A7579-238A-4263-B711-C8C4A141967C}.Debug|x64.Build.0 = Debug|x64
		{F98A7579-238A-4263-B711-C8C4A141967C}.Debug|x86.ActiveCfg = Debug|Win32
		{F98A7579-238A-4263-B711-C8C4A141967C}.Debug|x86.Build.0 = Debug|Win32
		{F98A7579-238A-4263-B711-C8C4A141967C}.Release|x64.ActiveCfg = Release|x64
		{F98A7579-238A-4263-B711-C8C4A141967C}.Release|x64.Build.0 = Release|x64
		{F98A7579-238A-4263-B711-C8C4A141967C}.Release|x86.ActiveCfg = Release|Win32
		{F98A7579-238A-4263-B711-C8C4A141967C}.Release|x86.Build.0 = Release|Win32
		{7EBAC6AA-D4D4-465F-A1F1-CA833151BC28}.Debug|x64.ActiveCfg = Debug|x64
		{7EBAC6AA-D4D4-465F-A1F1-CA833151BC28}.Debug|x64.Build.0 = Debug|x64
		{7EBAC6AA-D4D4-465F-A1F1-CA833151BC28}.Debug|x86.ActiveCfg = Debug|Win32
		{7EBAC6AA-D4D4-465F-A1F1-CA833151BC28}.Debug|x86.Build.0 = Debug|Win32
		{7EBAC6AA-D4D4-465F-A1F1-CA833151BC28}.Release|x64.ActiveCfg = Release|x64
		{7EBAC6AA-D4D4-465F-A1F1-CA833151BC28}.Release|x64.Build.0 = Release|x64
		{7EBAC6AA-D4D4-465F-A1F1-CA833151BC28}.Release|x86.ActiveCfg = Release|Win32
		{7EBAC6AA-D4D4-465F-A1F1-CA833151BC28}.Release|x86.Build.0 = Release|Win32
		{E58C51F5-F554-414B-94FA-D527404A43BA}.Debug|x64.ActiveCfg = Debug|x64
		{E58C51F5-F554-414B-94FA-D527404A43BA}.Debug|x64.Build.0 = Debug|x64
		{E58C51F5-F554-414B-94FA-D527404A43BA}.Debug|x86.ActiveCfg = Debug|Win32
		{E58C51F5-F554-414B-94FA-D527404A43BA}.Debug|x86.Build.0 = Debug|Win32
		{E58C51F5-F554-414B-94FA-D527404A43BA}.Release|x64.ActiveCfg = Release|x64
		{E58C51F5-F554-414B-94FA-D527404A43BA}.Release|x64.Build.0 = Release|x64
		{E58C51F5-F554-414B-94FA-D527404A43BA}.Release|x86.ActiveCfg = Release|Win32
		{E58C51F5-F554-414B-94FA-D527404A43BA}.Release|x86.Build.0 = Release|Win32
		{B62C2D69-9946-4774-887A-FA8AC1477E46}.Debug|x64.ActiveCfg = Debug|x64
		{B62C2D69-9946-4774-887A-FA8AC1477E46}.Debug|x64.Build.0 = Debug|x64
		{B62C2D69-9946-4774-887A-FA8AC1477E46}.Debug|x86.ActiveCfg = Debug|Win32
		{B62C2D69-9946-4774-887A-FA8AC1477E46}.Debug|x86.Build.0 = Debug|Win32
		{B62C2D69-9946-4774-887A-FA8AC1477E46}.Release|x64.ActiveCfg = Release|x64
		{B62C2D69-9946-4774-887A-FA8AC1477E46}.Release|x64.Build.0 = Release|x64
		{B62C2D69-9946-4774-887A-FA8AC1477E46}.Release|x86.ActiveCfg = Release|Win32
		{B62C2D69-9946-4774-887A-FA8AC1477E46}.Release|x86.Build.0 = Release|Win32
		{0E5F6B52-7A8D-4E3C-8959-1CFF5313ECE0}.Debug|x64.ActiveCfg = Debug|x64
		{0E5F6B52-7A8D-4E3C-8959-1CFF5313ECE0}.Debug|x64.Build.0 = Debug|x64
		{0E5F6B52-7A8D-4E3C-8959-1CFF5313ECE0}.Debug|x86.ActiveCfg = Debug|Win32
		{0E5F6B52-7A8D-4E3C-8959-1CFF5313ECE0}.Debug|x86.Build.0 = Debug|Win32
		{0E5F6B52-7A8D-4E3C-8959-1CFF5313ECE0}.Release|x64.ActiveCfg = Release|x64
		{0E5F6B52-7A8D-4E3C-8959-1CFF5313ECE0}.Release|x64.Build.0 = Release|x64
		{0E5F6B52-7A8D-4E3C-8959-1CFF5313ECE0}.Release|x86.ActiveCfg = Release|Win32
		{0E5F6B52-7A8D-4E3C-8959-1CFF5313ECE0}.Release|x86.Build.0 = Release|Win32
		{02293939-678A-4C8E-B4B2-659502C911D7}.Debug|x64.ActiveCfg = Debug|x64
		{02293939-678A-4C8E-B4B2-659502C911D7}.Debug|x64.Build.0 = Debug|x64
		{02293939-678A-4C8E-B4B2-659502C911D7}.Debug|x86.ActiveCfg = Debug|Win32
		{02293939-678A-4C8E-B4B2-659502C911D7}.Debug|x86.Build.0 = Debug|Win32
		{02293939-678A-4C8E-B4B2-659502C911D7}.Release|x64.ActiveCfg = Release|x64
		{02293939-678A-4C8E-B4B2-659502C911D7}.Release|x64.Build.0 = Release|x64
		{02293939-678A-4C8E-B4B2-659502C911D7}.Release|x86.ActiveCfg = Release|Win32
		{02293939-678A-4C8E-B4B2-659502C911D7}.Release|x86.Build.0 = Release|Win32
		{697BDEB8-E9E4-4D81-B0E0-8A36E621EAE0}.Debug|x64.ActiveCfg = Debug|x64
		{697BDEB8-E9E4-4D81-B0E0-8A36E621EAE0}.Debug|x64.Build.0 = Debug|x64
		{697BDEB8-E9E4-4D81-B0E0-8A36E621EAE0}.Debug|x86.ActiveCfg = Debug|Win32
		{697BDEB8-E9E4-4D81-B0E0-8A36E621EAE0}.Debug|x86.Build.0 = Debug|Win32
		{697BDEB8-E9E4-4D81-B0E0-8A36E621EAE0}.Release|x64.ActiveCfg = Release|x64
		{697BDEB8-E9E4-4D81-B0E0-8A36E621EAE0}.Release|x64.Build.0 = Release|x64
		{697BDEB8-E9E4-4D81-B0E0-8A36E621EAE0}.Release|x86.ActiveCfg = Release|Win32
		{697BDEB8-E9E4-4D81-B0E0-8A36E621EAE0}.Release|x86.Build.0 = Release|Win32
		{4D098DD4-D80F-4D50-AA06-35DCAD330F70}.Debug|x64.ActiveCfg = Debug|x64
		{4D098DD4-D80F-4D50-AA06-35DCAD330F70}.Debug|x64.Build.0 = Debug|x64
		{4D098DD4-D80F-4D50-AA06-35DCAD330F70}.Debug|x86.ActiveCfg = Debug|Win32
		{4D098DD4-D80F-4D50-AA06-35DCAD330F70}.Debug|x86.Build.0 = Debug|Win32
		{4D098DD4-D80F-4D50-AA06-35DCAD330F70}.Release|x64.ActiveCfg = Release|x64
		{4D098DD4-D80F-4D50-AA06-35DCAD330F70}.Release|x64.Build.0 = Release|x64
		{4D098DD4-D80F-4D50-AA06-35DCAD330F70}.Release|x86.ActiveCfg = Release|Win32
		{4D098DD4-D80F-4D50-AA06-35DCAD330F70}.Release|x86.Build.0 = Release|Win32
		{95E40490-16A6-4A74-B308-38A44E34DB47}.Debug|x64.ActiveCfg = Debug|x64
		{95E40490-16A6-4A74-B308-38A44E34DB47}.Debug|x64.Build.0 = Debug|x64
		{95E40490-16A6-4A74-B308-38A44E34DB47}.Debug|x86.ActiveCfg = Debug|Win32
		{95E40490-16A6-4A74-B308-38A44E34DB47}.Debug|x86.Build.0 = Debug|Win32
		{95E40490-16A6-4A74-B308-38A44E34DB47}.Release|x64.ActiveCfg = Release|x64
		{95E40490-16A6-4A74-B308-38A44E34DB47}.Release|x64.Build.0 = Release|x64
		{95E40490-16A6-4A74-B308-38A44E34DB47}.Release|x86.ActiveCfg = Release|Win32
		{95E40490-16A6-4A74-B308-38A44E34DB47}.Release|x86.Build.0 = Release|Win32
		{05E0C8E8-48E4-49C1-B711-8E97733526C0}.Debug|x64.ActiveCfg = Debug|x64
		{05E0C8E8-48E4-49C1-B711-8E97733526C0}.Debug|x64.Build.0 = Debug|x64
		{05E0C8E8-48E4-49C1-B711-8E97733526C0}.Debug|x86.ActiveCfg = Debug|Win32
		{05E0C8E8-48E4-49C1-B711-8E97733526C0}.Debug|x86.Build.0 = Debug|Win32
		{05E0C8E8-48E4-49C1-B711-8E97733526C0}.Release|x64.ActiveCfg = Release|x64
		{05E0C8E8-48E4-49C1-B711-8E97733526C0}.Release|x64.Build.0 = Release|x64
		{05E0C8E8-48E4-49C1-B711-8E97733526C0}.Release|x86.ActiveCfg = Release|Win32
		{05E0C8E8-48E4-49C1-B711-8E97733526C0}.Release|x86.Build.0 = Release|Win32
		{6C259306-D4A1-4E15-AC2B-DCAB1FE76484}.Debug|x64.ActiveCfg = Debug|x64
		{6C259306-D4A1-4E15-AC2B-DCAB1FE76484}.Debug|x64.Build.0 = Debug|x64
		{6C259306-D4A1-4E15-AC2B-DCAB1FE76484}.Debug|x86.ActiveCfg = Debug|Win32
		{6C259306-D4A1-4E15-AC2B-DCAB1FE76484}.Debug|x86.Build.0 = Debug|Win32
		{6C259306-D4A1-4E15-AC2B-DCAB1FE76484}.Release|x64.ActiveCfg = Release|x64
		{6C259306-D4A1-4E15-AC2B-DCAB1FE76484}.Release|x64.Build.0 = Release|x64
		{6C259306-D4A1-4E15-AC2B-DCAB1FE76484}.Release|x86.ActiveCfg = Release|Win32
		{6C259306-D4A1-4E15-AC2B-DCAB1FE76484}.Release|x86.Build.0 = Release|Win32
		{D5BC4824-E46B-4B3A-9561-522BEDD3DF80}.Debug|x64.ActiveCfg = Debug|x64
		{D5BC4824-E46B-4B3A-9561-522BEDD3DF80}.Debug|x64.Build.0 = Debug|x64
		{D5BC4824-E46B-4B3A-9561-522BEDD3DF80}.Debug|x86.ActiveCfg = Debug|Win32
		{D5BC4824-E46B-4B3A-9561-522BEDD3DF80}.Debug|x86.Build.0 = Debug|Win32
		{D5BC4824-E46B-4B3A-9561-522BEDD3DF80}.Release|x64.ActiveCfg = Release|x64
		{D5BC4824-E46B-4B3A-9561-522BEDD3DF80}.Release|x64.Build.0 = Release|x64
		{D5BC4824-E46B-4B3A-9561-522BEDD3DF80}.Release|x86.ActiveCfg = Release|Win32
		{D5BC4824-E46B-4B3A-9561-522BEDD3DF80}.Release|x86.Build.0 = Release|Win32
		{043F5F20-56DE-4B23-B490-081A12593433}.Debug|x64.ActiveCfg = Debug|x64
		{043F5F20-56DE-4B23-B490-081A12593433}.Debug|x64.Build.0 = Debug|x64
		{043F5F20-56DE-4B23-B490-081A12593433}.Debug|x86.ActiveCfg = Debug|Win32
		{043F5F20-56DE-4B23-B490-081A12593433}.Debug|x86.Build.0 = Debug|Win32
		{043F5F20-56DE-4B23-B490-081A12593433}.Release|x64.ActiveCfg = Release|x64
		{043F5F20-56DE-4B23-B490-081A12593433}.Release|x64.Build.0 = Release|x64
		{043F5F20-56DE-4B23-B490-081A12593433}.Release|x86.ActiveCfg = Release|Win32
		{043F5F20-56DE-4B23-B490-081A12593433}.Release|x86.Build.0 = Release|Win32
		{9ABE26BF-ABB3-49AF-B029-483B78025549}.Debug|x64.ActiveCfg = Debug|x64
		{9ABE26BF-ABB3-49AF-B029-483B78025549}.Debug|x64.Build.0 = Debug|x64
		{9ABE26BF-ABB3-49AF-B029-483B78025549}.Debug|x86.ActiveCfg = Debug|Win32
		{9ABE26BF-ABB3-49AF-B029-483B78025549}.Debug|x86.Build.0 = Debug|Win32
		{9ABE26BF-ABB3-49AF-B029-483B78025549}.Release|x64.ActiveCfg = Release|x64
		{9ABE26BF-ABB3-49AF-B029-483B78025549}.Release|x64.Build.0 = Release|x64
		{9ABE26BF-ABB3-49AF-B029-483B78025549}.Release|x86.ActiveCfg = Release|Win32
		{9ABE26BF-ABB3-49AF-B029-483B78025549}.Release|x86.Build.0 = Release|Win32
		{2BA6CE58-C648-408A-92C7-C827586495A8}.Debug|x64.ActiveCfg = Debug|x64
		{2BA6CE58-C648-408A-92C7-C827586495A8}.Debug|x64.Build.0 = Debug|x64
		{2BA6CE58-C648-408A-92C7-C827586495A8}.Debug|x86.ActiveCfg = Debug|Win32
		{2BA6CE58-C648-408A-92C7-C827586495A8}.Debug|x86.Build.0 = Debug|Win32
		{2BA6CE58-C648-408A-92C7-C827586495A8}.Release|x64.ActiveCfg = Release|x64
		{2BA6CE58-C648-408A-92C7-C827586495A8}.Release|x64.Build.0 = Release|x64
		{2BA6CE58-C648-408A-92C7-C827586495A8}.Release|x86.ActiveCfg = Release|Win32
		{2BA6CE58-C648-408A-92C7-C827586495A8}.Release|x86.Build.0 = Release|Win32
		{21890A64-2EF8-4528-B454-CA1AA9A373A6}.Debug|x64.ActiveCfg = Debug|x64
		{21890A64-2EF8-4528-B454-CA1AA9A373A6}.Debug|x64.Build.0 = Debug|x64
		{21890A64-2EF8-4528-B454-CA1AA9A373A6}.Debug|x86.ActiveCfg = Debug|Win32
		{21890A64-2EF8-4528-B454-CA1AA9A373A6}.Debug|x86.Build.0 = Debug|Win32
		{21890A64-2EF8-4528-B454-CA1AA9A373A6}.Release|x64.ActiveCfg = Release|x64
		{21890A64-2EF8-4528-B454-CA1AA9A373A6}.Release|x64.Build.0 = Release|x64
		{21890A64-2EF8-4528-B454-CA1AA9A373A6}.Release|x86.ActiveCfg = Release|Win32
		{21890A64-2EF8-4528-B454-CA1AA9A373A6}.Release|x86.Build.0 = Release|Win32
		{4ABCABAD-414A-4B49-848D-DF5FE60EF481}.Debug|x64.ActiveCfg = Debug|x64
		{4ABCABAD-414A-4B49-848D-DF5FE60EF481}.Debug|x64.Build.0 = Debug|x64
		{4ABCABAD-414A-4B49-848D-DF5FE60EF481}.Debug|x86.ActiveCfg = Debug|Win32
		{4ABCABAD-414A-4B49-848D-DF5FE60EF481}.Debug|x86.Build.0 = Debug|Win32
		{4ABCABAD-414A-4B49-848D-DF5FE60EF481}.Release|x64.ActiveCfg = Release|x64
		{4ABCABAD-414A-4B49-848D-DF5FE60EF481}.Release|x64.Build.0 = Release|x64
		{4ABCABAD-414A-4B49-848D-DF5FE60EF481}.Release|x86.ActiveCfg = Release|Win32
		{4ABCABAD-414A-4B49-848D-DF5FE60EF481}.Release|x86.Build.0 = Release|Win32
		{D7258643-A438-494A-888A-9B2311E2D1CF}.Debug|x64.ActiveCfg = Debug|x64
		{D7258643-A438-494A-888A-9B2311E2D1CF}.Debug|x64.Build.0 = Debug|x64
		{D7258643-A438-494A-888A-9B2311E2D1CF}.Debug|x86.ActiveCfg = Debug|Win32
		{D7258643-A438-494A-888A-9B2311E2D1CF}.Debug|x86.Build.0 = Debug|Win32
		{D7258643-A438-494A-888A-9B2311E2D1CF}.Release|x64.ActiveCfg = Release|x64
		{D7258643-A438-494A-888A-9B2311E2D1CF}.Release|x64.Build.0 = Release|x64
		{D7258643-A438-494A-888A-9B2311E2D1CF}.Release|x86.ActiveCfg = Release|Win32
		{D7258643-A438-494A-888A-9B2311E2D1CF}.Release|x86.Build.0 = Release|Win32
		{C1F70053-0814-4905-AA54-088846AE3E5D}.Debug|x64.ActiveCfg = Debug|x64
		{C1F70053-0814-4905-AA54-088846AE3E5D}.Debug|x64.Build.0 = Debug|x64
		{C1F70053-0814-4905-AA54-088846AE3E5D}.Debug|x86.ActiveCfg = Debug|Win32
		{C1F70053-0814-4905-AA54-088846AE3E5D}.Debug|x86.Build.0 = Debug|Win32
		{C1F70053-0814-4905-AA54-088846AE3E5D}.Release|x64.ActiveCfg = Release|x64
		{C1F70053-0814-4905-AA54-088846AE3E5D}.Release|x64.Build.0 = Release|x64
		{C1F70053-0814-4905-AA54-088846AE3E5D}.Release|x86.ActiveCfg = Release|Win32
		{C1F70053-0814-4905-AA54-088846AE3E5D}.Release|x86.Build.0 = Release|Win32
		{58255612-97FA-45E2-84B8-8482356D2FA0}.Debug|x64.ActiveCfg = Debug|x64
		{58255612-97FA-45E2-84B8-8482356D2FA0}.Debug|x64.Build.0 = Debug|x64
		{58255612-97FA-45E2-84B8-8482356D2FA0}.Debug|x86.ActiveCfg = Debug|Win32
		{58255612-97FA-45E2-84B8-8482356D2FA0}.Debug|x86.Build.0 = Debug|Win32
		{58255612-97FA-45E2-84B8-8482356D2FA0}.Release|x64.ActiveCfg = Release|x64
		{58255612-97FA-45E2-84B8-8482356D2FA0}.Release|x64.Build.0 = Release|x64
		{58255612-97FA-45E2-84B8-8482356D2FA0}.Release|x86.ActiveCfg = Release|Win32
		{58255612-97FA-45E2-84B8-8482356D2FA0}.Release|x86.Build.0 = Release|Win32
		{FFCB5F40-145E-42AF-910D-1687C49548F4}.Debug|x64.ActiveCfg = Debug|x64
		{FFCB5F40-145E-42AF-910D-1687C49548F4}.Debug|x64.Build.0 = Debug|x64
		{FFCB5F40-145E-42AF-910D-1687C49548F4}.Debug|x86.ActiveCfg = Debug|Win32
		{FFCB5F40-145E-42AF-910D-1687C49548F4}.Debug|x86.Build.0 = Debug|Win32
		{FFCB5F40-145E-42AF-910D-1687C49548F4}.Release|x64.ActiveCfg = Release|x64
		{FFCB5F40-145E-42AF-910D-1687C49548F4}.Release|x64.Build.0 = Release|x64
		{FFCB5F40-145E-42AF-910D-1687C49548F4}.Release|x86.ActiveCfg = Release|Win32
		{FFCB5F40-145E-42AF-910D-1687C49548F4}.Release|x86.Build.0 = Release|Win32
		{F245B601-2147-4F7D-8FF2-D9D5875A65E1}.Debug|x64.ActiveCfg = Debug|x64
		{F245B601-2147-4F7D-8FF2-D9D5875A65E1}.Debug|x64.Build.0 = Debug|x64
		{F245B601-2147-4F7D-8FF2-D9D5875A65E1}.Debug|x86.ActiveCfg = Debug|Win32
		{F245B601-2147-4F7D-8FF2-D9D5875A65E1}.Debug|x86.Build.0 = Debug|Win32
		{F245B601-2147-4F7D-8FF2-D9D5875A65E1}.Release|x64.ActiveCfg = Release|x64
		{F245B601-2147-4F7D-8FF2-D9D5875A65E1}.Release|x64.Build.0 = Release|x64
		{F245B601-2147-4F7D-8FF2-D9D5875A65E1}.Release|x86.ActiveCfg = Release|Win32
		{F245B601-2147-4F7D-8FF2-D9D5875A65E1}.Release|x86.Build.0 = Release|Win32
		{B64AC2CC-168E-4FEE-ADE5-79B3179ABF9E}.Debug|x64.ActiveCfg = Debug|x64
		{B64AC2CC-168E-4FEE-ADE5-79B3179ABF9E}.Debug|x64.Build.0 = Debug|x64
		{B64AC2CC-168E-4FEE-ADE5-79B3179ABF9E}.Debug|x86.ActiveCfg = Debug|Win32
		{B64AC2CC-168E-4FEE-ADE5-79B3179ABF9E}.Debug|x86.Build.0 = Debug|Win32
		{B64AC2CC-168E-4FEE-ADE5-79B3179ABF9E}.Release|x64.ActiveCfg = Release|x64
		{B64AC2CC-168E-4FEE-ADE5-79B3179ABF9E}.Release|x64.Build.0 = Release|x64
		{B64AC2CC-168E-4FEE-ADE5-79B3179ABF9E}.Release|x86.ActiveCfg = Release|Win32
		{B64AC2CC-168E-4FEE-ADE5-79B3179ABF9E}.Release|x86.Build.0 = Release|Win32
		{43E4114D-8CF8-41FD-8697-8D6F30F19761}.Debug|x64.ActiveCfg = Debug|x64
		{43E4114D-8CF8-41FD-8697-8D6F30F19761}.Debug|x64.Build.0 = Debug|x64
		{43E4114D-8CF8-41FD-8697-8D6F30F19761}.Debug|x86.ActiveCfg = Debug|Win32
		{43E4114D-8CF8-41FD-8697-8D6F30F19761}.Debug|x86.Build.0 = Debug|Win32
		{43E4114D-8CF8-41FD-8697-8D6F30F19761}.Release|x64.ActiveCfg = Release|x64
		{43E4114D-8CF8-41FD-8697-8D6F30F19761}.Release|x64.Build.0 = Release|x64
		{43E4114D-8CF8-41FD-8697-8D6F30F19761}.Release|x86.ActiveCfg = Release|Win32
		{43E4114D-8CF8-41FD-8697-8D6F30F19761}.Release|x86.Build.0 = Release|Win32
		{3E6DA8C9-5CC3-4938-B192-DA9C5E9D2250}.Debug|x64.ActiveCfg = Debug|x64
		{3E6DA8C9-5CC3-4938-B192-DA9C5E9D2250}.Debug|x64.Build.0 = Debug|x64
		{3E6DA8C9-5CC3-4938-B192-DA9C5E9D2250}.Debug|x86.ActiveCfg = Debug|Win32
		{3E6DA8C9-5CC3-4938-B192-DA9C5E9D2250}.Debug|x86.Build.0 = Debug|Win32
		{3E6DA8C9-5CC3-4938-B192-DA9C5E9D2250}.Release|x64.ActiveCfg = Release|x64
		{3E6DA8C9-5CC3-4938-B192-DA9C5E9D2250}.Release|x64.Build.0 = Release|x64
		{3E6DA8C9-5CC3-4938-B192-DA9C5E9D2250}.Release|x86.ActiveCfg = Release|Win32
		{3E6DA8C9-5CC3-4938-B192-DA9C5E9D2250}.Release|x86.Build.0 = Release|Win32
		{FF747082-2043-4692-8465-8A230F6E4786}.Debug|x64.ActiveCfg = Debug|x64
		{FF747082-2043-4692-8465-8A230F6E4786}.Debug|x64.Build.0 = Debug|x64
		{FF747082-2043-4692-8465-8A230F6E4786}.Debug|x86.ActiveCfg = Debug|Win32
		{FF747082-2043-4692-8465-8A230F6E4786}.Debug|x86.Build.0 = Debug|Win32
		{FF747082-2043-4692-8465-8A230F6E4786}.Release|x64.ActiveCfg = Release|x64
		{FF747082-2043-4692-8465-8A230F6E4786}.Release|x64.Build.0 = Release|x64
		{FF747082-2043-4692-8465-8A230F6E4786}.Release|x86.ActiveCfg = Release|Win32
		{FF747082-2043-4692-8465-8A230F6E4786}.Release|x86.Build.0 = Release|Win32
		{6873F359-F649-4BC6-AA32-E0B09F128916}.Debug|x64.ActiveCfg = Debug|x64
		{6873F359-F649-4BC6-AA32-E0B09F128916}.Debug|x64.Build.0 = Debug|x64
		{6873F359-F649-4BC6-AA32-E0B09F128916}.Debug|x86.ActiveCfg = Debug|Win32
		{6873F359-F649-4BC6-AA32-E0B09F128916}.Debug|x86.Build.0 = Debug|Win32
		{6873F359-F649-4BC6-AA32-E0B09F128916}.Release|x64.ActiveCfg = Release|x64
		{6873F359-F649-4BC6-AA32-E0B09F128916}.Release|x64.Build.0 = Release|x64
		{6873F359-F649-4BC6-AA32-E0B09F128916}.Release|x86.ActiveCfg = Release|Win32
		{6873F359-F649-4BC6-AA32-E0B09F128916}.Release|x86.Build.0 = Release|Win32
		{093BCF35-F392-4230-909E-4BA8CEDFCBE9}.Debug|x64.ActiveCfg = Debug|x64
		{093BCF35-F392-4230-909E-4BA8CEDFCBE9}.Debug|x64.Build.0 = Debug|x64
		{093BCF35-F392-4230-909E-4BA8CEDFCBE9}.Debug|x86.ActiveCfg = Debug|Win32
		{093BCF35-F392-4230-909E-4BA8CEDFCBE9}.Debug|x86.Build.0 = Debug|Win32
		{093BCF35-F392-4230-909E-4BA8CEDFCBE9}.Release|x64.ActiveCfg = Release|x64
		{093BCF35-F392-4230-909E-4BA8CEDFCBE9}.Release|x64.Build.0 = Release|x64
		{093BCF35-F392-4230-909E-4BA8CEDFCBE9}.Release|x86.ActiveCfg = Release|Win32
		{093BCF35-F392-4230-909E-4BA8CEDFCBE9}.Release|x86.Build.0 = Release|Win32
		{C7A414C5-D8C9-4E82-B889-E712867F8648}.Debug|x64.ActiveCfg = Debug|x64
		{C7A414C5-D8C9-4E82-B889-E712867F8648}.Debug|x64.Build.0 = Debug|x64
		{C7A414C5-D8C9-4E82-B889-E712867F8648}.Debug|x86.ActiveCfg = Debug|Win32
		{C7A414C5-D8C9-4E82-B889-E712867F8648}.Debug|x86.Build.0 = Debug|Win32
		{C7A414C5-D8C9-4E82-B889-E712867F8648}.Release|x64.ActiveCfg = Release|x64
		{C7A414C5-D8C9-4E82-B889-E712867F8648}.Release|x64.Build.0 = Release|x64
		{C7A414C5-D8C9-4E82-B889-E712867F8648}.Release|x86.ActiveCfg = Release|Win32
		{C7A414C5-D8C9-4E82-B889-E712867F8648}.Release|x86.Build.0 = Release|Win32
		{191CA4AC-3E8B-4A28-87E1-2665082CEA11}.Debug|x64.ActiveCfg = Debug|x64
		{191CA4AC-3E8B-4A28-87E1-2665082CEA11}.Debug|x64.Build.0 = Debug|x64
		{191CA4AC-3E8B-4A28-87E1-2665082CEA11}.Debug|x86.ActiveCfg = Debug|Win32
		{191CA4AC-3E8B-4A28-87E1-2665082CEA11}.Debug|x86.Build.0 = Debug|Win32
		{191CA4AC-3E8B-4A28-87E1-2665082CEA11}.Release|x64.ActiveCfg = Release|x64
		{191CA4AC-3E8B-4A28-87E1-2665082CEA11}.Release|x64.Build.0 = Release|x64
		{191CA4AC-3E8B-4A28-87E1-2665082CEA11}.Release|x86.ActiveCfg = Release|Win32
		{191CA4AC-3E8B-4A28-87E1-2665082CEA11}.Release|x86.Build.0 = Release|Win32
		{BC6FD1F2-2A7A-480C-9801-EDFB74F3909C}.Debug|x64.ActiveCfg = Debug|x64
		{BC6FD1F2-2A7A-480C-9801-EDFB74F3909C}.Debug|x64.Build.0 = Debug|x64
		{BC6FD1F2-2A7A-480C-9801-EDFB74F3909C}.Debug|x86.ActiveCfg = Debug|Win32
		{BC6FD1F2-2A7A-480C-9801-EDFB74F3909C}.Debug|x86.Build.0 = Debug|Win32
		{BC6FD1F2-2A7A-480C-9801-EDFB74F3909C}.Release|x64.ActiveCfg = Release|x64
		{BC6FD1F2-2A7A-480C-9801-EDFB74F3909C}.Release|x64.Build.0 = Release|x64
		{BC6FD1F2-2A7A-480C-9801-EDFB74F3909C}.Release|x86.ActiveCfg = Release|Win32
		{BC6FD1F2-2A7A-480C-9801-EDFB74F3909C}.Release|x86.Build.0 = Release|Win32
		{1FF8EFA1-9B46-45EB-AECA-1433EE12029A}.Debug|x64.ActiveCfg = Debug|x64
		{1FF8EFA1-9B46-45EB-AECA-1433EE12029A}.Debug|x64.Build.0 = Debug|x64
		{1FF8EFA1-9B46-45EB-AECA-1433EE12029A}.Debug|x86.ActiveCfg = Debug|Win32
		{1FF8EFA1-9B46-45EB-AECA-1433EE12029A}.Debug|x86.Build.0 = Debug|Win32
		{1FF8EFA1-9B46-45EB-AECA-1433EE12029A}.Release|x64.ActiveCfg = Release|x64
		{1FF8EFA1-9B46-45EB-AECA-1433EE12029A}.Release|x64.Build.0 = Release|x64
		{1FF8EFA1-9B46-45EB-AECA-1433EE12029A}.Release|x86.ActiveCfg = Release|Win32
		{1FF8EFA1-9B46-45EB-AECA-1433EE12029A}.Release|x86.Build.0 = Release|Win32
		{09BE58AC-3DDA-445E-B25A-9A96965B0157}.Debug|x64.ActiveCfg = Debug|x64
		{09BE58AC-3DDA-445E-B25A-9A96965B0157}.Debug|x64.Build.0 = Debug|x64
		{09BE58AC-3DDA-445E-B25A-9A96965B0157}.Debug|x86.ActiveCfg = Debug|Win32
		{09BE58AC-3DDA-445E-B25A-9A96965B0157}.Debug|x86.Build.0 = Debug|Win32
		{09BE58AC-3DDA-445E-B25A-9A96965B0157}.Release|x64.ActiveCfg = Release|x64
		{09BE58AC-3DDA-445E-B25A-9A96965B0157}.Release|x64.Build.0 = Release|x64
		{09BE58AC-3DDA-445E-B25A-9A96965B0157}.Release|x86.ActiveCfg = Release|Win32
		{09BE58AC-3DDA-445E-B25A-9A96965B0157}.Release|x86.Build.0 = Release|Win32
		{BAC86528-1CA4-4DED-A11D-9EC17FF206DB}.Debug|x64.ActiveCfg = Debug|x64
		{BAC86528-1CA4-4DED-A11D-9EC17FF206DB}.Debug|x64.Build.0 = Debug|x64
		{BAC86528-1CA4-4DED-A11D-9EC17FF206DB}.Debug|x86.ActiveCfg = Debug|Win32
		{BAC86528-1CA4-4DED-A11D-9EC17FF206DB}.Debug|x86.Build.0 = Debug|Win32
		{BAC86528-1CA4-4DED-A11D-9EC17FF206DB}.Release|x64.ActiveCfg = Release|x64
		{BAC86528-1CA4-4DED-A11D-9EC17FF206DB}.Release|x64.Build.0 = Release|x64
		{BAC86528-1CA4-4DED-A11D-9EC17FF206DB}.Release|x86.ActiveCfg = Release|Win32
		{BAC86528-1CA4-4DED-A11D-9EC17FF206DB}.Release|x86.Build.0 = Release|Win32
		{FB43C43E-8684-4C31-848C-0D1A29579693}.Debug|x64.ActiveCfg = Debug|x64
		{FB43C43E-8684-4C31-848C-0D1A29579693}.Debug|x64.Build.0 = Debug|x64
		{FB43C43E-8684-4C31-848C-0D1A29579693}.Debug|x86.ActiveCfg = Debug|Win32
		{FB43C43E-8684-4C31-848C-0D1A29579693}.Debug|x86.Build.0 = Debug|Win32
		{FB43C43E-8684-4C31-848C-0D1A29579693}.Release|x64.ActiveCfg = Release|x64
		{FB43C43E-8684-4C31-848C-0D1A29579693}.Release|x64.Build.0 = Release|x64
		{FB43C43E-8684-4C31-848C-0D1A29579693}.Release|x86.ActiveCfg = Release|Win32
		{FB43C43E-8684-4C31-848C-0D1A29579693}.Release|x86.Build.0 = Release|Win32
		{8BE35D2E-9C21-4B29-9D40-94112E366677}.Debug|x64.ActiveCfg = Debug|x64
		{8BE35D2E-9C21-4B29-9D40-94112E366677}.Debug|x64.Build.0 = Debug|x64
		{8BE35D2E-9C21-4B29-9D40-94112E366677}.Debug|x86.ActiveCfg = Debug|Win32
		{8BE35D2E-9C21-4B29-9D40-94112E366677}.Debug|x86.Build.0 = Debug|Win32
		{8BE35D2E-9C21-4B29-9D40-94112E366677}.Release|x64.ActiveCfg = Release|x64
		{8BE35D2E-9C21-4B29-9D40-94112E366677}.Release|x64.Build.0 = Release|x64
		{8BE35D2E-9C21-4B29-9D40-94112E366677}.Release|x86.ActiveCfg = Release|Win32
		{8BE35D2E-9C21-4B29-9D40-94112E366677}.Release|x86.Build.0 = Release|Win32
		{A05416B7-2409-4974-985F-8FB368A51799}.Debug|x64.ActiveCfg = Debug|x64
		{A05416B7-2409-4974-985F-8FB368A51799}.Debug|x64.Build.0 = Debug|x64
		{A05416B7-2409-4974-985F-8FB368A51799}.Debug|x86.ActiveCfg = Debug|Win32
		{A05416B7-2409-4974-985F-8FB368A51799}.Debug|x86.Build.0 = Debug|Win32
		{A05416B7-2409-4974-985F-8FB368A51799}.Release|x64.ActiveCfg = Release|x64
		{A05416B7-2409-4974-985F-8FB368A51799}.Release|x64.Build.0 = Release|x64
		{A05416B7-2409-4974-985F-8FB368A51799}.Release|x86.ActiveCfg = Release|Win32
		{A05416B7-2409-4974-985F-8FB368A51799}.Release|x86.Build.0 = Release|Win32
		{78546686-3FC8-4244-B034-347474BA6AA9}.Debug|x64.ActiveCfg = Debug|x64
		{78546686-3FC8-4244-B034-347474BA6AA9}.Debug|x64.Build.0 = Debug|x64
		{78546686-3FC8-4244-B034-347474BA6AA9}.Debug|x86.ActiveCfg = Debug|Win32
		{78546686-3FC8-4244-B034-347474BA6AA9}.Debug|x86.Build.0 = Debug|Win32
		{78546686-3FC8-4244-B034-347474BA6AA9}.Release|x64.ActiveCfg = Release|x64
		{78546686-3FC8-4244-B034-347474BA6AA9}.Release|x64.Build.0 = Release|x64
		{78546686-3FC8-4244-B034-347474BA6AA9}.Release|x86.ActiveCfg = Release|Win32
		{78546686-3FC8-4244-B034-347474BA6AA9}.Release|x86.Build.0 = Release|Win32
		{C5F0A169-46B9-426E-B48C-BEEFC5D1F0C4}.Debug|x64.ActiveCfg = Debug|x64
		{C5F0A169-46B9-426E-B48C-BEEFC5D1F0C4}.Debug|x64.Build.0 = Debug|x64
		{C5F0A169-46B9-426E-B48C-BEEFC5D1F0C4}.Debug|x86.ActiveCfg = Debug|Win32
		{C5F0A169-46B9-426E-B48C-BEEFC5D1F0C4}.Debug|x86.Build.0 = Debug|Win32
		{C5F0A169-46B9-426E-B48C-BEEFC5D1F0C4}.Release|x64.ActiveCfg = Release|x64
		{C5F0A169-46B9-426E-B48C-BEEFC5D1F0C4}.Release|x64.Build.0 = Release|x64
		{C5F0A169-46B9-426E-B48C-BEEFC5D1F0C4}.Release|x86.ActiveCfg = Release|Win32
		{C5F0A169-46B9-426E-B48C-BEEFC5D1F0C4}.Release|x86.Build.0 = Release|Win32
		{D462F5E7-A8FE-405A-A764-EDEC42623269}.Debug|x64.ActiveCfg = Debug|x64
		{D462F5E7-A8FE-405A-A764-EDEC42623269}.Debug|x64.Build.0 = Debug|x64
		{D462F5E7-A8FE-405A-A764-EDEC42623269}.Debug|x86.ActiveCfg = Debug|Win32
		{D462F5E7-A8FE-405A-A764-EDEC42623269}.Debug|x86.Build.0 = Debug|Win32
		{D462F5E7-A8FE-405A-A764-EDEC42623269}.Release|x64.ActiveCfg = Release|x64
		{D462F5E7-A8FE-405A-A764-EDEC42623269}.Release|x64.Build.0 = Release|x64
		{D462F5E7-A8FE-405A-A764-EDEC42623269}.Release|x86.ActiveCfg = Release|Win32
		{D462F5E7-A8FE-405A-A764-EDEC42623269}.Release|x86.Build.0 = Release|Win32
		{4C43FBDF-755D-4D00-A86B-BCBA8DD1CEF2}.Debug|x64.ActiveCfg = Debug|x64
		{4C43FBDF-755D-4D00-A86B-BCBA8DD1CEF2}.Debug|x64.Build.0 = Debug|x64
		{4C43FBDF-755D-4D00-A86B-BCBA8DD1CEF2}.Debug|x86.ActiveCfg = Debug|Win32
		{4C43FBDF-755D-4D00-A86B-BCBA8DD1CEF2}.Debug|x86.Build.0 = Debug|Win32
		{4C43FBDF-755D-4D00-A86B-BCBA8DD1CEF2}.Release|x64.ActiveCfg = Release|x64
		{4C43FBDF-755D-4D00-A86B-BCBA8DD1CEF2}.Release|x64.Build.0 = Release|x64
		{4C43FBDF-755D-4D00-A86B-BCBA8DD1CEF2}.Release|x86.ActiveCfg = Release|Win32
		{4C43FBDF-755D-4D00-A86B-BCBA8DD1CEF2}.Release|x86.Build.0 = Release|Win32
		{756B2A8F-27AB-4AAE-9A62-2E1E33693A74}.Debug|x64.ActiveCfg = Debug|x64
		{756B2A8F-27AB-4AAE-9A62-2E1E33693A74}.Debug|x64.Build.0 = Debug|x64
		{756B2A8F-27AB-4AAE-9A62-2E1E33693A74}.Debug|x86.ActiveCfg = Debug|Win32
		{756B2A8F-27AB-4AAE-9A62-2E1E33693A74}.Debug|x86.Build.0 = Debug|Win32
		{756B2A8F-27AB-4AAE-9A62-2E1E33693A74}.Release|x64.ActiveCfg = Release|x64
		{756B2A8F-27AB-4AAE-9A62-2E1E33693A74}.Release|x64.Build.0 = Release|x64
		{756B2A8F-27AB-4AAE-9A62-2E1E33693A74}.Release|x86.ActiveCfg = Release|Win32
		{756B2A8F-27AB-4AAE-9A62-2E1E33693A74}.Release|x86.Build.0 = Release|Win32
		{32CF5857-27F8-42EB-BD2B-FF7E58B3BB1C}.Debug|x64.ActiveCfg = Debug|x64
		{32CF5857-27F8-42EB-BD2B-FF7E58B3BB1C}.Debug|x64.Build.0 = Debug|x64
		{32CF5857-27F8-42EB-BD2B-FF7E58B3BB1C}.Debug|x86.ActiveCfg = Debug|Win32
		{32CF5857-27F8-42EB-BD2B-FF7E58B3BB1C}.Debug|x86.Build.0 = Debug|Win32
		{32CF5857-27F8-42EB-BD2B-FF7E58B3BB1C}.Release|x64.ActiveCfg = Release|x64
		{32CF5857-27F8-42EB-BD2B-FF7E58B3BB1C}.Release|x64.Build.0 = Release|x64
		{32CF5857-27F8-42EB-BD2B-FF7E58B3BB1C}.Release|x86.ActiveCfg = Release|Win32
		{32CF5857-27F8-42EB-BD2B-FF7E58B3BB1C}.Release|x86.Build.0 = Release|Win32
		{957B397D-B85B-40A1-ADDE-4074DDC7E12F}.Debug|x64.ActiveCfg = Debug|x64
		{957B397D-B85B-40A1-ADDE-4074DDC7E12F}.Debug|x64.Build.0 = Debug|x64
		{957B397D-B85B-40A1-ADDE-4074DDC7E12F}.Debug|x86.ActiveCfg = Debug|Win32
		{957B397D-B85B-40A1-ADDE-4074DDC7E12F}.Debug|x86.Build.0 = Debug|Win32
		{957B397D-B85B-40A1-ADDE-4074DDC7E12F}.Release|x64.ActiveCfg = Release|x64
		{957B397D-B85B-40A1-ADDE-4074DDC7E12F}.Release|x64.Build.0 = Release|x64
		{957B397D-B85B-40A1-ADDE-4074DDC7E12F}.Release|x86.ActiveCfg = Release|Win32
		{957B397D-B85B-40A1-ADDE-4074DDC7E12F}.Release|x86.Build.0 = Release|Win32
		{2FE5FC37-AD6E-441D-93E0-DBDAAF1C23CF}.Debug|x64.ActiveCfg = Debug|x64
		{2FE5FC37-AD6E-441D-93E0-DBDAAF1C23CF}.Debug|x64.Build.0 = Debug|x64
		{2FE5FC37-AD6E-441D-93E0-DBDAAF1C23CF}.Debug|x86.ActiveCfg = Debug|Win32
		{2FE5FC37-AD6E-441D-93E0-DBDAAF1C23CF}.Debug|x86.Build.0 = Debug|Win32
		{2FE5FC37-AD6E-441D-93E0-DBDAAF1C23CF}.Release|x64.ActiveCfg = Release|x64
		{2FE5FC37-AD6E-441D-93E0-DBDAAF1C23CF}.Release|x64.Build.0 = Release|x64
		{2FE5FC37-AD6E-441D-93E0-DBDAAF1C23CF}.Release|x86.ActiveCfg = Release|Win32
		{2FE5FC37-AD6E-441D-93E0-DBDAAF1C23CF}.Release|x86.Build.0 = Release|Win32
		{4D5A0E42-A7F2-4B9C-86A0-22A8214480A7}.Debug|x64.ActiveCfg = Debug|x64
		{4D5A0E42-A7F2-4B9C-86A0-22A8214480A7}.Debug|x64.Build.0 = Debug|x64
		{4D5A0E42-A7F2-4B9C-86A0-22A8214480A7}.Debug|x86.ActiveCfg = Debug|Win32
		{4D5A0E42-A7F2-4B9C-86A0-22A8214480A7}.Debug|x86.Build.0 = Debug|Win32
		{4D5A0E42-A7F2-4B9C-86A0-22A8214480A7}.Release|x64.ActiveCfg = Release|x64
		{4D5A0E42-A7F2-4B9C-86A0-22A8214480A7}.Release|x64.Build.0 = Release|x64
		{4D5A0E42-A7F2-4B9C-86A0-22A8214480A7}.Release|x86.ActiveCfg = Release|Win32
		{4D5A0E42-A7F2-4B9C-86A0-22A8214480A7}.Release|x86.Build.0 = Release|Win32
		{5055CF63-E145-44AF-8BBA-F1E35E8B521A}.Debug|x64.ActiveCfg = Debug|x64
		{5055CF63-E145-44AF-8BBA-F1E35E8B521A}.Debug|x64.Build.0 = Debug|x64
		{5055CF63-E145-44AF-8BBA-F1E35E8B521A}.Debug|x86.ActiveCfg = Debug|Win32
		{5055CF63-E145-44AF-8BBA-F1E35E8B521A}.Debug|x86.Build.0 = Debug|Win32
		{5055CF63-E145-44AF-8BBA-F1E35E8B521A}.Release|x64.ActiveCfg = Release|x64
		{5055CF63-E145-44AF-8BBA-F1E35E8B521A}.Release|x64.Build.0 = Release|x64
		{5055CF63-E145-44AF-8BBA-F1E35E8B521A}.Release|x86.ActiveCfg = Release|Win32
		{5055CF63-E145-44AF-8BBA-F1E35E8B521A}.Release|x86.Build.0 = Release|Win32
		{350A5C18-57EF-4AB1-AD18-15F088B92424}.Debug|x64.ActiveCfg = Debug|x64
		{350A5C18-57EF-4AB1-AD18-15F088B92424}.Debug|x64.Build.0 = Debug|x64
		{350A5C18-57EF-4AB1-AD18-15F088B92424}.Debug|x86.ActiveCfg = Debug|Win32
		{350A5C18-57EF-4AB1-AD18-15F088B92424}.Debug|x86.Build.0 = Debug|Win32
		{350A5C18-57EF-4AB1-AD18-15F088B92424}.Release|x64.ActiveCfg = Release|x64
		{350A5C18-57EF-4AB1-AD18-15F088B92424}.Release|x64.Build.0 = Release|x64
		{350A5C18-57EF-4AB1-AD18-15F088B92424}.Release|x86.ActiveCfg = Release|Win32
		{350A5C18-57EF-4AB1-AD18-15F088B92424}.Release|x86.Build.0 = Release|Win32
		{4E198BDF-F360-4F30-8626-57656FD78C10}.Debug|x64.ActiveCfg = Debug|x64
		{4E198BDF-F360-4F30-8626-57656FD78C10}.Debug|x64.Build.0 = Debug|x64
		{4E198BDF-F360-4F30-8626-57656FD78C10}.Debug|x86.ActiveCfg = Debug|Win32
		{4E198BDF-F360-4F30-8626-57656FD78C10}.Debug|x86.Build.0 = Debug|Win32
		{4E198BDF-F360-4F30-8626-57656FD78C10}.Release|x64.ActiveCfg = Release|x64
		{4E198BDF-F360-4F30-8626-57656FD78C10}.Release|x64.Build.0 = Release|x64
		{4E198BDF-F360-4F30-8626-57656FD78C10}.Release|x86.ActiveCfg = Release|Win32
		{4E198BDF-F360-4F30-8626-57656FD78C10}.Release|x86.Build.0 = Release|Win32
		{627C2DA3-F07E-461A-A0C8-9D86578C1F13}.Debug|x64.ActiveCfg = Debug|x64
		{627C2DA3-F07E-461A-A0C8-9D86578C1F13}.Debug|x64.Build.0 = Debug|x64
		{627C2DA3-F07E-461A-A0C8-9D86578C1F13}.Debug|x86.ActiveCfg = Debug|Win32
		{627C2DA3-F07E-461A-A0C8-9D86578C1F13}.Debug|x86.Build.0 = Debug|Win32
		{627C2DA3-F07E-461A-A0C8-9D86578C1F13}.Release|x64.ActiveCfg = Release|x64
		{627C2DA3-F07E-461A-A0C8-9D86578C1F13}.Release|x64.Build.0 = Release|x64
		{627C2DA3-F07E-461A-A0C8-9D86578C1F13}.Release|x86.ActiveCfg = Release|Win32
		{627C2DA3-F07E-461A-A0C8-9D86578C1F13}.Release|x86.Build.0 = Release|Win32
		{57CB9738-95CF-4C7B-AD7D-5701EE1EDAA6}.Debug|x64.ActiveCfg = Debug|x64
		{57CB9738-95CF-4C7B-AD7D-5701EE1EDAA6}.Debug|x64.Build.0 = Debug|x64
		{57CB9738-95CF-4C7B-AD7D-5701EE1EDAA6}.Debug|x86.ActiveCfg = Debug|Win32
		{57CB9738-95CF-4C7B-AD7D-5701EE1EDAA6}.Debug|x86.Build.0 = Debug|Win32
		{57CB9738-95CF-4C7B-AD7D-5701EE1EDAA6}.Release|x64.ActiveCfg = Release|x64
		{57CB9738-95CF-4C7B-AD7D-5701EE1EDAA6}.Release|x64.Build.0 = Release|x64
		{57CB9738-95CF-4C7B-AD7D-5701EE1EDAA6}.Release|x86.ActiveCfg = Release|Win32
		{57CB9738-95CF-4C7B-AD7D-5701EE1EDAA6}.Release|x86.Build.0 = Release|Win32
		{CB52A64E-D82D-4BE5-9CAC-C55EBBB5283E}.Debug|x64.ActiveCfg = Debug|x64
		{CB52A64E-D82D-4BE5-9CAC-C55EBBB5283E}.Debug|x64.Build.0 = Debug|x64
		{CB52A64E-D82D-4BE5-9CAC-C55EBBB5283E}.Debug|x86.ActiveCfg = Debug|Win32
		{CB52A64E-D82D-4BE5-9CAC-C55EBBB5283E}.Debug|x86.Build.0 = Debug|Win32
		{CB52A64E-D82D-4BE5-9CAC-C55EBBB5283E}.Release|x64.ActiveCfg = Release|x64
		{CB52A64E-D82D-4BE5-9CAC-C55EBBB5283E}.Release|x64.Build.0 = Release|x64
		{CB52A64E-D82D-4BE5-9CAC-C55EBBB5283E}.Release|x86.ActiveCfg = Release|Win32
		{CB52A64E-D82D-4BE5-9CAC-C55EBBB5283E}.Release|x86.Build.0 = Release|Win32
		{F1A9247D-A5B8-4295-ADB2-11B584E9B7AE}.Debug|x64.ActiveCfg = Debug|x64
		{F1A9247D-A5B8-4295-ADB2-11B584E9B7AE}.Debug|x64.Build.0 = Debug|x64
		{F1A9247D-A5B8-4295-ADB2-11B584E9B7AE}.Debug|x86.ActiveCfg = Debug|Win32
		{F1A9247D-A5B8-4295-ADB2-11B584E9B7AE}.Debug|x86.Build.0 = Debug|Win32
		{F1A9247D-A5B8-4295-ADB2-11B584E9B7AE}.Release|x64.ActiveCfg = Release|x64
		{F1A9247D-A5B8-4295-ADB2-11B584E9B7AE}.Release|x64.Build.0 = Release|x64
		{F1A9247D-A5B8-4295-ADB2-11B584E9B7AE}.Release|x86.ActiveCfg = Release|Win32
		{F1A9247D-A5B8-4295-ADB2-11B584E9B7AE}.Release|x86.Build.0 = Release|Win32
		{935DE1D8-E78A-4FD0-9877-03AE83171FBD}.Debug|x64.ActiveCfg = Debug|x64
		{935DE1D8-E78A-4FD0-9877-03AE83171FBD}.Debug|x64.Build.0 = Debug|x64
		{935DE1D8-E78A-4FD0-9877-03AE83171FBD}.Debug|x86.ActiveCfg = Debug|Win32
		{935DE1D8-E78A-4FD0-9877-03AE83171FBD}.Debug|x86.Build.0 = Debug|Win32
		{935DE1D8-E78A-4FD0-9877-03AE83171FBD}.Release|x64.ActiveCfg = Release|x64
		{935DE1D8-E78A-4FD0-9877-03AE83171FBD}.Release|x64.Build.0 = Release|x64
		{935DE1D8-E78A-4FD0-9877-03AE83171FBD}.Release|x86.ActiveCfg = Release|Win32
		{935DE1D8-E78A-4FD0-9877-03AE83171FBD}.Release|x86.Build.0 = Release|Win32
		{37E7D1F8-4B4F-4FC1-B919-59077D4A3CC1}.Debug|x64.ActiveCfg = Debug|x64
		{37E7D1F8-4B4F-4FC1-B919-59077D4A3CC1}.Debug|x64.Build.0 = Debug|x64
		{37E7D1F8-4B4F-4FC1-B919-59077D4A3CC1}.Debug|x86.ActiveCfg = Debug|Win32
		{37E7D1F8-4B4F-4FC1-B919-59077D4A3CC1}.Debug|x86.Build.0 = Debug|Win32
		{37E7D1F8-4B4F-4FC1-B919-59077D4A3CC1}.Release|x64.ActiveCfg = Release|x64
		{37E7D1F8-4B4F-4FC1-B919-59077D4A3CC1}.Release|x64.Build.0 = Release|x64
		{37E7D1F8-4B4F-4FC1-B919-59077D4A3CC1}.Release|x86.ActiveCfg = Release|Win32
		{37E7D1F8-4B4F-4FC1-B919-59077D4A3CC1}.Release|x86.Build.0 = Release|Win32
		{E69E634D-D0E8-499B-B88D-349A0D997BAA}.Debug|x64.ActiveCfg = Debug|x64
		{E69E634D-D0E8-499B-B88D-349A0D997BAA}.Debug|x64.Build.0 = Debug|x64
		{E69E634D-D0E8-499B-B88D-349A0D997BAA}.Debug|x86.ActiveCfg = Debug|Win32
		{E69E634D-D0E8-499B-B88D-349A0D997BAA}.Debug|x86.Build.0 = Debug|Win32
		{E69E634D-D0E8-499B-B88D-349A0D997BAA}.Release|x64.ActiveCfg = Release|x64
		{E69E634D-D0E8-499B-B88D-349A0D997BAA}.Release|x64.Build.0 = Release|x64
		{E69E634D-D0E8-499B-B88D-349A0D997BAA}.Release|x86.ActiveCfg = Release|Win32
		{E69E634D-D0E8-499B-B88D-349A0D997BAA}.Release|x86.Build.0 = Release|Win32
		{3D75B278-F184-44BC-8E15-E60BF71EE318}.Debug|x64.ActiveCfg = Debug|x64
		{3D75B278-F184-44BC-8E15-E60BF71EE318}.Debug|x64.Build.0 = Debug|x64
		{3D75B278-F184-44BC-8E15-E60BF71EE318}.Debug|x86.ActiveCfg = Debug|Win32
		{3D75B278-F184-44BC-8E15-E60BF71EE318}.Debug|x86.Build.0 = Debug|Win32
		{3D75B278-F184-44BC-8E15-E60BF71EE318}.Release|x64.ActiveCfg = Release|x64
		{3D75B278-F184-44BC-8E15-E60BF71EE318}.Release|x64.Build.0 = Release|x64
		{3D75B278-F184-44BC-8E15-E60BF71EE318}.Release|x86.ActiveCfg = Release|Win32
		{3D75B278-F184-44BC-8E15-E60BF71EE318}.Release|x86.Build.0 = Release|Win32
		{6EB28784-4A44-4498-8108-431C086B629E}.Debug|x64.ActiveCfg = Debug|x64
		{6EB28784-4A44-4498-8108-431C086B629E}.Debug|x64.Build.0 = Debug|x64
		{6EB28784-4A44-4498-8108-431C086B629E}.Debug|x86.ActiveCfg = Debug|Win32
		{6EB28784-4A44-4498-8108-431C086B629E}.Debug|x86.Build.0 = Debug|Win32
		{6EB28784-4A44-4498-8108-431C086B629E}.Release|x64.ActiveCfg = Release|x64
		{6EB28784-4A44-4498-8108-431C086B629E}.Release|x64.Build.0 = Release|x64
		{6EB28784-4A44-4498-8108-431C086B629E}.Release|x86.ActiveCfg = Release|Win32
		{6EB28784-4A44-4498-8108-431C086B629E}.Release|x86.Build.0 = Release|Win32
		{38961075-9E33-4474-9E49-32C684962A75}.Debug|x64.ActiveCfg = Debug|x64
		{38961075-9E33-4474-9E49-32C684962A75}.Debug|x64.Build.0 = Debug|x64
		{38961075-9E33-4474-9E49-32C684962A75}.Debug|x86.ActiveCfg = Debug|Win32
		{38961075-9E33-4474-9E49-32C684962A75}.Debug|x86.Build.0 = Debug|Win32
		{38961075-9E33-4474-9E49-32C684962A75}.Release|x64.ActiveCfg = Release|x64
		{38961075-9E33-4474-9E49-32C684962A75}.Release|x64.Build.0 = Release|x64
		{38961075-9E33-4474-9E49-32C684962A75}.Release|x86.ActiveCfg = Release|Win32
		{38961075-9E33-4474-9E49-32C684962A75}.Release|x86.Build.0 = Release|Win32
	EndGlobalSection
	GlobalSection(SolutionProperties) = preSolution
		HideSolutionNode = FALSE
	EndGlobalSection
	GlobalSection(NestedProjects) = preSolution
		{D34BDAF3-4A88-47F0-ABB5-DB88197B8F80} = {1325C870-DF20-4B5F-B99B-5F2C50A24407}
		{3D4C9C72-6862-4340-8621-3D63BA15D76F} = {1325C870-DF20-4B5F-B99B-5F2C50A24407}
		{0DFEBB3B-CC7A-4087-96AC-4F680BCB0C8B} = {6D03BDBF-8106-4282-8A0C-2C30C4299E64}
		{E58C51F5-F554-414B-94FA-D527404A43BA} = {1325C870-DF20-4B5F-B99B-5F2C50A24407}
		{0E5F6B52-7A8D-4E3C-8959-1CFF5313ECE0} = {1325C870-DF20-4B5F-B99B-5F2C50A24407}
		{4D098DD4-D80F-4D50-AA06-35DCAD330F70} = {1325C870-DF20-4B5F-B99B-5F2C50A24407}
		{043F5F20-56DE-4B23-B490-081A12593433} = {1325C870-DF20-4B5F-B99B-5F2C50A24407}
		{9ABE26BF-ABB3-49AF-B029-483B78025549} = {1325C870-DF20-4B5F-B99B-5F2C50A24407}
		{21890A64-2EF8-4528-B454-CA1AA9A373A6} = {1325C870-DF20-4B5F-B99B-5F2C50A24407}
		{FFCB5F40-145E-42AF-910D-1687C49548F4} = {6D03BDBF-8106-4282-8A0C-2C30C4299E64}
		{093BCF35-F392-4230-909E-4BA8CEDFCBE9} = {1325C870-DF20-4B5F-B99B-5F2C50A24407}
		{09BE58AC-3DDA-445E-B25A-9A96965B0157} = {DA45CE62-5EEF-47B7-B32F-AD8F9BEF9F90}
		{BAC86528-1CA4-4DED-A11D-9EC17FF206DB} = {DA45CE62-5EEF-47B7-B32F-AD8F9BEF9F90}
		{FB43C43E-8684-4C31-848C-0D1A29579693} = {65B2A3B6-661C-4877-8D8C-7D2A7B60E352}
		{A05416B7-2409-4974-985F-8FB368A51799} = {1325C870-DF20-4B5F-B99B-5F2C50A24407}
		{78546686-3FC8-4244-B034-347474BA6AA9} = {65B2A3B6-661C-4877-8D8C-7D2A7B60E352}
		{C5F0A169-46B9-426E-B48C-BEEFC5D1F0C4} = {1325C870-DF20-4B5F-B99B-5F2C50A24407}
		{D462F5E7-A8FE-405A-A764-EDEC42623269} = {65B2A3B6-661C-4877-8D8C-7D2A7B60E352}
		{4C43FBDF-755D-4D00-A86B-BCBA8DD1CEF2} = {65B2A3B6-661C-4877-8D8C-7D2A7B60E352}
		{957B397D-B85B-40A1-ADDE-4074DDC7E12F} = {1325C870-DF20-4B5F-B99B-5F2C50A24407}
		{4D5A0E42-A7F2-4B9C-86A0-22A8214480A7} = {1325C870-DF20-4B5F-B99B-5F2C50A24407}
		{5055CF63-E145-44AF-8BBA-F1E35E8B521A} = {1325C870-DF20-4B5F-B99B-5F2C50A24407}
		{350A5C18-57EF-4AB1-AD18-15F088B92424} = {6D03BDBF-8106-4282-8A0C-2C30C4299E64}
		{4E198BDF-F360-4F30-8626-57656FD78C10} = {1325C870-DF20-4B5F-B99B-5F2C50A24407}
		{627C2DA3-F07E-461A-A0C8-9D86578C1F13} = {65B2A3B6-661C-4877-8D8C-7D2A7B60E352}
		{57CB9738-95CF-4C7B-AD7D-5701EE1EDAA6} = {65B2A3B6-661C-4877-8D8C-7D2A7B60E352}
		{CB52A64E-D82D-4BE5-9CAC-C55EBBB5283E} = {1325C870-DF20-4B5F-B99B-5F2C50A24407}
		{F1A9247D-A5B8-4295-ADB2-11B584E9B7AE} = {1325C870-DF20-4B5F-B99B-5F2C50A24407}
	EndGlobalSection
	GlobalSection(ExtensibilityGlobals) = postSolution
		SolutionGuid = {8B01FD9A-9FAE-420E-B4C3-112FD02D47C2}
	EndGlobalSection
EndGlobal
